# THIS IS AN AUTOGENERATED FILE. DO NOT EDIT THIS FILE DIRECTLY.
# yarn lockfile v1


"@esbuild/aix-ppc64@0.25.0":
  version "0.25.0"
  resolved "https://registry.yarnpkg.com/@esbuild/aix-ppc64/-/aix-ppc64-0.25.0.tgz#499600c5e1757a524990d5d92601f0ac3ce87f64"
  integrity sha512-O7vun9Sf8DFjH2UtqK8Ku3LkquL9SZL8OLY1T5NZkA34+wG3OQF7cl4Ql8vdNzM6fzBbYfLaiRLIOZ+2FOCgBQ==

"@esbuild/android-arm64@0.25.0":
  version "0.25.0"
  resolved "https://registry.yarnpkg.com/@esbuild/android-arm64/-/android-arm64-0.25.0.tgz#b9b8231561a1dfb94eb31f4ee056b92a985c324f"
  integrity sha512-grvv8WncGjDSyUBjN9yHXNt+cq0snxXbDxy5pJtzMKGmmpPxeAmAhWxXI+01lU5rwZomDgD3kJwulEnhTRUd6g==

"@esbuild/android-arm@0.25.0":
  version "0.25.0"
  resolved "https://registry.yarnpkg.com/@esbuild/android-arm/-/android-arm-0.25.0.tgz#ca6e7888942505f13e88ac9f5f7d2a72f9facd2b"
  integrity sha512-PTyWCYYiU0+1eJKmw21lWtC+d08JDZPQ5g+kFyxP0V+es6VPPSUhM6zk8iImp2jbV6GwjX4pap0JFbUQN65X1g==

"@esbuild/android-x64@0.25.0":
  version "0.25.0"
  resolved "https://registry.yarnpkg.com/@esbuild/android-x64/-/android-x64-0.25.0.tgz#e765ea753bac442dfc9cb53652ce8bd39d33e163"
  integrity sha512-m/ix7SfKG5buCnxasr52+LI78SQ+wgdENi9CqyCXwjVR2X4Jkz+BpC3le3AoBPYTC9NHklwngVXvbJ9/Akhrfg==

"@esbuild/darwin-arm64@0.25.0":
  version "0.25.0"
  resolved "https://registry.yarnpkg.com/@esbuild/darwin-arm64/-/darwin-arm64-0.25.0.tgz#fa394164b0d89d4fdc3a8a21989af70ef579fa2c"
  integrity sha512-mVwdUb5SRkPayVadIOI78K7aAnPamoeFR2bT5nszFUZ9P8UpK4ratOdYbZZXYSqPKMHfS1wdHCJk1P1EZpRdvw==

"@esbuild/darwin-x64@0.25.0":
  version "0.25.0"
  resolved "https://registry.yarnpkg.com/@esbuild/darwin-x64/-/darwin-x64-0.25.0.tgz#91979d98d30ba6e7d69b22c617cc82bdad60e47a"
  integrity sha512-DgDaYsPWFTS4S3nWpFcMn/33ZZwAAeAFKNHNa1QN0rI4pUjgqf0f7ONmXf6d22tqTY+H9FNdgeaAa+YIFUn2Rg==

"@esbuild/freebsd-arm64@0.25.0":
  version "0.25.0"
  resolved "https://registry.yarnpkg.com/@esbuild/freebsd-arm64/-/freebsd-arm64-0.25.0.tgz#b97e97073310736b430a07b099d837084b85e9ce"
  integrity sha512-VN4ocxy6dxefN1MepBx/iD1dH5K8qNtNe227I0mnTRjry8tj5MRk4zprLEdG8WPyAPb93/e4pSgi1SoHdgOa4w==

"@esbuild/freebsd-x64@0.25.0":
  version "0.25.0"
  resolved "https://registry.yarnpkg.com/@esbuild/freebsd-x64/-/freebsd-x64-0.25.0.tgz#f3b694d0da61d9910ec7deff794d444cfbf3b6e7"
  integrity sha512-mrSgt7lCh07FY+hDD1TxiTyIHyttn6vnjesnPoVDNmDfOmggTLXRv8Id5fNZey1gl/V2dyVK1VXXqVsQIiAk+A==

"@esbuild/linux-arm64@0.25.0":
  version "0.25.0"
  resolved "https://registry.yarnpkg.com/@esbuild/linux-arm64/-/linux-arm64-0.25.0.tgz#f921f699f162f332036d5657cad9036f7a993f73"
  integrity sha512-9QAQjTWNDM/Vk2bgBl17yWuZxZNQIF0OUUuPZRKoDtqF2k4EtYbpyiG5/Dk7nqeK6kIJWPYldkOcBqjXjrUlmg==

"@esbuild/linux-arm@0.25.0":
  version "0.25.0"
  resolved "https://registry.yarnpkg.com/@esbuild/linux-arm/-/linux-arm-0.25.0.tgz#cc49305b3c6da317c900688995a4050e6cc91ca3"
  integrity sha512-vkB3IYj2IDo3g9xX7HqhPYxVkNQe8qTK55fraQyTzTX/fxaDtXiEnavv9geOsonh2Fd2RMB+i5cbhu2zMNWJwg==

"@esbuild/linux-ia32@0.25.0":
  version "0.25.0"
  resolved "https://registry.yarnpkg.com/@esbuild/linux-ia32/-/linux-ia32-0.25.0.tgz#3e0736fcfab16cff042dec806247e2c76e109e19"
  integrity sha512-43ET5bHbphBegyeqLb7I1eYn2P/JYGNmzzdidq/w0T8E2SsYL1U6un2NFROFRg1JZLTzdCoRomg8Rvf9M6W6Gg==

"@esbuild/linux-loong64@0.25.0":
  version "0.25.0"
  resolved "https://registry.yarnpkg.com/@esbuild/linux-loong64/-/linux-loong64-0.25.0.tgz#ea2bf730883cddb9dfb85124232b5a875b8020c7"
  integrity sha512-fC95c/xyNFueMhClxJmeRIj2yrSMdDfmqJnyOY4ZqsALkDrrKJfIg5NTMSzVBr5YW1jf+l7/cndBfP3MSDpoHw==

"@esbuild/linux-mips64el@0.25.0":
  version "0.25.0"
  resolved "https://registry.yarnpkg.com/@esbuild/linux-mips64el/-/linux-mips64el-0.25.0.tgz#4cababb14eede09248980a2d2d8b966464294ff1"
  integrity sha512-nkAMFju7KDW73T1DdH7glcyIptm95a7Le8irTQNO/qtkoyypZAnjchQgooFUDQhNAy4iu08N79W4T4pMBwhPwQ==

"@esbuild/linux-ppc64@0.25.0":
  version "0.25.0"
  resolved "https://registry.yarnpkg.com/@esbuild/linux-ppc64/-/linux-ppc64-0.25.0.tgz#8860a4609914c065373a77242e985179658e1951"
  integrity sha512-NhyOejdhRGS8Iwv+KKR2zTq2PpysF9XqY+Zk77vQHqNbo/PwZCzB5/h7VGuREZm1fixhs4Q/qWRSi5zmAiO4Fw==

"@esbuild/linux-riscv64@0.25.0":
  version "0.25.0"
  resolved "https://registry.yarnpkg.com/@esbuild/linux-riscv64/-/linux-riscv64-0.25.0.tgz#baf26e20bb2d38cfb86ee282dff840c04f4ed987"
  integrity sha512-5S/rbP5OY+GHLC5qXp1y/Mx//e92L1YDqkiBbO9TQOvuFXM+iDqUNG5XopAnXoRH3FjIUDkeGcY1cgNvnXp/kA==

"@esbuild/linux-s390x@0.25.0":
  version "0.25.0"
  resolved "https://registry.yarnpkg.com/@esbuild/linux-s390x/-/linux-s390x-0.25.0.tgz#8323afc0d6cb1b6dc6e9fd21efd9e1542c3640a4"
  integrity sha512-XM2BFsEBz0Fw37V0zU4CXfcfuACMrppsMFKdYY2WuTS3yi8O1nFOhil/xhKTmE1nPmVyvQJjJivgDT+xh8pXJA==

"@esbuild/linux-x64@0.25.0":
  version "0.25.0"
  resolved "https://registry.yarnpkg.com/@esbuild/linux-x64/-/linux-x64-0.25.0.tgz#08fcf60cb400ed2382e9f8e0f5590bac8810469a"
  integrity sha512-9yl91rHw/cpwMCNytUDxwj2XjFpxML0y9HAOH9pNVQDpQrBxHy01Dx+vaMu0N1CKa/RzBD2hB4u//nfc+Sd3Cw==

"@esbuild/netbsd-arm64@0.25.0":
  version "0.25.0"
  resolved "https://registry.yarnpkg.com/@esbuild/netbsd-arm64/-/netbsd-arm64-0.25.0.tgz#935c6c74e20f7224918fbe2e6c6fe865b6c6ea5b"
  integrity sha512-RuG4PSMPFfrkH6UwCAqBzauBWTygTvb1nxWasEJooGSJ/NwRw7b2HOwyRTQIU97Hq37l3npXoZGYMy3b3xYvPw==

"@esbuild/netbsd-x64@0.25.0":
  version "0.25.0"
  resolved "https://registry.yarnpkg.com/@esbuild/netbsd-x64/-/netbsd-x64-0.25.0.tgz#414677cef66d16c5a4d210751eb2881bb9c1b62b"
  integrity sha512-jl+qisSB5jk01N5f7sPCsBENCOlPiS/xptD5yxOx2oqQfyourJwIKLRA2yqWdifj3owQZCL2sn6o08dBzZGQzA==

"@esbuild/openbsd-arm64@0.25.0":
  version "0.25.0"
  resolved "https://registry.yarnpkg.com/@esbuild/openbsd-arm64/-/openbsd-arm64-0.25.0.tgz#8fd55a4d08d25cdc572844f13c88d678c84d13f7"
  integrity sha512-21sUNbq2r84YE+SJDfaQRvdgznTD8Xc0oc3p3iW/a1EVWeNj/SdUCbm5U0itZPQYRuRTW20fPMWMpcrciH2EJw==

"@esbuild/openbsd-x64@0.25.0":
  version "0.25.0"
  resolved "https://registry.yarnpkg.com/@esbuild/openbsd-x64/-/openbsd-x64-0.25.0.tgz#0c48ddb1494bbc2d6bcbaa1429a7f465fa1dedde"
  integrity sha512-2gwwriSMPcCFRlPlKx3zLQhfN/2WjJ2NSlg5TKLQOJdV0mSxIcYNTMhk3H3ulL/cak+Xj0lY1Ym9ysDV1igceg==

"@esbuild/sunos-x64@0.25.0":
  version "0.25.0"
  resolved "https://registry.yarnpkg.com/@esbuild/sunos-x64/-/sunos-x64-0.25.0.tgz#86ff9075d77962b60dd26203d7352f92684c8c92"
  integrity sha512-bxI7ThgLzPrPz484/S9jLlvUAHYMzy6I0XiU1ZMeAEOBcS0VePBFxh1JjTQt3Xiat5b6Oh4x7UC7IwKQKIJRIg==

"@esbuild/win32-arm64@0.25.0":
  version "0.25.0"
  resolved "https://registry.yarnpkg.com/@esbuild/win32-arm64/-/win32-arm64-0.25.0.tgz#849c62327c3229467f5b5cd681bf50588442e96c"
  integrity sha512-ZUAc2YK6JW89xTbXvftxdnYy3m4iHIkDtK3CLce8wg8M2L+YZhIvO1DKpxrd0Yr59AeNNkTiic9YLf6FTtXWMw==

"@esbuild/win32-ia32@0.25.0":
  version "0.25.0"
  resolved "https://registry.yarnpkg.com/@esbuild/win32-ia32/-/win32-ia32-0.25.0.tgz#f62eb480cd7cca088cb65bb46a6db25b725dc079"
  integrity sha512-eSNxISBu8XweVEWG31/JzjkIGbGIJN/TrRoiSVZwZ6pkC6VX4Im/WV2cz559/TXLcYbcrDN8JtKgd9DJVIo8GA==

"@esbuild/win32-x64@0.25.0":
  version "0.25.0"
  resolved "https://registry.yarnpkg.com/@esbuild/win32-x64/-/win32-x64-0.25.0.tgz#c8e119a30a7c8d60b9d2e22d2073722dde3b710b"
  integrity sha512-ZENoHJBxA20C2zFzh6AI4fT6RraMzjYw4xKWemRTRmRVtN9c5DcH9r/f2ihEkMjOW5eGgrwCslG/+Y/3bL+DHQ==

"@fastify/busboy@^2.0.0":
  version "2.1.1"
  resolved "https://registry.yarnpkg.com/@fastify/busboy/-/busboy-2.1.1.tgz#b9da6a878a371829a0502c9b6c1c143ef6663f4d"
  integrity sha512-vBZP4NlzfOlerQTnba4aqZoMhE/a9HY7HRqoOPaETQcSQuWEIyZMHGfVu6w9wGtGK5fED5qRs2DteVCjOH60sA==

"@firebase/analytics-compat@0.2.7":
  version "0.2.7"
  resolved "https://registry.yarnpkg.com/@firebase/analytics-compat/-/analytics-compat-0.2.7.tgz#affad547d6db9c13424950df972019fb0e2ecaeb"
  integrity sha512-17VCly4P0VFBDqaaal7m1nhyYQwsygtaTpSsnc51sFPRrr9XIYtnD8ficon9fneEGEoJQ2g7OtASvhwX9EbK8g==
  dependencies:
    "@firebase/analytics" "0.10.1"
    "@firebase/analytics-types" "0.8.0"
    "@firebase/component" "0.6.5"
    "@firebase/util" "1.9.4"
    tslib "^2.1.0"

"@firebase/analytics-types@0.8.0":
  version "0.8.0"
  resolved "https://registry.yarnpkg.com/@firebase/analytics-types/-/analytics-types-0.8.0.tgz#551e744a29adbc07f557306530a2ec86add6d410"
  integrity sha512-iRP+QKI2+oz3UAh4nPEq14CsEjrjD6a5+fuypjScisAh9kXKFvdJOZJDwk7kikLvWVLGEs9+kIUS4LPQV7VZVw==

"@firebase/analytics@0.10.1":
  version "0.10.1"
  resolved "https://registry.yarnpkg.com/@firebase/analytics/-/analytics-0.10.1.tgz#97d750020c5b3b41fd5191074c683a7a8c8900a5"
  integrity sha512-5mnH1aQa99J5lZMJwTNzIoRc4yGXHf+fOn+EoEWhCDA3XGPweGHcylCbqq+G1wVJmfILL57fohDMa8ftMZ+44g==
  dependencies:
    "@firebase/component" "0.6.5"
    "@firebase/installations" "0.6.5"
    "@firebase/logger" "0.4.0"
    "@firebase/util" "1.9.4"
    tslib "^2.1.0"

"@firebase/app-check-compat@0.3.9":
  version "0.3.9"
  resolved "https://registry.yarnpkg.com/@firebase/app-check-compat/-/app-check-compat-0.3.9.tgz#c67caa1cd5043fecab7f8ba1bc45ab047210ad83"
  integrity sha512-7LxyupQ8XeEHRh72mO+tqm69kHT6KbWi2KtFMGedJ6tNbwzFzojcXESMKN8RpADXbYoQgY3loWMJjMx4r2Zt7w==
  dependencies:
    "@firebase/app-check" "0.8.2"
    "@firebase/app-check-types" "0.5.0"
    "@firebase/component" "0.6.5"
    "@firebase/logger" "0.4.0"
    "@firebase/util" "1.9.4"
    tslib "^2.1.0"

"@firebase/app-check-interop-types@0.3.0":
  version "0.3.0"
  resolved "https://registry.yarnpkg.com/@firebase/app-check-interop-types/-/app-check-interop-types-0.3.0.tgz#b27ea1397cb80427f729e4bbf3a562f2052955c4"
  integrity sha512-xAxHPZPIgFXnI+vb4sbBjZcde7ZluzPPaSK7Lx3/nmuVk4TjZvnL8ONnkd4ERQKL8WePQySU+pRcWkh8rDf5Sg==

"@firebase/app-check-types@0.5.0":
  version "0.5.0"
  resolved "https://registry.yarnpkg.com/@firebase/app-check-types/-/app-check-types-0.5.0.tgz#1b02826213d7ce6a1cf773c329b46ea1c67064f4"
  integrity sha512-uwSUj32Mlubybw7tedRzR24RP8M8JUVR3NPiMk3/Z4bCmgEKTlQBwMXrehDAZ2wF+TsBq0SN1c6ema71U/JPyQ==

"@firebase/app-check@0.8.2":
  version "0.8.2"
  resolved "https://registry.yarnpkg.com/@firebase/app-check/-/app-check-0.8.2.tgz#9ede3558cc7dc1ac8206a772ba692e67daf7e65e"
  integrity sha512-A2B5+ldOguYAeqW1quFN5qNdruSNRrg4W59ag1Eq6QzxuHNIkrE+TrapfrW/z5NYFjCxAYqr/unVCgmk80Dwcg==
  dependencies:
    "@firebase/component" "0.6.5"
    "@firebase/logger" "0.4.0"
    "@firebase/util" "1.9.4"
    tslib "^2.1.0"

"@firebase/app-compat@0.2.29":
  version "0.2.29"
  resolved "https://registry.yarnpkg.com/@firebase/app-compat/-/app-compat-0.2.29.tgz#d55a5800acaebc0a1a0ea33d548bb80dc711ec93"
  integrity sha512-NqUdegXJfwphx9i/2bOE2CTZ55TC9bbDg+iwkxVShsPBJhD3CzQJkFhoDz4ccfbJaKZGsqjY3fisgX5kbDROnA==
  dependencies:
    "@firebase/app" "0.9.29"
    "@firebase/component" "0.6.5"
    "@firebase/logger" "0.4.0"
    "@firebase/util" "1.9.4"
    tslib "^2.1.0"

"@firebase/app-types@0.9.0":
  version "0.9.0"
  resolved "https://registry.yarnpkg.com/@firebase/app-types/-/app-types-0.9.0.tgz#35b5c568341e9e263b29b3d2ba0e9cfc9ec7f01e"
  integrity sha512-AeweANOIo0Mb8GiYm3xhTEBVCmPwTYAu9Hcd2qSkLuga/6+j9b1Jskl5bpiSQWy9eJ/j5pavxj6eYogmnuzm+Q==

"@firebase/app@0.9.29":
  version "0.9.29"
  resolved "https://registry.yarnpkg.com/@firebase/app/-/app-0.9.29.tgz#444280f0ddf1da4b2a974c86a6a8c6405d950fb7"
  integrity sha512-HbKTjfmILklasIu/ij6zKnFf3SgLYXkBDVN7leJfVGmohl+zA7Ig+eXM1ZkT1pyBJ8FTYR+mlOJer/lNEnUCtw==
  dependencies:
    "@firebase/component" "0.6.5"
    "@firebase/logger" "0.4.0"
    "@firebase/util" "1.9.4"
    idb "7.1.1"
    tslib "^2.1.0"

"@firebase/auth-compat@0.5.4":
  version "0.5.4"
  resolved "https://registry.yarnpkg.com/@firebase/auth-compat/-/auth-compat-0.5.4.tgz#a7ae705e5f85e786f280bae87fe06bda2d686d05"
  integrity sha512-EtRVW9s0YsuJv3GnOGDoLUW3Pp9f3HcqWA2WK92E30Qa0FEVRwCSRLVQwn9td+SLVY3AP9gi/auC1q3osd4yCg==
  dependencies:
    "@firebase/auth" "1.6.2"
    "@firebase/auth-types" "0.12.0"
    "@firebase/component" "0.6.5"
    "@firebase/util" "1.9.4"
    tslib "^2.1.0"
    undici "5.28.3"

"@firebase/auth-interop-types@0.2.1":
  version "0.2.1"
  resolved "https://registry.yarnpkg.com/@firebase/auth-interop-types/-/auth-interop-types-0.2.1.tgz#78884f24fa539e34a06c03612c75f222fcc33742"
  integrity sha512-VOaGzKp65MY6P5FI84TfYKBXEPi6LmOCSMMzys6o2BN2LOsqy7pCuZCup7NYnfbk5OkkQKzvIfHOzTm0UDpkyg==

"@firebase/auth-types@0.12.0":
  version "0.12.0"
  resolved "https://registry.yarnpkg.com/@firebase/auth-types/-/auth-types-0.12.0.tgz#f28e1b68ac3b208ad02a15854c585be6da3e8e79"
  integrity sha512-pPwaZt+SPOshK8xNoiQlK5XIrS97kFYc3Rc7xmy373QsOJ9MmqXxLaYssP5Kcds4wd2qK//amx/c+A8O2fVeZA==

"@firebase/auth@1.6.2":
  version "1.6.2"
  resolved "https://registry.yarnpkg.com/@firebase/auth/-/auth-1.6.2.tgz#d8a9a622b8d4e8eb8c42ea544fcf647d0494651c"
  integrity sha512-BFo/Nj1AAbKLbFiUyXCcnT/bSqMJicFOgdTAKzlXvCul7+eUE29vWmzd1g59O3iKAxvv3+fbQYjQVJpNTTHIyw==
  dependencies:
    "@firebase/component" "0.6.5"
    "@firebase/logger" "0.4.0"
    "@firebase/util" "1.9.4"
    tslib "^2.1.0"
    undici "5.28.3"

"@firebase/component@0.6.5":
  version "0.6.5"
  resolved "https://registry.yarnpkg.com/@firebase/component/-/component-0.6.5.tgz#8cc7334f2081d700f2769caaa8dae3ac4c1fe37e"
  integrity sha512-2tVDk1ixi12sbDmmfITK8lxSjmcb73BMF6Qwc3U44hN/J1Fi1QY/Hnnb6klFlbB9/G16a3J3d4nXykye2EADTw==
  dependencies:
    "@firebase/util" "1.9.4"
    tslib "^2.1.0"

"@firebase/database-compat@1.0.3":
  version "1.0.3"
  resolved "https://registry.yarnpkg.com/@firebase/database-compat/-/database-compat-1.0.3.tgz#f7a255af6208d2d4d7af10ec2c9ecd9af4ff52d5"
  integrity sha512-7tHEOcMbK5jJzHWyphPux4osogH/adWwncxdMxdBpB9g1DNIyY4dcz1oJdlkXGM/i/AjUBesZsd5CuwTRTBNTw==
  dependencies:
    "@firebase/component" "0.6.5"
    "@firebase/database" "1.0.3"
    "@firebase/database-types" "1.0.1"
    "@firebase/logger" "0.4.0"
    "@firebase/util" "1.9.4"
    tslib "^2.1.0"

"@firebase/database-types@1.0.1":
  version "1.0.1"
  resolved "https://registry.yarnpkg.com/@firebase/database-types/-/database-types-1.0.1.tgz#1e7cd9fec03f6ca772c019d839cc72d9b2eda63c"
  integrity sha512-Tmcmx5XgiI7UVF/4oGg2P3AOTfq3WKEPsm2yf+uXtN7uG/a4WTWhVMrXGYRY2ZUL1xPxv9V33wQRJ+CcrUhVXw==
  dependencies:
    "@firebase/app-types" "0.9.0"
    "@firebase/util" "1.9.4"

"@firebase/database@1.0.3":
  version "1.0.3"
  resolved "https://registry.yarnpkg.com/@firebase/database/-/database-1.0.3.tgz#88caee93188d28aca355236e9ad69f373f628804"
  integrity sha512-9fjqLt9JzL46gw9+NRqsgQEMjgRwfd8XtzcKqG+UYyhVeFCdVRQ0Wp6Dw/dvYHnbH5vNEKzNv36dcB4p+PIAAA==
  dependencies:
    "@firebase/app-check-interop-types" "0.3.0"
    "@firebase/auth-interop-types" "0.2.1"
    "@firebase/component" "0.6.5"
    "@firebase/logger" "0.4.0"
    "@firebase/util" "1.9.4"
    faye-websocket "0.11.4"
    tslib "^2.1.0"

"@firebase/firestore-compat@0.3.27":
  version "0.3.27"
  resolved "https://registry.yarnpkg.com/@firebase/firestore-compat/-/firestore-compat-0.3.27.tgz#146024bf772f1b6aa65a7b9e17979d59c2fb5fe0"
  integrity sha512-gY2q0fCDJvPg/IurZQbBM7MIVjxA1/LsvfgFOubUTrex5KTY9qm4/2V2R79eAs8Q+b4B8soDtlEjk6L8BW1Crw==
  dependencies:
    "@firebase/component" "0.6.5"
    "@firebase/firestore" "4.5.0"
    "@firebase/firestore-types" "3.0.0"
    "@firebase/util" "1.9.4"
    tslib "^2.1.0"

"@firebase/firestore-types@3.0.0":
  version "3.0.0"
  resolved "https://registry.yarnpkg.com/@firebase/firestore-types/-/firestore-types-3.0.0.tgz#f3440d5a1cc2a722d361b24cefb62ca8b3577af3"
  integrity sha512-Meg4cIezHo9zLamw0ymFYBD4SMjLb+ZXIbuN7T7ddXN6MGoICmOTq3/ltdCGoDCS2u+H1XJs2u/cYp75jsX9Qw==

"@firebase/firestore@4.5.0":
  version "4.5.0"
  resolved "https://registry.yarnpkg.com/@firebase/firestore/-/firestore-4.5.0.tgz#f614495970d897b146c5d6cec17c213db0528497"
  integrity sha512-rXS6v4HbsN6vZQlq2fLW1ZHb+J5SnS+8Zqb/McbKFIrGYjPUZo5CyO75mkgtlR1tCYAwCebaqoEWb6JHgZv/ww==
  dependencies:
    "@firebase/component" "0.6.5"
    "@firebase/logger" "0.4.0"
    "@firebase/util" "1.9.4"
    "@firebase/webchannel-wrapper" "0.10.5"
    "@grpc/grpc-js" "~1.9.0"
    "@grpc/proto-loader" "^0.7.8"
    tslib "^2.1.0"
    undici "5.28.3"

"@firebase/functions-compat@0.3.8":
  version "0.3.8"
  resolved "https://registry.yarnpkg.com/@firebase/functions-compat/-/functions-compat-0.3.8.tgz#a83a7ad2788db48483ccc86a80a12f0d824133da"
  integrity sha512-VDHSw6UOu8RxfgAY/q8e+Jn+9Fh60Fc28yck0yfMsi2e0BiWgonIMWkFspFGGLgOJebTHl+hc+9v91rhzU6xlg==
  dependencies:
    "@firebase/component" "0.6.5"
    "@firebase/functions" "0.11.2"
    "@firebase/functions-types" "0.6.0"
    "@firebase/util" "1.9.4"
    tslib "^2.1.0"

"@firebase/functions-types@0.6.0":
  version "0.6.0"
  resolved "https://registry.yarnpkg.com/@firebase/functions-types/-/functions-types-0.6.0.tgz#ccd7000dc6fc668f5acb4e6a6a042a877a555ef2"
  integrity sha512-hfEw5VJtgWXIRf92ImLkgENqpL6IWpYaXVYiRkFY1jJ9+6tIhWM7IzzwbevwIIud/jaxKVdRzD7QBWfPmkwCYw==

"@firebase/functions@0.11.2":
  version "0.11.2"
  resolved "https://registry.yarnpkg.com/@firebase/functions/-/functions-0.11.2.tgz#bcd10d7e7fa3cd185a6c3efe1776731b0222c14d"
  integrity sha512-2NULTYOZbu0rXczwfYdqQH0w1FmmYrKjTy1YPQSHLCAkMBdfewoKmVm4Lyo2vRn0H9ZndciLY7NszKDFt9MKCQ==
  dependencies:
    "@firebase/app-check-interop-types" "0.3.0"
    "@firebase/auth-interop-types" "0.2.1"
    "@firebase/component" "0.6.5"
    "@firebase/messaging-interop-types" "0.2.0"
    "@firebase/util" "1.9.4"
    tslib "^2.1.0"
    undici "5.28.3"

"@firebase/installations-compat@0.2.5":
  version "0.2.5"
  resolved "https://registry.yarnpkg.com/@firebase/installations-compat/-/installations-compat-0.2.5.tgz#e23ff86dc5a4b856f5f3d3abafeda7362daa38c5"
  integrity sha512-usvoIaog5CHEw082HXLrKAZ1qd4hIC3N/LDe2NqBgI3pkGE/7auLVM4Gn5gvyryp0x8z/IP1+d9fkGUj2OaGLQ==
  dependencies:
    "@firebase/component" "0.6.5"
    "@firebase/installations" "0.6.5"
    "@firebase/installations-types" "0.5.0"
    "@firebase/util" "1.9.4"
    tslib "^2.1.0"

"@firebase/installations-types@0.5.0":
  version "0.5.0"
  resolved "https://registry.yarnpkg.com/@firebase/installations-types/-/installations-types-0.5.0.tgz#2adad64755cd33648519b573ec7ec30f21fb5354"
  integrity sha512-9DP+RGfzoI2jH7gY4SlzqvZ+hr7gYzPODrbzVD82Y12kScZ6ZpRg/i3j6rleto8vTFC8n6Len4560FnV1w2IRg==

"@firebase/installations@0.6.5":
  version "0.6.5"
  resolved "https://registry.yarnpkg.com/@firebase/installations/-/installations-0.6.5.tgz#1d6e0a581747bfaca54f11bf722e1f3da00dcc9c"
  integrity sha512-0xxnQWw8rSRzu0ZOCkZaO+MJ0LkDAfwwTB2Z1SxRK6FAz5xkxD1ZUwM0WbCRni49PKubCrZYOJ6yg7tSjU7AKA==
  dependencies:
    "@firebase/component" "0.6.5"
    "@firebase/util" "1.9.4"
    idb "7.1.1"
    tslib "^2.1.0"

"@firebase/logger@0.4.0":
  version "0.4.0"
  resolved "https://registry.yarnpkg.com/@firebase/logger/-/logger-0.4.0.tgz#15ecc03c452525f9d47318ad9491b81d1810f113"
  integrity sha512-eRKSeykumZ5+cJPdxxJRgAC3G5NknY2GwEbKfymdnXtnT0Ucm4pspfR6GT4MUQEDuJwRVbVcSx85kgJulMoFFA==
  dependencies:
    tslib "^2.1.0"

"@firebase/messaging-compat@0.2.6":
  version "0.2.6"
  resolved "https://registry.yarnpkg.com/@firebase/messaging-compat/-/messaging-compat-0.2.6.tgz#ea89934bff5f048576dc1c4ce87e0c4c2141829b"
  integrity sha512-Q2xC1s4L7Vpss7P7Gy6GuIS+xmJrf/vm9+gX76IK1Bo1TjoKwleCLHt1LHkPz5Rvqg5pTgzzI8qqPhBpZosFCg==
  dependencies:
    "@firebase/component" "0.6.5"
    "@firebase/messaging" "0.12.6"
    "@firebase/util" "1.9.4"
    tslib "^2.1.0"

"@firebase/messaging-interop-types@0.2.0":
  version "0.2.0"
  resolved "https://registry.yarnpkg.com/@firebase/messaging-interop-types/-/messaging-interop-types-0.2.0.tgz#6056f8904a696bf0f7fdcf5f2ca8f008e8f6b064"
  integrity sha512-ujA8dcRuVeBixGR9CtegfpU4YmZf3Lt7QYkcj693FFannwNuZgfAYaTmbJ40dtjB81SAu6tbFPL9YLNT15KmOQ==

"@firebase/messaging@0.12.6":
  version "0.12.6"
  resolved "https://registry.yarnpkg.com/@firebase/messaging/-/messaging-0.12.6.tgz#ac7c59ed39a89e00990e3b6dfd7929e13dd77563"
  integrity sha512-IORsPp9IPWq4j4yEhTOZ6GAGi3gQwGc+4yexmTAlya+qeBRSdRnJg2iIU/aj+tcKDQYr9RQuQPgHHOdFIx//vA==
  dependencies:
    "@firebase/component" "0.6.5"
    "@firebase/installations" "0.6.5"
    "@firebase/messaging-interop-types" "0.2.0"
    "@firebase/util" "1.9.4"
    idb "7.1.1"
    tslib "^2.1.0"

"@firebase/performance-compat@0.2.5":
  version "0.2.5"
  resolved "https://registry.yarnpkg.com/@firebase/performance-compat/-/performance-compat-0.2.5.tgz#9b827b1801fca19d8c379792326c076877ac5b91"
  integrity sha512-jJwJkVyDcIMBaVGrZ6CRGs4m5FCZsWB5QCWYI3FdsHyIa9/TfteNDilxj9wGciF2naFIHDW7TgE69U5dAH9Ktg==
  dependencies:
    "@firebase/component" "0.6.5"
    "@firebase/logger" "0.4.0"
    "@firebase/performance" "0.6.5"
    "@firebase/performance-types" "0.2.0"
    "@firebase/util" "1.9.4"
    tslib "^2.1.0"

"@firebase/performance-types@0.2.0":
  version "0.2.0"
  resolved "https://registry.yarnpkg.com/@firebase/performance-types/-/performance-types-0.2.0.tgz#400685f7a3455970817136d9b48ce07a4b9562ff"
  integrity sha512-kYrbr8e/CYr1KLrLYZZt2noNnf+pRwDq2KK9Au9jHrBMnb0/C9X9yWSXmZkFt4UIdsQknBq8uBB7fsybZdOBTA==

"@firebase/performance@0.6.5":
  version "0.6.5"
  resolved "https://registry.yarnpkg.com/@firebase/performance/-/performance-0.6.5.tgz#5255fb18329719bc1fb2db29262e5ec15cbace06"
  integrity sha512-OzAGcWhOqEFH9GdwUuY0oC5FSlnMejcnmSAhR+EjpI7exdDvixyLyCR4txjSHYNTbumrFBG+EP8GO11CNXRaJA==
  dependencies:
    "@firebase/component" "0.6.5"
    "@firebase/installations" "0.6.5"
    "@firebase/logger" "0.4.0"
    "@firebase/util" "1.9.4"
    tslib "^2.1.0"

"@firebase/remote-config-compat@0.2.5":
  version "0.2.5"
  resolved "https://registry.yarnpkg.com/@firebase/remote-config-compat/-/remote-config-compat-0.2.5.tgz#b6850a45567db5372778668c796a8d49723413f3"
  integrity sha512-ImkNnLuGrD/bylBHDJigSY6LMwRrwt37wQbsGZhWG4QQ6KLzHzSf0nnFRRFvkOZodEUE57Ib8l74d6Yn/6TDUQ==
  dependencies:
    "@firebase/component" "0.6.5"
    "@firebase/logger" "0.4.0"
    "@firebase/remote-config" "0.4.5"
    "@firebase/remote-config-types" "0.3.0"
    "@firebase/util" "1.9.4"
    tslib "^2.1.0"

"@firebase/remote-config-types@0.3.0":
  version "0.3.0"
  resolved "https://registry.yarnpkg.com/@firebase/remote-config-types/-/remote-config-types-0.3.0.tgz#689900dcdb3e5c059e8499b29db393e4e51314b4"
  integrity sha512-RtEH4vdcbXZuZWRZbIRmQVBNsE7VDQpet2qFvq6vwKLBIQRQR5Kh58M4ok3A3US8Sr3rubYnaGqZSurCwI8uMA==

"@firebase/remote-config@0.4.5":
  version "0.4.5"
  resolved "https://registry.yarnpkg.com/@firebase/remote-config/-/remote-config-0.4.5.tgz#1aae1a4639bb0dddc14671c10dcd92c8a83c58c1"
  integrity sha512-rGLqc/4OmxrS39RA9kgwa6JmgWytQuMo+B8pFhmGp3d++x2Hf9j+MLQfhOLyyUo64fNw20J19mLXhrXvKHsjZQ==
  dependencies:
    "@firebase/component" "0.6.5"
    "@firebase/installations" "0.6.5"
    "@firebase/logger" "0.4.0"
    "@firebase/util" "1.9.4"
    tslib "^2.1.0"

"@firebase/storage-compat@0.3.5":
  version "0.3.5"
  resolved "https://registry.yarnpkg.com/@firebase/storage-compat/-/storage-compat-0.3.5.tgz#4c55531dc5aa7d8b5f6c1ed4b5eeee09190072f1"
  integrity sha512-5dJXfY5NxCF5NAk4dLvJqC+m6cgcf0Fr29nrMHwhwI34pBheQq2PdRZqALsqZCES9dnHTuFNlqGQDpLr+Ph4rw==
  dependencies:
    "@firebase/component" "0.6.5"
    "@firebase/storage" "0.12.2"
    "@firebase/storage-types" "0.8.0"
    "@firebase/util" "1.9.4"
    tslib "^2.1.0"

"@firebase/storage-types@0.8.0":
  version "0.8.0"
  resolved "https://registry.yarnpkg.com/@firebase/storage-types/-/storage-types-0.8.0.tgz#f1e40a5361d59240b6e84fac7fbbbb622bfaf707"
  integrity sha512-isRHcGrTs9kITJC0AVehHfpraWFui39MPaU7Eo8QfWlqW7YPymBmRgjDrlOgFdURh6Cdeg07zmkLP5tzTKRSpg==

"@firebase/storage@0.12.2":
  version "0.12.2"
  resolved "https://registry.yarnpkg.com/@firebase/storage/-/storage-0.12.2.tgz#73b1679fca74ec21a0f183beaa1b0b1a50f7e68b"
  integrity sha512-MzanOBcxDx9oOwDaDPMuiYxd6CxcN1xZm+os5uNE3C1itbRKLhM9rzpODDKWzcbnHHFtXk3Q3lsK/d3Xa1WYYw==
  dependencies:
    "@firebase/component" "0.6.5"
    "@firebase/util" "1.9.4"
    tslib "^2.1.0"
    undici "5.28.3"

"@firebase/util@1.9.4":
  version "1.9.4"
  resolved "https://registry.yarnpkg.com/@firebase/util/-/util-1.9.4.tgz#68eee380ab7e7828ec0d8684c46a1abed2d7e334"
  integrity sha512-WLonYmS1FGHT97TsUmRN3qnTh5TeeoJp1Gg5fithzuAgdZOUtsYECfy7/noQ3llaguios8r5BuXSEiK82+UrxQ==
  dependencies:
    tslib "^2.1.0"

"@firebase/webchannel-wrapper@0.10.5":
  version "0.10.5"
  resolved "https://registry.yarnpkg.com/@firebase/webchannel-wrapper/-/webchannel-wrapper-0.10.5.tgz#cd9897680d0a2f1bce8d8c23a590e5874f4617c5"
  integrity sha512-eSkJsnhBWv5kCTSU1tSUVl9mpFu+5NXXunZc83le8GMjMlsWwQArSc7cJJ4yl+aDFY0NGLi0AjZWMn1axOrkRg==

"@grpc/grpc-js@~1.9.0":
  version "1.9.15"
  resolved "https://registry.yarnpkg.com/@grpc/grpc-js/-/grpc-js-1.9.15.tgz#433d7ac19b1754af690ea650ab72190bd700739b"
  integrity sha512-nqE7Hc0AzI+euzUwDAy0aY5hCp10r734gMGRdU+qOPX0XSceI2ULrcXB5U2xSc5VkWwalCj4M7GzCAygZl2KoQ==
  dependencies:
    "@grpc/proto-loader" "^0.7.8"
    "@types/node" ">=12.12.47"

"@grpc/proto-loader@^0.7.8":
  version "0.7.13"
  resolved "https://registry.yarnpkg.com/@grpc/proto-loader/-/proto-loader-0.7.13.tgz#f6a44b2b7c9f7b609f5748c6eac2d420e37670cf"
  integrity sha512-AiXO/bfe9bmxBjxxtYxFAXGZvMaN5s8kO+jBHAJCON8rJoB5YS/D6X7ZNc6XQkuHNmyl4CYaMI1fJ/Gn27RGGw==
  dependencies:
    lodash.camelcase "^4.3.0"
    long "^5.0.0"
    protobufjs "^7.2.5"
    yargs "^17.7.2"

"@protobufjs/aspromise@^1.1.1", "@protobufjs/aspromise@^1.1.2":
  version "1.1.2"
  resolved "https://registry.yarnpkg.com/@protobufjs/aspromise/-/aspromise-1.1.2.tgz#9b8b0cc663d669a7d8f6f5d0893a14d348f30fbf"
  integrity sha512-j+gKExEuLmKwvz3OgROXtrJ2UG2x8Ch2YZUxahh+s1F2HZ+wAceUNLkvy6zKCPVRkU++ZWQrdxsUeQXmcg4uoQ==

"@protobufjs/base64@^1.1.2":
  version "1.1.2"
  resolved "https://registry.yarnpkg.com/@protobufjs/base64/-/base64-1.1.2.tgz#4c85730e59b9a1f1f349047dbf24296034bb2735"
  integrity sha512-AZkcAA5vnN/v4PDqKyMR5lx7hZttPDgClv83E//FMNhR2TMcLUhfRUBHCmSl0oi9zMgDDqRUJkSxO3wm85+XLg==

"@protobufjs/codegen@^2.0.4":
  version "2.0.4"
  resolved "https://registry.yarnpkg.com/@protobufjs/codegen/-/codegen-2.0.4.tgz#7ef37f0d010fb028ad1ad59722e506d9262815cb"
  integrity sha512-YyFaikqM5sH0ziFZCN3xDC7zeGaB/d0IUb9CATugHWbd1FRFwWwt4ld4OYMPWu5a3Xe01mGAULCdqhMlPl29Jg==

"@protobufjs/eventemitter@^1.1.0":
  version "1.1.0"
  resolved "https://registry.yarnpkg.com/@protobufjs/eventemitter/-/eventemitter-1.1.0.tgz#355cbc98bafad5978f9ed095f397621f1d066b70"
  integrity sha512-j9ednRT81vYJ9OfVuXG6ERSTdEL1xVsNgqpkxMsbIabzSo3goCjDIveeGv5d03om39ML71RdmrGNjG5SReBP/Q==

"@protobufjs/fetch@^1.1.0":
  version "1.1.0"
  resolved "https://registry.yarnpkg.com/@protobufjs/fetch/-/fetch-1.1.0.tgz#ba99fb598614af65700c1619ff06d454b0d84c45"
  integrity sha512-lljVXpqXebpsijW71PZaCYeIcE5on1w5DlQy5WH6GLbFryLUrBD4932W/E2BSpfRJWseIL4v/KPgBFxDOIdKpQ==
  dependencies:
    "@protobufjs/aspromise" "^1.1.1"
    "@protobufjs/inquire" "^1.1.0"

"@protobufjs/float@^1.0.2":
  version "1.0.2"
  resolved "https://registry.yarnpkg.com/@protobufjs/float/-/float-1.0.2.tgz#5e9e1abdcb73fc0a7cb8b291df78c8cbd97b87d1"
  integrity sha512-Ddb+kVXlXst9d+R9PfTIxh1EdNkgoRe5tOX6t01f1lYWOvJnSPDBlG241QLzcyPdoNTsblLUdujGSE4RzrTZGQ==

"@protobufjs/inquire@^1.1.0":
  version "1.1.0"
  resolved "https://registry.yarnpkg.com/@protobufjs/inquire/-/inquire-1.1.0.tgz#ff200e3e7cf2429e2dcafc1140828e8cc638f089"
  integrity sha512-kdSefcPdruJiFMVSbn801t4vFK7KB/5gd2fYvrxhuJYg8ILrmn9SKSX2tZdV6V+ksulWqS7aXjBcRXl3wHoD9Q==

"@protobufjs/path@^1.1.2":
  version "1.1.2"
  resolved "https://registry.yarnpkg.com/@protobufjs/path/-/path-1.1.2.tgz#6cc2b20c5c9ad6ad0dccfd21ca7673d8d7fbf68d"
  integrity sha512-6JOcJ5Tm08dOHAbdR3GrvP+yUUfkjG5ePsHYczMFLq3ZmMkAD98cDgcT2iA1lJ9NVwFd4tH/iSSoe44YWkltEA==

"@protobufjs/pool@^1.1.0":
  version "1.1.0"
  resolved "https://registry.yarnpkg.com/@protobufjs/pool/-/pool-1.1.0.tgz#09fd15f2d6d3abfa9b65bc366506d6ad7846ff54"
  integrity sha512-0kELaGSIDBKvcgS4zkjz1PeddatrjYcmMWOlAuAPwAeccUrPHdUqo/J6LiymHHEiJT5NrF1UVwxY14f+fy4WQw==

"@protobufjs/utf8@^1.1.0":
  version "1.1.0"
  resolved "https://registry.yarnpkg.com/@protobufjs/utf8/-/utf8-1.1.0.tgz#a777360b5b39a1a2e5106f8e858f2fd2d060c570"
  integrity sha512-Vvn3zZrhQZkkBE8LSuW3em98c0FwgO4nxzv6OdSxPKJIEKY2bGbHn+mhGIPerzI4twdxaP8/0+06HBpwf345Lw==

"@types/node@>=12.12.47", "@types/node@>=13.7.0":
  version "18.8.2"
  resolved "https://registry.yarnpkg.com/@types/node/-/node-18.8.2.tgz#17d42c6322d917764dd3d2d3a10d7884925de067"
  integrity sha512-cRMwIgdDN43GO4xMWAfJAecYn8wV4JbsOGHNfNUIDiuYkUYAR5ec4Rj7IO2SAhFPEfpPtLtUTbbny/TCT7aDwA==

ansi-regex@^5.0.1:
  version "5.0.1"
  resolved "https://registry.yarnpkg.com/ansi-regex/-/ansi-regex-5.0.1.tgz#082cb2c89c9fe8659a311a53bd6a4dc5301db304"
  integrity sha512-quJQXlTSUGL2LH9SUXo8VwsY4soanhgo6LNSm84E1LBcE8s3O0wpdiRzyR9z/ZZJMlMWv37qOOb9pdJlMUEKFQ==

ansi-styles@^4.0.0:
  version "4.3.0"
  resolved "https://registry.yarnpkg.com/ansi-styles/-/ansi-styles-4.3.0.tgz#edd803628ae71c04c85ae7a0906edad34b648937"
  integrity sha512-zbB9rCJAT1rbjiVDb2hqKFHNYLxgtk8NURxZ3IZwD3F6NtxbXZQCnnSi1Lkx+IDohdPlFp222wVALIheZJQSEg==
  dependencies:
    color-convert "^2.0.1"

cliui@^8.0.1:
  version "8.0.1"
  resolved "https://registry.yarnpkg.com/cliui/-/cliui-8.0.1.tgz#0c04b075db02cbfe60dc8e6cf2f5486b1a3608aa"
  integrity sha512-BSeNnyus75C4//NQ9gQt1/csTXyo/8Sb+afLAkzAptFuMsod9HFokGNudZpi/oQV73hnVK+sR+5PVRMd+Dr7YQ==
  dependencies:
    string-width "^4.2.0"
    strip-ansi "^6.0.1"
    wrap-ansi "^7.0.0"

color-convert@^2.0.1:
  version "2.0.1"
  resolved "https://registry.yarnpkg.com/color-convert/-/color-convert-2.0.1.tgz#72d3a68d598c9bdb3af2ad1e84f21d896abd4de3"
  integrity sha512-RRECPsj7iu/xb5oKYcsFHSppFNnsj/52OVTRKb4zP5onXwVF3zVmmToNcOfGC+CRDpfK/U584fMg38ZHCaElKQ==
  dependencies:
    color-name "~1.1.4"

color-name@~1.1.4:
  version "1.1.4"
  resolved "https://registry.yarnpkg.com/color-name/-/color-name-1.1.4.tgz#c2a09a87acbde69543de6f63fa3995c826c536a2"
  integrity sha512-dOy+3AuW3a2wNbZHIuMZpTcgjGuLU/uBL/ubcZF9OXbDo8ff4O8yVp5Bf0efS8uEoYo5q4Fx7dY9OgQGXgAsQA==

emoji-regex@^8.0.0:
  version "8.0.0"
  resolved "https://registry.yarnpkg.com/emoji-regex/-/emoji-regex-8.0.0.tgz#e818fd69ce5ccfcb404594f842963bf53164cc37"
  integrity sha512-MSjYzcWNOA0ewAHpz0MxpYFvwg6yjy1NG3xteoqz644VCo/RPgnr1/GGt+ic3iJTzQ8Eu3TdM14SawnVUmGE6A==

esbuild@^0.25.0:
  version "0.25.0"
  resolved "https://registry.yarnpkg.com/esbuild/-/esbuild-0.25.0.tgz#0de1787a77206c5a79eeb634a623d39b5006ce92"
  integrity sha512-BXq5mqc8ltbaN34cDqWuYKyNhX8D/Z0J1xdtdQ8UcIIIyJyz+ZMKUt58tF3SrZ85jcfN/PZYhjR5uDQAYNVbuw==
  optionalDependencies:
    "@esbuild/aix-ppc64" "0.25.0"
    "@esbuild/android-arm" "0.25.0"
    "@esbuild/android-arm64" "0.25.0"
    "@esbuild/android-x64" "0.25.0"
    "@esbuild/darwin-arm64" "0.25.0"
    "@esbuild/darwin-x64" "0.25.0"
    "@esbuild/freebsd-arm64" "0.25.0"
    "@esbuild/freebsd-x64" "0.25.0"
    "@esbuild/linux-arm" "0.25.0"
    "@esbuild/linux-arm64" "0.25.0"
    "@esbuild/linux-ia32" "0.25.0"
    "@esbuild/linux-loong64" "0.25.0"
    "@esbuild/linux-mips64el" "0.25.0"
    "@esbuild/linux-ppc64" "0.25.0"
    "@esbuild/linux-riscv64" "0.25.0"
    "@esbuild/linux-s390x" "0.25.0"
    "@esbuild/linux-x64" "0.25.0"
    "@esbuild/netbsd-arm64" "0.25.0"
    "@esbuild/netbsd-x64" "0.25.0"
    "@esbuild/openbsd-arm64" "0.25.0"
    "@esbuild/openbsd-x64" "0.25.0"
    "@esbuild/sunos-x64" "0.25.0"
    "@esbuild/win32-arm64" "0.25.0"
    "@esbuild/win32-ia32" "0.25.0"
    "@esbuild/win32-x64" "0.25.0"

escalade@^3.1.1:
  version "3.1.1"
  resolved "https://registry.yarnpkg.com/escalade/-/escalade-3.1.1.tgz#d8cfdc7000965c5a0174b4a82eaa5c0552742e40"
  integrity sha512-k0er2gUkLf8O0zKJiAhmkTnJlTvINGv7ygDNPbeIsX/TJjGJZHuh9B2UxbsaEkmlEo9MfhrSzmhIlhRlI2GXnw==

faye-websocket@0.11.4:
  version "0.11.4"
  resolved "https://registry.yarnpkg.com/faye-websocket/-/faye-websocket-0.11.4.tgz#7f0d9275cfdd86a1c963dc8b65fcc451edcbb1da"
  integrity sha512-CzbClwlXAuiRQAlUyfqPgvPoNKTckTPGfwZV4ZdAhVcP2lh9KUxJg2b5GkE7XbjKQ3YJnQ9z6D9ntLAlB+tP8g==
  dependencies:
    websocket-driver ">=0.5.1"

firebase@10:
  version "10.9.0"
  resolved "https://registry.yarnpkg.com/firebase/-/firebase-10.9.0.tgz#748899beb0ed8e381864566c223c4208d2306091"
  integrity sha512-R8rDU3mg2dq0uPOoZ5Nc3BeZTbXxBPJS8HcZLtnV0f5/YrmpNsHngzmMHRVB+91T+ViJGVL/42dV23gS9w9ccw==
  dependencies:
    "@firebase/analytics" "0.10.1"
    "@firebase/analytics-compat" "0.2.7"
    "@firebase/app" "0.9.29"
    "@firebase/app-check" "0.8.2"
    "@firebase/app-check-compat" "0.3.9"
    "@firebase/app-compat" "0.2.29"
    "@firebase/app-types" "0.9.0"
    "@firebase/auth" "1.6.2"
    "@firebase/auth-compat" "0.5.4"
    "@firebase/database" "1.0.3"
    "@firebase/database-compat" "1.0.3"
    "@firebase/firestore" "4.5.0"
    "@firebase/firestore-compat" "0.3.27"
    "@firebase/functions" "0.11.2"
    "@firebase/functions-compat" "0.3.8"
    "@firebase/installations" "0.6.5"
    "@firebase/installations-compat" "0.2.5"
    "@firebase/messaging" "0.12.6"
    "@firebase/messaging-compat" "0.2.6"
    "@firebase/performance" "0.6.5"
    "@firebase/performance-compat" "0.2.5"
    "@firebase/remote-config" "0.4.5"
    "@firebase/remote-config-compat" "0.2.5"
    "@firebase/storage" "0.12.2"
    "@firebase/storage-compat" "0.3.5"
    "@firebase/util" "1.9.4"

get-caller-file@^2.0.5:
  version "2.0.5"
  resolved "https://registry.yarnpkg.com/get-caller-file/-/get-caller-file-2.0.5.tgz#4f94412a82db32f36e3b0b9741f8a97feb031f7e"
  integrity sha512-DyFP3BM/3YHTQOCUL/w0OZHR0lpKeGrxotcHWcqNEdnltqFwXVfhEBQ94eIo34AfQpo0rGki4cyIiftY06h2Fg==

http-parser-js@>=0.5.1:
  version "0.5.8"
  resolved "https://registry.yarnpkg.com/http-parser-js/-/http-parser-js-0.5.8.tgz#af23090d9ac4e24573de6f6aecc9d84a48bf20e3"
  integrity sha512-SGeBX54F94Wgu5RH3X5jsDtf4eHyRogWX1XGT3b4HuW3tQPM4AaBzoUji/4AAJNXCEOWZ5O0DgZmJw1947gD5Q==

idb@7.1.1:
  version "7.1.1"
  resolved "https://registry.yarnpkg.com/idb/-/idb-7.1.1.tgz#d910ded866d32c7ced9befc5bfdf36f572ced72b"
  integrity sha512-gchesWBzyvGHRO9W8tzUWFDycow5gwjvFKfyV9FF32Y7F50yZMp7mP+T2mJIWFx49zicqyC4uefHM17o6xKIVQ==

is-fullwidth-code-point@^3.0.0:
  version "3.0.0"
  resolved "https://registry.yarnpkg.com/is-fullwidth-code-point/-/is-fullwidth-code-point-3.0.0.tgz#f116f8064fe90b3f7844a38997c0b75051269f1d"
  integrity sha512-zymm5+u+sCsSWyD9qNaejV3DFvhCKclKdizYaJUuHA83RLjb7nSuGnddCHGv0hk+KY7BMAlsWeK4Ueg6EV6XQg==

lodash.camelcase@^4.3.0:
  version "4.3.0"
  resolved "https://registry.yarnpkg.com/lodash.camelcase/-/lodash.camelcase-4.3.0.tgz#b28aa6288a2b9fc651035c7711f65ab6190331a6"
  integrity sha512-TwuEnCnxbc3rAvhf/LbG7tJUDzhqXyFnv3dtzLOPgCG/hODL7WFnsbwktkD7yUV0RrreP/l1PALq/YSg6VvjlA==

long@^5.0.0:
  version "5.2.0"
  resolved "https://registry.yarnpkg.com/long/-/long-5.2.0.tgz#2696dadf4b4da2ce3f6f6b89186085d94d52fd61"
  integrity sha512-9RTUNjK60eJbx3uz+TEGF7fUr29ZDxR5QzXcyDpeSfeH28S9ycINflOgOlppit5U+4kNTe83KQnMEerw7GmE8w==

protobufjs@^7.2.5:
  version "7.4.0"
  resolved "https://registry.yarnpkg.com/protobufjs/-/protobufjs-7.4.0.tgz#7efe324ce9b3b61c82aae5de810d287bc08a248a"
  integrity sha512-mRUWCc3KUU4w1jU8sGxICXH/gNS94DvI1gxqDvBzhj1JpcsimQkYiOJfwsPUykUI5ZaspFbSgmBLER8IrQ3tqw==
  dependencies:
    "@protobufjs/aspromise" "^1.1.2"
    "@protobufjs/base64" "^1.1.2"
    "@protobufjs/codegen" "^2.0.4"
    "@protobufjs/eventemitter" "^1.1.0"
    "@protobufjs/fetch" "^1.1.0"
    "@protobufjs/float" "^1.0.2"
    "@protobufjs/inquire" "^1.1.0"
    "@protobufjs/path" "^1.1.2"
    "@protobufjs/pool" "^1.1.0"
    "@protobufjs/utf8" "^1.1.0"
    "@types/node" ">=13.7.0"
    long "^5.0.0"

require-directory@^2.1.1:
  version "2.1.1"
  resolved "https://registry.yarnpkg.com/require-directory/-/require-directory-2.1.1.tgz#8c64ad5fd30dab1c976e2344ffe7f792a6a6df42"
  integrity sha512-fGxEI7+wsG9xrvdjsrlmL22OMTTiHRwAMroiEeMgq8gzoLC/PQr7RsRDSTLUg/bZAZtF+TVIkHc6/4RIKrui+Q==

safe-buffer@>=5.1.0:
  version "5.2.1"
  resolved "https://registry.yarnpkg.com/safe-buffer/-/safe-buffer-5.2.1.tgz#1eaf9fa9bdb1fdd4ec75f58f9cdb4e6b7827eec6"
  integrity sha512-rp3So07KcdmmKbGvgaNxQSJr7bGVSVk5S9Eq1F+ppbRo70+YeaDxkw5Dd8NPN+GD6bjnYm2VuPuCXmpuYvmCXQ==

string-width@^4.1.0, string-width@^4.2.0, string-width@^4.2.3:
  version "4.2.3"
  resolved "https://registry.yarnpkg.com/string-width/-/string-width-4.2.3.tgz#269c7117d27b05ad2e536830a8ec895ef9c6d010"
  integrity sha512-wKyQRQpjJ0sIp62ErSZdGsjMJWsap5oRNihHhu6G7JVO/9jIB6UyevL+tXuOqrng8j/cxKTWyWUwvSTriiZz/g==
  dependencies:
    emoji-regex "^8.0.0"
    is-fullwidth-code-point "^3.0.0"
    strip-ansi "^6.0.1"

strip-ansi@^6.0.0, strip-ansi@^6.0.1:
  version "6.0.1"
  resolved "https://registry.yarnpkg.com/strip-ansi/-/strip-ansi-6.0.1.tgz#9e26c63d30f53443e9489495b2105d37b67a85d9"
  integrity sha512-Y38VPSHcqkFrCpFnQ9vuSXmquuv5oXOKpGeT6aGrr3o3Gc9AlVa6JBfUSOCnbxGGZF+/0ooI7KrPuUSztUdU5A==
  dependencies:
    ansi-regex "^5.0.1"

tslib@^2.1.0:
  version "2.4.0"
  resolved "https://registry.yarnpkg.com/tslib/-/tslib-2.4.0.tgz#7cecaa7f073ce680a05847aa77be941098f36dc3"
  integrity sha512-d6xOpEDfsi2CZVlPQzGeux8XMwLT9hssAsaPYExaQMuYskwb+x1x7J371tWlbBdWHroy99KnVB6qIkUbs5X3UQ==

undici@5.28.3:
  version "5.28.3"
  resolved "https://registry.yarnpkg.com/undici/-/undici-5.28.3.tgz#a731e0eff2c3fcfd41c1169a869062be222d1e5b"
  integrity sha512-3ItfzbrhDlINjaP0duwnNsKpDQk3acHI3gVJ1z4fmwMK31k5G9OVIAMLSIaP6w4FaGkaAkN6zaQO9LUvZ1t7VA==
  dependencies:
    "@fastify/busboy" "^2.0.0"

websocket-driver@>=0.5.1:
  version "0.7.4"
  resolved "https://registry.yarnpkg.com/websocket-driver/-/websocket-driver-0.7.4.tgz#89ad5295bbf64b480abcba31e4953aca706f5760"
  integrity sha512-b17KeDIQVjvb0ssuSDF2cYXSg2iztliJ4B9WdsuB6J952qCPKmnVq4DyW5motImXHDC1cBT/1UezrJVsKw5zjg==
  dependencies:
    http-parser-js ">=0.5.1"
    safe-buffer ">=5.1.0"
    websocket-extensions ">=0.1.1"

websocket-extensions@>=0.1.1:
  version "0.1.4"
  resolved "https://registry.yarnpkg.com/websocket-extensions/-/websocket-extensions-0.1.4.tgz#7f8473bc839dfd87608adb95d7eb075211578a42"
  integrity sha512-OqedPIGOfsDlo31UNwYbCFMSaO9m9G/0faIHj5/dZFDMFqPTcx6UwqyOy3COEaEOg/9VsGIpdqn62W5KhoKSpg==

wrap-ansi@^7.0.0:
  version "7.0.0"
  resolved "https://registry.yarnpkg.com/wrap-ansi/-/wrap-ansi-7.0.0.tgz#67e145cff510a6a6984bdf1152911d69d2eb9e43"
  integrity sha512-YVGIj2kamLSTxw6NsZjoBxfSwsn0ycdesmc4p+Q21c5zPuZ1pl+NfxVdxPtdHvmNVOQ6XSYG4AUtyt/Fi7D16Q==
  dependencies:
    ansi-styles "^4.0.0"
    string-width "^4.1.0"
    strip-ansi "^6.0.0"

y18n@^5.0.5:
  version "5.0.8"
  resolved "https://registry.yarnpkg.com/y18n/-/y18n-5.0.8.tgz#7f4934d0f7ca8c56f95314939ddcd2dd91ce1d55"
  integrity sha512-0pfFzegeDWJHJIAmTLRP2DwHjdF5s7jo9tuztdQxAhINCdvS+3nGINqPd00AphqJR/0LhANUS6/+7SCb98YOfA==

yargs-parser@^21.1.1:
  version "21.1.1"
  resolved "https://registry.yarnpkg.com/yargs-parser/-/yargs-parser-21.1.1.tgz#9096bceebf990d21bb31fa9516e0ede294a77d35"
  integrity sha512-tVpsJW7DdjecAiFpbIB1e3qxIQsE6NoPc5/eTdrbbIC4h0LVsWhnoa3g+m2HclBIujHzsxZ4VJVA+GUuc2/LBw==

yargs@^17.7.2:
  version "17.7.2"
  resolved "https://registry.yarnpkg.com/yargs/-/yargs-17.7.2.tgz#991df39aca675a192b816e1e0363f9d75d2aa269"
  integrity sha512-7dSzzRQ++CKnNI/krKnYRV7JKKPUXMEh61soaHKg9mrWEhzFWhFnxPxGl+69cD1Ou63C13NUPCnmIcrvqCuM6w==
  dependencies:
    cliui "^8.0.1"
    escalade "^3.1.1"
    get-caller-file "^2.0.5"
    require-directory "^2.1.1"
    string-width "^4.2.3"
    y18n "^5.0.5"
    yargs-parser "^21.1.1"
