# THIS IS AN AUTOGENERATED FILE. DO NOT EDIT THIS FILE DIRECTLY.
# yarn lockfile v1


"@esbuild/android-arm@0.15.10":
  version "0.15.10"
  resolved "https://registry.yarnpkg.com/@esbuild/android-arm/-/android-arm-0.15.10.tgz#a5f9432eb221afc243c321058ef25fe899886892"
  integrity sha512-FNONeQPy/ox+5NBkcSbYJxoXj9GWu8gVGJTVmUyoOCKQFDTrHVKgNSzChdNt0I8Aj/iKcsDf2r9BFwv+FSNUXg==

"@esbuild/linux-loong64@0.15.10":
  version "0.15.10"
  resolved "https://registry.yarnpkg.com/@esbuild/linux-loong64/-/linux-loong64-0.15.10.tgz#78a42897c2cf8db9fd5f1811f7590393b77774c7"
  integrity sha512-w0Ou3Z83LOYEkwaui2M8VwIp+nLi/NA60lBLMvaJ+vXVMcsARYdEzLNE7RSm4+lSg4zq4d7fAVuzk7PNQ5JFgg==

"@firebase/analytics-compat@0.1.13":
  version "0.1.13"
  resolved "https://registry.yarnpkg.com/@firebase/analytics-compat/-/analytics-compat-0.1.13.tgz#61e1d6f9e4d033c3ed9943d91530eb3e0f382f92"
  integrity sha512-QC1DH/Dwc8fBihn0H+jocBWyE17GF1fOCpCrpAiQ2u16F/NqsVDVG4LjIqdhq963DXaXneNY7oDwa25Up682AA==
  dependencies:
    "@firebase/analytics" "0.8.0"
    "@firebase/analytics-types" "0.7.0"
    "@firebase/component" "0.5.17"
    "@firebase/util" "1.6.3"
    tslib "^2.1.0"

"@firebase/analytics-types@0.7.0":
  version "0.7.0"
  resolved "https://registry.yarnpkg.com/@firebase/analytics-types/-/analytics-types-0.7.0.tgz#91960e7c87ce8bf18cf8dd9e55ccbf5dc3989b5d"
  integrity sha512-DNE2Waiwy5+zZnCfintkDtBfaW6MjIG883474v6Z0K1XZIvl76cLND4iv0YUb48leyF+PJK1KO2XrgHb/KpmhQ==

"@firebase/analytics@0.8.0":
  version "0.8.0"
  resolved "https://registry.yarnpkg.com/@firebase/analytics/-/analytics-0.8.0.tgz#b5d595082f57d33842b1fd9025d88f83065e87fe"
  integrity sha512-wkcwainNm8Cu2xkJpDSHfhBSdDJn86Q1TZNmLWc67VrhZUHXIKXxIqb65/tNUVE+I8+sFiDDNwA+9R3MqTQTaA==
  dependencies:
    "@firebase/component" "0.5.17"
    "@firebase/installations" "0.5.12"
    "@firebase/logger" "0.3.3"
    "@firebase/util" "1.6.3"
    tslib "^2.1.0"

"@firebase/app-check-compat@0.2.12":
  version "0.2.12"
  resolved "https://registry.yarnpkg.com/@firebase/app-check-compat/-/app-check-compat-0.2.12.tgz#e30b2395e3d30f8cfcf3554fc87875f82c1aa086"
  integrity sha512-GFppNLlUyMN9Iq31ME/+GkjRVKlc+MeanzUKQ9UaR73ZsYH3oX3Ja+xjoYgixaVJDDG+ofBYR7ZXTkkQdSR/pw==
  dependencies:
    "@firebase/app-check" "0.5.12"
    "@firebase/app-check-types" "0.4.0"
    "@firebase/component" "0.5.17"
    "@firebase/logger" "0.3.3"
    "@firebase/util" "1.6.3"
    tslib "^2.1.0"

"@firebase/app-check-interop-types@0.1.0":
  version "0.1.0"
  resolved "https://registry.yarnpkg.com/@firebase/app-check-interop-types/-/app-check-interop-types-0.1.0.tgz#83afd9d41f99166c2bdb2d824e5032e9edd8fe53"
  integrity sha512-uZfn9s4uuRsaX5Lwx+gFP3B6YsyOKUE+Rqa6z9ojT4VSRAsZFko9FRn6OxQUA1z5t5d08fY4pf+/+Dkd5wbdbA==

"@firebase/app-check-types@0.4.0":
  version "0.4.0"
  resolved "https://registry.yarnpkg.com/@firebase/app-check-types/-/app-check-types-0.4.0.tgz#7007a9d1d720db20bcf466fe6785c96feaa0a82d"
  integrity sha512-SsWafqMABIOu7zLgWbmwvHGOeQQVQlwm42kwwubsmfLmL4Sf5uGpBfDhQ0CAkpi7bkJ/NwNFKafNDL9prRNP0Q==

"@firebase/app-check@0.5.12":
  version "0.5.12"
  resolved "https://registry.yarnpkg.com/@firebase/app-check/-/app-check-0.5.12.tgz#82f305cc01bfe4d32c35e425941b2eca2ce9f089"
  integrity sha512-l+MmvupSGT/F+I5ei7XjhEfpoL4hLVJr0vUwcG5NEf2hAkQnySli9fnbl9fZu1BJaQ2kthrMmtg1gcbcM9BUCQ==
  dependencies:
    "@firebase/component" "0.5.17"
    "@firebase/logger" "0.3.3"
    "@firebase/util" "1.6.3"
    tslib "^2.1.0"

"@firebase/app-compat@0.1.34":
  version "0.1.34"
  resolved "https://registry.yarnpkg.com/@firebase/app-compat/-/app-compat-0.1.34.tgz#a54fc94e464d3fabe502506a68ab563b53b14624"
  integrity sha512-3XSrHDgtASIH8j6sDngiKykDcqlEM0mYplJTYdyN69ruZ1o0M+bUhIvX9mUoRelWZGT1BcMpFmh/62vz/wN72Q==
  dependencies:
    "@firebase/app" "0.7.33"
    "@firebase/component" "0.5.17"
    "@firebase/logger" "0.3.3"
    "@firebase/util" "1.6.3"
    tslib "^2.1.0"

"@firebase/app-types@0.7.0":
  version "0.7.0"
  resolved "https://registry.yarnpkg.com/@firebase/app-types/-/app-types-0.7.0.tgz#c9e16d1b8bed1a991840b8d2a725fb58d0b5899f"
  integrity sha512-6fbHQwDv2jp/v6bXhBw2eSRbNBpxHcd1NBF864UksSMVIqIyri9qpJB1Mn6sGZE+bnDsSQBC5j2TbMxYsJQkQg==

"@firebase/app@0.7.33":
  version "0.7.33"
  resolved "https://registry.yarnpkg.com/@firebase/app/-/app-0.7.33.tgz#499c6febe8608d68090c4e3a5204004bb995f819"
  integrity sha512-7K7ljuFhbT9uF0gTvuA7ZrpFFnS1eJLplfjJdjDQFWyjD6Cwk0FXNdu75WvoWgywoQCGiVBX8u5Jb437UQIhWQ==
  dependencies:
    "@firebase/component" "0.5.17"
    "@firebase/logger" "0.3.3"
    "@firebase/util" "1.6.3"
    idb "7.0.1"
    tslib "^2.1.0"

"@firebase/auth-compat@0.2.20":
  version "0.2.20"
  resolved "https://registry.yarnpkg.com/@firebase/auth-compat/-/auth-compat-0.2.20.tgz#c5cd1c0abc5825c634adeaf5d767067c53a17c46"
  integrity sha512-UwDxCQ2/+8dTp0oE6CmrR1n5e78H8By3hNBiTtwSqP/H2ZWxn9SfCdGt5PXF6NTnWAZ/0rs490RPM0koCYxkjA==
  dependencies:
    "@firebase/auth" "0.20.7"
    "@firebase/auth-types" "0.11.0"
    "@firebase/component" "0.5.17"
    "@firebase/util" "1.6.3"
    node-fetch "2.6.7"
    selenium-webdriver "4.1.2"
    tslib "^2.1.0"

"@firebase/auth-interop-types@0.1.6":
  version "0.1.6"
  resolved "https://registry.yarnpkg.com/@firebase/auth-interop-types/-/auth-interop-types-0.1.6.tgz#5ce13fc1c527ad36f1bb1322c4492680a6cf4964"
  integrity sha512-etIi92fW3CctsmR9e3sYM3Uqnoq861M0Id9mdOPF6PWIg38BXL5k4upCNBggGUpLIS0H1grMOvy/wn1xymwe2g==

"@firebase/auth-types@0.11.0":
  version "0.11.0"
  resolved "https://registry.yarnpkg.com/@firebase/auth-types/-/auth-types-0.11.0.tgz#b9c73c60ca07945b3bbd7a097633e5f78fa9e886"
  integrity sha512-q7Bt6cx+ySj9elQHTsKulwk3+qDezhzRBFC9zlQ1BjgMueUOnGMcvqmU0zuKlQ4RhLSH7MNAdBV2znVaoN3Vxw==

"@firebase/auth@0.20.7":
  version "0.20.7"
  resolved "https://registry.yarnpkg.com/@firebase/auth/-/auth-0.20.7.tgz#50a79d3dfac802bc8383e8182057deda1595b62b"
  integrity sha512-hKjnMZWOwn/HNSJNLAVmlBRQKRMOHGiD7vTMT2Og4oV8sFwRygxyoC7/OsupCUA6GuC4XsnDP/+WgE9LOcqB2A==
  dependencies:
    "@firebase/component" "0.5.17"
    "@firebase/logger" "0.3.3"
    "@firebase/util" "1.6.3"
    node-fetch "2.6.7"
    selenium-webdriver "4.1.2"
    tslib "^2.1.0"

"@firebase/component@0.5.17":
  version "0.5.17"
  resolved "https://registry.yarnpkg.com/@firebase/component/-/component-0.5.17.tgz#89291f378714df05d44430c524708669380d8ea6"
  integrity sha512-mTM5CBSIlmI+i76qU4+DhuExnWtzcPS3cVgObA3VAjliPPr3GrUlTaaa8KBGfxsD27juQxMsYA0TvCR5X+GQ3Q==
  dependencies:
    "@firebase/util" "1.6.3"
    tslib "^2.1.0"

"@firebase/database-compat@0.2.6":
  version "0.2.6"
  resolved "https://registry.yarnpkg.com/@firebase/database-compat/-/database-compat-0.2.6.tgz#c8f3998f42ff00d01aad82e525e47aca6fe3d282"
  integrity sha512-Ls1BAODaiDYgeJljrIgSuC7JkFIY/HNhhNYebzZSoGQU62RuvnaO3Qgp2EH6h2LzHyRnycNadfh1suROtPaUIA==
  dependencies:
    "@firebase/component" "0.5.17"
    "@firebase/database" "0.13.6"
    "@firebase/database-types" "0.9.13"
    "@firebase/logger" "0.3.3"
    "@firebase/util" "1.6.3"
    tslib "^2.1.0"

"@firebase/database-types@0.9.13":
  version "0.9.13"
  resolved "https://registry.yarnpkg.com/@firebase/database-types/-/database-types-0.9.13.tgz#47c12593ed27a9562f0919b7d3a1f1e00888abc2"
  integrity sha512-dIJ1zGe3EHMhwcvukTOPzYlFYFIG1Et5Znl7s7y/ZTN2/toARRNnsv1qCKvqevIMYKvIrRsYOYfOXDS8l1YIJA==
  dependencies:
    "@firebase/app-types" "0.7.0"
    "@firebase/util" "1.6.3"

"@firebase/database@0.13.6":
  version "0.13.6"
  resolved "https://registry.yarnpkg.com/@firebase/database/-/database-0.13.6.tgz#fb2493d65759400ad155f156def068447ca1bfb1"
  integrity sha512-5IZIBw2LT50Z8mwmKYmdX37p+Gg2HgeJsrruZmRyOSVgbfoY4Pg87n1uFx6qWqDmfL6HwQgwcrrQfVIXE3C5SA==
  dependencies:
    "@firebase/auth-interop-types" "0.1.6"
    "@firebase/component" "0.5.17"
    "@firebase/logger" "0.3.3"
    "@firebase/util" "1.6.3"
    faye-websocket "0.11.4"
    tslib "^2.1.0"

"@firebase/firestore-compat@0.1.25":
  version "0.1.25"
  resolved "https://registry.yarnpkg.com/@firebase/firestore-compat/-/firestore-compat-0.1.25.tgz#77ffdbc49d5734be60762a45c0f4d855772d1e46"
  integrity sha512-Pf7Aa1dzG2/2bmC5kQmNo5U8RtnwGxEysuAJE9T7QrmEyi0RkzYFNp9sSfSIC7kWKhT/KfmGcDcQq4dtL9oFWQ==
  dependencies:
    "@firebase/component" "0.5.17"
    "@firebase/firestore" "3.5.0"
    "@firebase/firestore-types" "2.5.0"
    "@firebase/util" "1.6.3"
    tslib "^2.1.0"

"@firebase/firestore-types@2.5.0":
  version "2.5.0"
  resolved "https://registry.yarnpkg.com/@firebase/firestore-types/-/firestore-types-2.5.0.tgz#16fca40b6980fdb000de86042d7a96635f2bcdd7"
  integrity sha512-I6c2m1zUhZ5SH0cWPmINabDyH5w0PPFHk2UHsjBpKdZllzJZ2TwTkXbDtpHUZNmnc/zAa0WNMNMvcvbb/xJLKA==

"@firebase/firestore@3.5.0":
  version "3.5.0"
  resolved "https://registry.yarnpkg.com/@firebase/firestore/-/firestore-3.5.0.tgz#8938fc8804cd150d154fde7a607a4461b079a62f"
  integrity sha512-ZwpZROpHDAwX4dvthkYv5WTqzWMPDNIVFWifDYpelWclsRN0cBxqLZPzh2wBtOWwMLIOoau7QIltzapqLZaScw==
  dependencies:
    "@firebase/component" "0.5.17"
    "@firebase/logger" "0.3.3"
    "@firebase/util" "1.6.3"
    "@firebase/webchannel-wrapper" "0.7.0"
    "@grpc/grpc-js" "^1.3.2"
    "@grpc/proto-loader" "^0.6.13"
    node-fetch "2.6.7"
    tslib "^2.1.0"

"@firebase/functions-compat@0.2.4":
  version "0.2.4"
  resolved "https://registry.yarnpkg.com/@firebase/functions-compat/-/functions-compat-0.2.4.tgz#afa5d8eefe6d51c7b89e44d9262700b68fbcb73f"
  integrity sha512-Crfn6il1yXGuXkjSd8nKrqR4XxPvuP19g64bXpM6Ix67qOkQg676kyOuww0FF17xN0NSXHfG8Pyf+CUrx8wJ5g==
  dependencies:
    "@firebase/component" "0.5.17"
    "@firebase/functions" "0.8.4"
    "@firebase/functions-types" "0.5.0"
    "@firebase/util" "1.6.3"
    tslib "^2.1.0"

"@firebase/functions-types@0.5.0":
  version "0.5.0"
  resolved "https://registry.yarnpkg.com/@firebase/functions-types/-/functions-types-0.5.0.tgz#b50ba95ccce9e96f7cda453228ffe1684645625b"
  integrity sha512-qza0M5EwX+Ocrl1cYI14zoipUX4gI/Shwqv0C1nB864INAD42Dgv4v94BCyxGHBg2kzlWy8PNafdP7zPO8aJQA==

"@firebase/functions@0.8.4":
  version "0.8.4"
  resolved "https://registry.yarnpkg.com/@firebase/functions/-/functions-0.8.4.tgz#a9b7a10314f286df1ded87d8546fb8d9107a9c06"
  integrity sha512-o1bB0xMyQKe+b246zGnjwHj4R6BH4mU2ZrSaa/3QvTpahUQ3hqYfkZPLOXCU7+vEFxHb3Hd4UUjkFhxoAcPqLA==
  dependencies:
    "@firebase/app-check-interop-types" "0.1.0"
    "@firebase/auth-interop-types" "0.1.6"
    "@firebase/component" "0.5.17"
    "@firebase/messaging-interop-types" "0.1.0"
    "@firebase/util" "1.6.3"
    node-fetch "2.6.7"
    tslib "^2.1.0"

"@firebase/installations-compat@0.1.12":
  version "0.1.12"
  resolved "https://registry.yarnpkg.com/@firebase/installations-compat/-/installations-compat-0.1.12.tgz#d0394127f71aff596cb8bb607840095d1617246e"
  integrity sha512-BIhFpWIn/GkuOa+jnXkp3SDJT2RLYJF6MWpinHIBKFJs7MfrgYZ3zQ1AlhobDEql+bkD1dK4dB5sNcET2T+EyA==
  dependencies:
    "@firebase/component" "0.5.17"
    "@firebase/installations" "0.5.12"
    "@firebase/installations-types" "0.4.0"
    "@firebase/util" "1.6.3"
    tslib "^2.1.0"

"@firebase/installations-types@0.4.0":
  version "0.4.0"
  resolved "https://registry.yarnpkg.com/@firebase/installations-types/-/installations-types-0.4.0.tgz#256782ff9adfb390ac658c25bc32f89635ddce7c"
  integrity sha512-nXxWKQDvBGctuvsizbUEJKfxXU9WAaDhon+j0jpjIfOJkvkj3YHqlLB/HeYjpUn85Pb22BjplpTnDn4Gm9pc3A==

"@firebase/installations@0.5.12":
  version "0.5.12"
  resolved "https://registry.yarnpkg.com/@firebase/installations/-/installations-0.5.12.tgz#1d5764aa6f0b73d9d6d1a81a07eab5cd71a5ea27"
  integrity sha512-Zq43fCE0PB5tGJ3ojzx5RNQzKdej1188qgAk22rwjuhP7npaG/PlJqDG1/V0ZjTLRePZ1xGrfXSPlA17c/vtNw==
  dependencies:
    "@firebase/component" "0.5.17"
    "@firebase/util" "1.6.3"
    idb "7.0.1"
    tslib "^2.1.0"

"@firebase/logger@0.3.3":
  version "0.3.3"
  resolved "https://registry.yarnpkg.com/@firebase/logger/-/logger-0.3.3.tgz#0f724b1e0b166d17ac285aac5c8ec14d136beed4"
  integrity sha512-POTJl07jOKTOevLXrTvJD/VZ0M6PnJXflbAh5J9VGkmtXPXNG6MdZ9fmRgqYhXKTaDId6AQenQ262uwgpdtO0Q==
  dependencies:
    tslib "^2.1.0"

"@firebase/messaging-compat@0.1.16":
  version "0.1.16"
  resolved "https://registry.yarnpkg.com/@firebase/messaging-compat/-/messaging-compat-0.1.16.tgz#4fe4e2c1b496e62f63e815cb242a2ab323cd7899"
  integrity sha512-uG7rWcXJzU8vvlEBFpwG1ndw/GURrrmKcwsHopEWbsPGjMRaVWa7XrdKbvIR7IZohqPzcC/V9L8EeqF4Q4lz8w==
  dependencies:
    "@firebase/component" "0.5.17"
    "@firebase/messaging" "0.9.16"
    "@firebase/util" "1.6.3"
    tslib "^2.1.0"

"@firebase/messaging-interop-types@0.1.0":
  version "0.1.0"
  resolved "https://registry.yarnpkg.com/@firebase/messaging-interop-types/-/messaging-interop-types-0.1.0.tgz#bdac02dd31edd5cb9eec37b1db698ea5e2c1a631"
  integrity sha512-DbvUl/rXAZpQeKBnwz0NYY5OCqr2nFA0Bj28Fmr3NXGqR4PAkfTOHuQlVtLO1Nudo3q0HxAYLa68ZDAcuv2uKQ==

"@firebase/messaging@0.9.16":
  version "0.9.16"
  resolved "https://registry.yarnpkg.com/@firebase/messaging/-/messaging-0.9.16.tgz#96b57ebbb054e57f78585f85f59d521c5ba5cd85"
  integrity sha512-Yl9gGrAvJF6C1gg3+Cr2HxlL6APsDEkrorkFafmSP1l+rg1epZKoOAcKJbSF02Vtb50wfb9FqGGy8tzodgETxg==
  dependencies:
    "@firebase/component" "0.5.17"
    "@firebase/installations" "0.5.12"
    "@firebase/messaging-interop-types" "0.1.0"
    "@firebase/util" "1.6.3"
    idb "7.0.1"
    tslib "^2.1.0"

"@firebase/performance-compat@0.1.12":
  version "0.1.12"
  resolved "https://registry.yarnpkg.com/@firebase/performance-compat/-/performance-compat-0.1.12.tgz#ac50b0cd29bf7f5e1e33c640dba25e2f8db95f0b"
  integrity sha512-IBORzUeGY1MGdZnsix9Mu5z4+C3WHIwalu0usxvygL0EZKHztGG8bppYPGH/b5vvg8QyHs9U+Pn1Ot2jZhffQQ==
  dependencies:
    "@firebase/component" "0.5.17"
    "@firebase/logger" "0.3.3"
    "@firebase/performance" "0.5.12"
    "@firebase/performance-types" "0.1.0"
    "@firebase/util" "1.6.3"
    tslib "^2.1.0"

"@firebase/performance-types@0.1.0":
  version "0.1.0"
  resolved "https://registry.yarnpkg.com/@firebase/performance-types/-/performance-types-0.1.0.tgz#5e6efa9dc81860aee2cb7121b39ae8fa137e69fc"
  integrity sha512-6p1HxrH0mpx+622Ql6fcxFxfkYSBpE3LSuwM7iTtYU2nw91Hj6THC8Bc8z4nboIq7WvgsT/kOTYVVZzCSlXl8w==

"@firebase/performance@0.5.12":
  version "0.5.12"
  resolved "https://registry.yarnpkg.com/@firebase/performance/-/performance-0.5.12.tgz#4eae3eb91eeffb29b996e7908172052d4a901856"
  integrity sha512-MPVTkOkGrm2SMQgI1FPNBm85y2pPqlPb6VDjIMCWkVpAr6G1IZzUT24yEMySRcIlK/Hh7/Qu1Nu5ASRzRuX6+Q==
  dependencies:
    "@firebase/component" "0.5.17"
    "@firebase/installations" "0.5.12"
    "@firebase/logger" "0.3.3"
    "@firebase/util" "1.6.3"
    tslib "^2.1.0"

"@firebase/remote-config-compat@0.1.12":
  version "0.1.12"
  resolved "https://registry.yarnpkg.com/@firebase/remote-config-compat/-/remote-config-compat-0.1.12.tgz#7606752d7bfe2701d58568345ca536beda14ee53"
  integrity sha512-Yz7Gtb2rLa7ykXZX9DnSTId8CXd++jFFLW3foUImrYwJEtWgLJc7gwkRfd1M73IlKGNuQAY+DpUNF0n1dLbecA==
  dependencies:
    "@firebase/component" "0.5.17"
    "@firebase/logger" "0.3.3"
    "@firebase/remote-config" "0.3.11"
    "@firebase/remote-config-types" "0.2.0"
    "@firebase/util" "1.6.3"
    tslib "^2.1.0"

"@firebase/remote-config-types@0.2.0":
  version "0.2.0"
  resolved "https://registry.yarnpkg.com/@firebase/remote-config-types/-/remote-config-types-0.2.0.tgz#1e2759fc01f20b58c564db42196f075844c3d1fd"
  integrity sha512-hqK5sCPeZvcHQ1D6VjJZdW6EexLTXNMJfPdTwbD8NrXUw6UjWC4KWhLK/TSlL0QPsQtcKRkaaoP+9QCgKfMFPw==

"@firebase/remote-config@0.3.11":
  version "0.3.11"
  resolved "https://registry.yarnpkg.com/@firebase/remote-config/-/remote-config-0.3.11.tgz#93c82b5944a20c027f4ee82c145813ca96b430bb"
  integrity sha512-qA84dstrvVpO7rWT/sb2CLv1kjHVmz59SRFPKohJJYFBcPOGK4Pe4FWWhKAE9yg1Gnl0qYAGkahOwNawq3vE0g==
  dependencies:
    "@firebase/component" "0.5.17"
    "@firebase/installations" "0.5.12"
    "@firebase/logger" "0.3.3"
    "@firebase/util" "1.6.3"
    tslib "^2.1.0"

"@firebase/storage-compat@0.1.17":
  version "0.1.17"
  resolved "https://registry.yarnpkg.com/@firebase/storage-compat/-/storage-compat-0.1.17.tgz#da721071e006d066fb9b1cff69481bd59a02346b"
  integrity sha512-nOYmnpI0gwoz5nROseMi9WbmHGf+xumfsOvdPyMZAjy0VqbDnpKIwmTUZQBdR+bLuB5oIkHQsvw9nbb1SH+PzQ==
  dependencies:
    "@firebase/component" "0.5.17"
    "@firebase/storage" "0.9.9"
    "@firebase/storage-types" "0.6.0"
    "@firebase/util" "1.6.3"
    tslib "^2.1.0"

"@firebase/storage-types@0.6.0":
  version "0.6.0"
  resolved "https://registry.yarnpkg.com/@firebase/storage-types/-/storage-types-0.6.0.tgz#0b1af64a2965af46fca138e5b70700e9b7e6312a"
  integrity sha512-1LpWhcCb1ftpkP/akhzjzeFxgVefs6eMD2QeKiJJUGH1qOiows2w5o0sKCUSQrvrRQS1lz3SFGvNR1Ck/gqxeA==

"@firebase/storage@0.9.9":
  version "0.9.9"
  resolved "https://registry.yarnpkg.com/@firebase/storage/-/storage-0.9.9.tgz#3d0080dd130bc3315731483384a7ef7c00f76e22"
  integrity sha512-Zch7srLT2SIh9y2nCVv/4Kne0HULn7OPkmreY70BJTUJ+g5WLRjggBq6x9fV5ls9V38iqMWfn4prxzX8yIc08A==
  dependencies:
    "@firebase/component" "0.5.17"
    "@firebase/util" "1.6.3"
    node-fetch "2.6.7"
    tslib "^2.1.0"

"@firebase/util@1.6.3":
  version "1.6.3"
  resolved "https://registry.yarnpkg.com/@firebase/util/-/util-1.6.3.tgz#76128c1b5684c031823e95f6c08a7fb8560655c6"
  integrity sha512-FujteO6Zjv6v8A4HS+t7c+PjU0Kaxj+rOnka0BsI/twUaCC9t8EQPmXpWZdk7XfszfahJn2pqsflUWUhtUkRlg==
  dependencies:
    tslib "^2.1.0"

"@firebase/webchannel-wrapper@0.7.0":
  version "0.7.0"
  resolved "https://registry.yarnpkg.com/@firebase/webchannel-wrapper/-/webchannel-wrapper-0.7.0.tgz#a928358aac3aca652f417c402950d05a7a81d256"
  integrity sha512-4ACd/c6ushrLuhn0+yjB9hznhnsc2IML6pf0Ulb1Q7w8SvR1jNGPu/Y7i4kvOm6R+WJkMHwyy5z3i3gN+Tawug==

"@grpc/grpc-js@^1.3.2":
  version "1.7.1"
  resolved "https://registry.yarnpkg.com/@grpc/grpc-js/-/grpc-js-1.7.1.tgz#cfac092e61eac6fe0f80d22943f98e1ba45f02a2"
  integrity sha512-GVtMU4oh/TeKkWGzXUEsyZtyvSUIT1z49RtGH1UnEGeL+sLuxKl8QH3KZTlSB329R1sWJmesm5hQ5CxXdYH9dg==
  dependencies:
    "@grpc/proto-loader" "^0.7.0"
    "@types/node" ">=12.12.47"

"@grpc/proto-loader@^0.6.13":
  version "0.6.13"
  resolved "https://registry.yarnpkg.com/@grpc/proto-loader/-/proto-loader-0.6.13.tgz#008f989b72a40c60c96cd4088522f09b05ac66bc"
  integrity sha512-FjxPYDRTn6Ec3V0arm1FtSpmP6V50wuph2yILpyvTKzjc76oDdoihXqM1DzOW5ubvCC8GivfCnNtfaRE8myJ7g==
  dependencies:
    "@types/long" "^4.0.1"
    lodash.camelcase "^4.3.0"
    long "^4.0.0"
    protobufjs "^6.11.3"
    yargs "^16.2.0"

"@grpc/proto-loader@^0.7.0":
  version "0.7.3"
  resolved "https://registry.yarnpkg.com/@grpc/proto-loader/-/proto-loader-0.7.3.tgz#75a6f95b51b85c5078ac7394da93850c32d36bb8"
  integrity sha512-5dAvoZwna2Py3Ef96Ux9jIkp3iZ62TUsV00p3wVBPNX5K178UbNi8Q7gQVqwXT1Yq9RejIGG9G2IPEo93T6RcA==
  dependencies:
    "@types/long" "^4.0.1"
    lodash.camelcase "^4.3.0"
    long "^4.0.0"
    protobufjs "^7.0.0"
    yargs "^16.2.0"

"@protobufjs/aspromise@^1.1.1", "@protobufjs/aspromise@^1.1.2":
  version "1.1.2"
  resolved "https://registry.yarnpkg.com/@protobufjs/aspromise/-/aspromise-1.1.2.tgz#9b8b0cc663d669a7d8f6f5d0893a14d348f30fbf"
  integrity sha512-j+gKExEuLmKwvz3OgROXtrJ2UG2x8Ch2YZUxahh+s1F2HZ+wAceUNLkvy6zKCPVRkU++ZWQrdxsUeQXmcg4uoQ==

"@protobufjs/base64@^1.1.2":
  version "1.1.2"
  resolved "https://registry.yarnpkg.com/@protobufjs/base64/-/base64-1.1.2.tgz#4c85730e59b9a1f1f349047dbf24296034bb2735"
  integrity sha512-AZkcAA5vnN/v4PDqKyMR5lx7hZttPDgClv83E//FMNhR2TMcLUhfRUBHCmSl0oi9zMgDDqRUJkSxO3wm85+XLg==

"@protobufjs/codegen@^2.0.4":
  version "2.0.4"
  resolved "https://registry.yarnpkg.com/@protobufjs/codegen/-/codegen-2.0.4.tgz#7ef37f0d010fb028ad1ad59722e506d9262815cb"
  integrity sha512-YyFaikqM5sH0ziFZCN3xDC7zeGaB/d0IUb9CATugHWbd1FRFwWwt4ld4OYMPWu5a3Xe01mGAULCdqhMlPl29Jg==

"@protobufjs/eventemitter@^1.1.0":
  version "1.1.0"
  resolved "https://registry.yarnpkg.com/@protobufjs/eventemitter/-/eventemitter-1.1.0.tgz#355cbc98bafad5978f9ed095f397621f1d066b70"
  integrity sha512-j9ednRT81vYJ9OfVuXG6ERSTdEL1xVsNgqpkxMsbIabzSo3goCjDIveeGv5d03om39ML71RdmrGNjG5SReBP/Q==

"@protobufjs/fetch@^1.1.0":
  version "1.1.0"
  resolved "https://registry.yarnpkg.com/@protobufjs/fetch/-/fetch-1.1.0.tgz#ba99fb598614af65700c1619ff06d454b0d84c45"
  integrity sha512-lljVXpqXebpsijW71PZaCYeIcE5on1w5DlQy5WH6GLbFryLUrBD4932W/E2BSpfRJWseIL4v/KPgBFxDOIdKpQ==
  dependencies:
    "@protobufjs/aspromise" "^1.1.1"
    "@protobufjs/inquire" "^1.1.0"

"@protobufjs/float@^1.0.2":
  version "1.0.2"
  resolved "https://registry.yarnpkg.com/@protobufjs/float/-/float-1.0.2.tgz#5e9e1abdcb73fc0a7cb8b291df78c8cbd97b87d1"
  integrity sha512-Ddb+kVXlXst9d+R9PfTIxh1EdNkgoRe5tOX6t01f1lYWOvJnSPDBlG241QLzcyPdoNTsblLUdujGSE4RzrTZGQ==

"@protobufjs/inquire@^1.1.0":
  version "1.1.0"
  resolved "https://registry.yarnpkg.com/@protobufjs/inquire/-/inquire-1.1.0.tgz#ff200e3e7cf2429e2dcafc1140828e8cc638f089"
  integrity sha512-kdSefcPdruJiFMVSbn801t4vFK7KB/5gd2fYvrxhuJYg8ILrmn9SKSX2tZdV6V+ksulWqS7aXjBcRXl3wHoD9Q==

"@protobufjs/path@^1.1.2":
  version "1.1.2"
  resolved "https://registry.yarnpkg.com/@protobufjs/path/-/path-1.1.2.tgz#6cc2b20c5c9ad6ad0dccfd21ca7673d8d7fbf68d"
  integrity sha512-6JOcJ5Tm08dOHAbdR3GrvP+yUUfkjG5ePsHYczMFLq3ZmMkAD98cDgcT2iA1lJ9NVwFd4tH/iSSoe44YWkltEA==

"@protobufjs/pool@^1.1.0":
  version "1.1.0"
  resolved "https://registry.yarnpkg.com/@protobufjs/pool/-/pool-1.1.0.tgz#09fd15f2d6d3abfa9b65bc366506d6ad7846ff54"
  integrity sha512-0kELaGSIDBKvcgS4zkjz1PeddatrjYcmMWOlAuAPwAeccUrPHdUqo/J6LiymHHEiJT5NrF1UVwxY14f+fy4WQw==

"@protobufjs/utf8@^1.1.0":
  version "1.1.0"
  resolved "https://registry.yarnpkg.com/@protobufjs/utf8/-/utf8-1.1.0.tgz#a777360b5b39a1a2e5106f8e858f2fd2d060c570"
  integrity sha512-Vvn3zZrhQZkkBE8LSuW3em98c0FwgO4nxzv6OdSxPKJIEKY2bGbHn+mhGIPerzI4twdxaP8/0+06HBpwf345Lw==

"@types/long@^4.0.1":
  version "4.0.2"
  resolved "https://registry.yarnpkg.com/@types/long/-/long-4.0.2.tgz#b74129719fc8d11c01868010082d483b7545591a"
  integrity sha512-MqTGEo5bj5t157U6fA/BiDynNkn0YknVdh48CMPkTSpFTVmvao5UQmm7uEF6xBEo7qIMAlY/JSleYaE6VOdpaA==

"@types/node@>=12.12.47", "@types/node@>=13.7.0":
  version "18.8.2"
  resolved "https://registry.yarnpkg.com/@types/node/-/node-18.8.2.tgz#17d42c6322d917764dd3d2d3a10d7884925de067"
  integrity sha512-cRMwIgdDN43GO4xMWAfJAecYn8wV4JbsOGHNfNUIDiuYkUYAR5ec4Rj7IO2SAhFPEfpPtLtUTbbny/TCT7aDwA==

ansi-regex@^5.0.1:
  version "5.0.1"
  resolved "https://registry.yarnpkg.com/ansi-regex/-/ansi-regex-5.0.1.tgz#082cb2c89c9fe8659a311a53bd6a4dc5301db304"
  integrity sha512-quJQXlTSUGL2LH9SUXo8VwsY4soanhgo6LNSm84E1LBcE8s3O0wpdiRzyR9z/ZZJMlMWv37qOOb9pdJlMUEKFQ==

ansi-styles@^4.0.0:
  version "4.3.0"
  resolved "https://registry.yarnpkg.com/ansi-styles/-/ansi-styles-4.3.0.tgz#edd803628ae71c04c85ae7a0906edad34b648937"
  integrity sha512-zbB9rCJAT1rbjiVDb2hqKFHNYLxgtk8NURxZ3IZwD3F6NtxbXZQCnnSi1Lkx+IDohdPlFp222wVALIheZJQSEg==
  dependencies:
    color-convert "^2.0.1"

balanced-match@^1.0.0:
  version "1.0.2"
  resolved "https://registry.yarnpkg.com/balanced-match/-/balanced-match-1.0.2.tgz#e83e3a7e3f300b34cb9d87f615fa0cbf357690ee"
  integrity sha512-3oSeUO0TMV67hN1AmbXsK4yaqU7tjiHlbxRDZOpH0KW9+CeX4bRAaX0Anxt0tx2MrpRpWwQaPwIlISEJhYU5Pw==

brace-expansion@^1.1.7:
  version "1.1.11"
  resolved "https://registry.yarnpkg.com/brace-expansion/-/brace-expansion-1.1.11.tgz#3c7fcbf529d87226f3d2f52b966ff5271eb441dd"
  integrity sha512-iCuPHDFgrHX7H2vEI/5xpz07zSHB00TpugqhmYtVmMO6518mCuRMoOYFldEBl0g187ufozdaHgWKcYFb61qGiA==
  dependencies:
    balanced-match "^1.0.0"
    concat-map "0.0.1"

cliui@^7.0.2:
  version "7.0.4"
  resolved "https://registry.yarnpkg.com/cliui/-/cliui-7.0.4.tgz#a0265ee655476fc807aea9df3df8df7783808b4f"
  integrity sha512-OcRE68cOsVMXp1Yvonl/fzkQOyjLSu/8bhPDfQt0e0/Eb283TKP20Fs2MqoPsr9SwA595rRCA+QMzYc9nBP+JQ==
  dependencies:
    string-width "^4.2.0"
    strip-ansi "^6.0.0"
    wrap-ansi "^7.0.0"

color-convert@^2.0.1:
  version "2.0.1"
  resolved "https://registry.yarnpkg.com/color-convert/-/color-convert-2.0.1.tgz#72d3a68d598c9bdb3af2ad1e84f21d896abd4de3"
  integrity sha512-RRECPsj7iu/xb5oKYcsFHSppFNnsj/52OVTRKb4zP5onXwVF3zVmmToNcOfGC+CRDpfK/U584fMg38ZHCaElKQ==
  dependencies:
    color-name "~1.1.4"

color-name@~1.1.4:
  version "1.1.4"
  resolved "https://registry.yarnpkg.com/color-name/-/color-name-1.1.4.tgz#c2a09a87acbde69543de6f63fa3995c826c536a2"
  integrity sha512-dOy+3AuW3a2wNbZHIuMZpTcgjGuLU/uBL/ubcZF9OXbDo8ff4O8yVp5Bf0efS8uEoYo5q4Fx7dY9OgQGXgAsQA==

concat-map@0.0.1:
  version "0.0.1"
  resolved "https://registry.yarnpkg.com/concat-map/-/concat-map-0.0.1.tgz#d8a96bd77fd68df7793a73036a3ba0d5405d477b"
  integrity sha512-/Srv4dswyQNBfohGpz9o6Yb3Gz3SrUDqBH5rTuhGR7ahtlbYKnVxw2bCFMRljaA7EXHaXZ8wsHdodFvbkhKmqg==

core-util-is@~1.0.0:
  version "1.0.3"
  resolved "https://registry.yarnpkg.com/core-util-is/-/core-util-is-1.0.3.tgz#a6042d3634c2b27e9328f837b965fac83808db85"
  integrity sha512-ZQBvi1DcpJ4GDqanjucZ2Hj3wEO5pZDS89BWbkcrvdxksJorwUDDZamX9ldFkp9aw2lmBDLgkObEA4DWNJ9FYQ==

emoji-regex@^8.0.0:
  version "8.0.0"
  resolved "https://registry.yarnpkg.com/emoji-regex/-/emoji-regex-8.0.0.tgz#e818fd69ce5ccfcb404594f842963bf53164cc37"
  integrity sha512-MSjYzcWNOA0ewAHpz0MxpYFvwg6yjy1NG3xteoqz644VCo/RPgnr1/GGt+ic3iJTzQ8Eu3TdM14SawnVUmGE6A==

esbuild-android-64@0.15.10:
  version "0.15.10"
  resolved "https://registry.yarnpkg.com/esbuild-android-64/-/esbuild-android-64-0.15.10.tgz#8a59a84acbf2eca96996cadc35642cf055c494f0"
  integrity sha512-UI7krF8OYO1N7JYTgLT9ML5j4+45ra3amLZKx7LO3lmLt1Ibn8t3aZbX5Pu4BjWiqDuJ3m/hsvhPhK/5Y/YpnA==

esbuild-android-arm64@0.15.10:
  version "0.15.10"
  resolved "https://registry.yarnpkg.com/esbuild-android-arm64/-/esbuild-android-arm64-0.15.10.tgz#f453851dc1d8c5409a38cf7613a33852faf4915d"
  integrity sha512-EOt55D6xBk5O05AK8brXUbZmoFj4chM8u3riGflLa6ziEoVvNjRdD7Cnp82NHQGfSHgYR06XsPI8/sMuA/cUwg==

esbuild-darwin-64@0.15.10:
  version "0.15.10"
  resolved "https://registry.yarnpkg.com/esbuild-darwin-64/-/esbuild-darwin-64-0.15.10.tgz#778bd29c8186ff47b176c8af58c08cf0fb8e6b86"
  integrity sha512-hbDJugTicqIm+WKZgp208d7FcXcaK8j2c0l+fqSJ3d2AzQAfjEYDRM3Z2oMeqSJ9uFxyj/muSACLdix7oTstRA==

esbuild-darwin-arm64@0.15.10:
  version "0.15.10"
  resolved "https://registry.yarnpkg.com/esbuild-darwin-arm64/-/esbuild-darwin-arm64-0.15.10.tgz#b30bbefb46dc3c5d4708b0435e52f6456578d6df"
  integrity sha512-M1t5+Kj4IgSbYmunf2BB6EKLkWUq+XlqaFRiGOk8bmBapu9bCDrxjf4kUnWn59Dka3I27EiuHBKd1rSO4osLFQ==

esbuild-freebsd-64@0.15.10:
  version "0.15.10"
  resolved "https://registry.yarnpkg.com/esbuild-freebsd-64/-/esbuild-freebsd-64-0.15.10.tgz#ab301c5f6ded5110dbdd611140bef1a7c2e99236"
  integrity sha512-KMBFMa7C8oc97nqDdoZwtDBX7gfpolkk6Bcmj6YFMrtCMVgoU/x2DI1p74DmYl7CSS6Ppa3xgemrLrr5IjIn0w==

esbuild-freebsd-arm64@0.15.10:
  version "0.15.10"
  resolved "https://registry.yarnpkg.com/esbuild-freebsd-arm64/-/esbuild-freebsd-arm64-0.15.10.tgz#a5b09b867a6ff49110f52343b6f12265db63d43f"
  integrity sha512-m2KNbuCX13yQqLlbSojFMHpewbn8wW5uDS6DxRpmaZKzyq8Dbsku6hHvh2U+BcLwWY4mpgXzFUoENEf7IcioGg==

esbuild-linux-32@0.15.10:
  version "0.15.10"
  resolved "https://registry.yarnpkg.com/esbuild-linux-32/-/esbuild-linux-32-0.15.10.tgz#5282fe9915641caf9c8070e4ba2c3e16d358f837"
  integrity sha512-guXrwSYFAvNkuQ39FNeV4sNkNms1bLlA5vF1H0cazZBOLdLFIny6BhT+TUbK/hdByMQhtWQ5jI9VAmPKbVPu1w==

esbuild-linux-64@0.15.10:
  version "0.15.10"
  resolved "https://registry.yarnpkg.com/esbuild-linux-64/-/esbuild-linux-64-0.15.10.tgz#f3726e85a00149580cb19f8abfabcbb96f5d52bb"
  integrity sha512-jd8XfaSJeucMpD63YNMO1JCrdJhckHWcMv6O233bL4l6ogQKQOxBYSRP/XLWP+6kVTu0obXovuckJDcA0DKtQA==

esbuild-linux-arm64@0.15.10:
  version "0.15.10"
  resolved "https://registry.yarnpkg.com/esbuild-linux-arm64/-/esbuild-linux-arm64-0.15.10.tgz#2f0056e9d5286edb0185b56655caa8c574d8dbe7"
  integrity sha512-GByBi4fgkvZFTHFDYNftu1DQ1GzR23jws0oWyCfhnI7eMOe+wgwWrc78dbNk709Ivdr/evefm2PJiUBMiusS1A==

esbuild-linux-arm@0.15.10:
  version "0.15.10"
  resolved "https://registry.yarnpkg.com/esbuild-linux-arm/-/esbuild-linux-arm-0.15.10.tgz#40a9270da3c8ffa32cf72e24a79883e323dff08d"
  integrity sha512-6N8vThLL/Lysy9y4Ex8XoLQAlbZKUyExCWyayGi2KgTBelKpPgj6RZnUaKri0dHNPGgReJriKVU6+KDGQwn10A==

esbuild-linux-mips64le@0.15.10:
  version "0.15.10"
  resolved "https://registry.yarnpkg.com/esbuild-linux-mips64le/-/esbuild-linux-mips64le-0.15.10.tgz#90ce1c4ee0202edb4ac69807dea77f7e5804abc4"
  integrity sha512-BxP+LbaGVGIdQNJUNF7qpYjEGWb0YyHVSKqYKrn+pTwH/SiHUxFyJYSP3pqkku61olQiSBnSmWZ+YUpj78Tw7Q==

esbuild-linux-ppc64le@0.15.10:
  version "0.15.10"
  resolved "https://registry.yarnpkg.com/esbuild-linux-ppc64le/-/esbuild-linux-ppc64le-0.15.10.tgz#782837ae7bd5b279178106c9dd801755a21fabdf"
  integrity sha512-LoSQCd6498PmninNgqd/BR7z3Bsk/mabImBWuQ4wQgmQEeanzWd5BQU2aNi9mBURCLgyheuZS6Xhrw5luw3OkQ==

esbuild-linux-riscv64@0.15.10:
  version "0.15.10"
  resolved "https://registry.yarnpkg.com/esbuild-linux-riscv64/-/esbuild-linux-riscv64-0.15.10.tgz#d7420d806ece5174f24f4634303146f915ab4207"
  integrity sha512-Lrl9Cr2YROvPV4wmZ1/g48httE8z/5SCiXIyebiB5N8VT7pX3t6meI7TQVHw/wQpqP/AF4SksDuFImPTM7Z32Q==

esbuild-linux-s390x@0.15.10:
  version "0.15.10"
  resolved "https://registry.yarnpkg.com/esbuild-linux-s390x/-/esbuild-linux-s390x-0.15.10.tgz#21fdf0cb3494a7fb520a71934e4dffce67fe47be"
  integrity sha512-ReP+6q3eLVVP2lpRrvl5EodKX7EZ1bS1/z5j6hsluAlZP5aHhk6ghT6Cq3IANvvDdscMMCB4QEbI+AjtvoOFpA==

esbuild-netbsd-64@0.15.10:
  version "0.15.10"
  resolved "https://registry.yarnpkg.com/esbuild-netbsd-64/-/esbuild-netbsd-64-0.15.10.tgz#6c06b3107e3df53de381e6299184d4597db0440f"
  integrity sha512-iGDYtJCMCqldMskQ4eIV+QSS/CuT7xyy9i2/FjpKvxAuCzrESZXiA1L64YNj6/afuzfBe9i8m/uDkFHy257hTw==

esbuild-openbsd-64@0.15.10:
  version "0.15.10"
  resolved "https://registry.yarnpkg.com/esbuild-openbsd-64/-/esbuild-openbsd-64-0.15.10.tgz#4daef5f5d8e74bbda53b65160029445d582570cf"
  integrity sha512-ftMMIwHWrnrYnvuJQRJs/Smlcb28F9ICGde/P3FUTCgDDM0N7WA0o9uOR38f5Xe2/OhNCgkjNeb7QeaE3cyWkQ==

esbuild-sunos-64@0.15.10:
  version "0.15.10"
  resolved "https://registry.yarnpkg.com/esbuild-sunos-64/-/esbuild-sunos-64-0.15.10.tgz#5fe7bef267a02f322fd249a8214d0274937388a7"
  integrity sha512-mf7hBL9Uo2gcy2r3rUFMjVpTaGpFJJE5QTDDqUFf1632FxteYANffDZmKbqX0PfeQ2XjUDE604IcE7OJeoHiyg==

esbuild-windows-32@0.15.10:
  version "0.15.10"
  resolved "https://registry.yarnpkg.com/esbuild-windows-32/-/esbuild-windows-32-0.15.10.tgz#48e3dde25ab0135579a288b30ab6ddef6d1f0b28"
  integrity sha512-ttFVo+Cg8b5+qHmZHbEc8Vl17kCleHhLzgT8X04y8zudEApo0PxPg9Mz8Z2cKH1bCYlve1XL8LkyXGFjtUYeGg==

esbuild-windows-64@0.15.10:
  version "0.15.10"
  resolved "https://registry.yarnpkg.com/esbuild-windows-64/-/esbuild-windows-64-0.15.10.tgz#387a9515bef3fee502d277a5d0a2db49a4ecda05"
  integrity sha512-2H0gdsyHi5x+8lbng3hLbxDWR7mKHWh5BXZGKVG830KUmXOOWFE2YKJ4tHRkejRduOGDrBvHBriYsGtmTv3ntA==

esbuild-windows-arm64@0.15.10:
  version "0.15.10"
  resolved "https://registry.yarnpkg.com/esbuild-windows-arm64/-/esbuild-windows-arm64-0.15.10.tgz#5a6fcf2fa49e895949bf5495cf088ab1b43ae879"
  integrity sha512-S+th4F+F8VLsHLR0zrUcG+Et4hx0RKgK1eyHc08kztmLOES8BWwMiaGdoW9hiXuzznXQ0I/Fg904MNbr11Nktw==

esbuild@^0.15.10:
  version "0.15.10"
  resolved "https://registry.yarnpkg.com/esbuild/-/esbuild-0.15.10.tgz#85c2f8446e9b1fe04fae68daceacba033eedbd42"
  integrity sha512-N7wBhfJ/E5fzn/SpNgX+oW2RLRjwaL8Y0ezqNqhjD6w0H2p0rDuEz2FKZqpqLnO8DCaWumKe8dsC/ljvVSSxng==
  optionalDependencies:
    "@esbuild/android-arm" "0.15.10"
    "@esbuild/linux-loong64" "0.15.10"
    esbuild-android-64 "0.15.10"
    esbuild-android-arm64 "0.15.10"
    esbuild-darwin-64 "0.15.10"
    esbuild-darwin-arm64 "0.15.10"
    esbuild-freebsd-64 "0.15.10"
    esbuild-freebsd-arm64 "0.15.10"
    esbuild-linux-32 "0.15.10"
    esbuild-linux-64 "0.15.10"
    esbuild-linux-arm "0.15.10"
    esbuild-linux-arm64 "0.15.10"
    esbuild-linux-mips64le "0.15.10"
    esbuild-linux-ppc64le "0.15.10"
    esbuild-linux-riscv64 "0.15.10"
    esbuild-linux-s390x "0.15.10"
    esbuild-netbsd-64 "0.15.10"
    esbuild-openbsd-64 "0.15.10"
    esbuild-sunos-64 "0.15.10"
    esbuild-windows-32 "0.15.10"
    esbuild-windows-64 "0.15.10"
    esbuild-windows-arm64 "0.15.10"

escalade@^3.1.1:
  version "3.1.1"
  resolved "https://registry.yarnpkg.com/escalade/-/escalade-3.1.1.tgz#d8cfdc7000965c5a0174b4a82eaa5c0552742e40"
  integrity sha512-k0er2gUkLf8O0zKJiAhmkTnJlTvINGv7ygDNPbeIsX/TJjGJZHuh9B2UxbsaEkmlEo9MfhrSzmhIlhRlI2GXnw==

faye-websocket@0.11.4:
  version "0.11.4"
  resolved "https://registry.yarnpkg.com/faye-websocket/-/faye-websocket-0.11.4.tgz#7f0d9275cfdd86a1c963dc8b65fcc451edcbb1da"
  integrity sha512-CzbClwlXAuiRQAlUyfqPgvPoNKTckTPGfwZV4ZdAhVcP2lh9KUxJg2b5GkE7XbjKQ3YJnQ9z6D9ntLAlB+tP8g==
  dependencies:
    websocket-driver ">=0.5.1"

firebase@9:
  version "9.10.0"
  resolved "https://registry.yarnpkg.com/firebase/-/firebase-9.10.0.tgz#07e22bddce3cc1f380c440edc6286c09ac6cce8f"
  integrity sha512-oSuED6BT+gQrOoXPV/xkxBLMk03A9nDXosW0xy4loQtGRJr9gW6JXgEOr0nmXFMTGzP87CpoC8Kd6y7XKSAeqQ==
  dependencies:
    "@firebase/analytics" "0.8.0"
    "@firebase/analytics-compat" "0.1.13"
    "@firebase/app" "0.7.33"
    "@firebase/app-check" "0.5.12"
    "@firebase/app-check-compat" "0.2.12"
    "@firebase/app-compat" "0.1.34"
    "@firebase/app-types" "0.7.0"
    "@firebase/auth" "0.20.7"
    "@firebase/auth-compat" "0.2.20"
    "@firebase/database" "0.13.6"
    "@firebase/database-compat" "0.2.6"
    "@firebase/firestore" "3.5.0"
    "@firebase/firestore-compat" "0.1.25"
    "@firebase/functions" "0.8.4"
    "@firebase/functions-compat" "0.2.4"
    "@firebase/installations" "0.5.12"
    "@firebase/installations-compat" "0.1.12"
    "@firebase/messaging" "0.9.16"
    "@firebase/messaging-compat" "0.1.16"
    "@firebase/performance" "0.5.12"
    "@firebase/performance-compat" "0.1.12"
    "@firebase/remote-config" "0.3.11"
    "@firebase/remote-config-compat" "0.1.12"
    "@firebase/storage" "0.9.9"
    "@firebase/storage-compat" "0.1.17"
    "@firebase/util" "1.6.3"

fs.realpath@^1.0.0:
  version "1.0.0"
  resolved "https://registry.yarnpkg.com/fs.realpath/-/fs.realpath-1.0.0.tgz#1504ad2523158caa40db4a2787cb01411994ea4f"
  integrity sha512-OO0pH2lK6a0hZnAdau5ItzHPI6pUlvI7jMVnxUQRtw4owF2wk8lOSabtGDCTP4Ggrg2MbGnWO9X8K1t4+fGMDw==

get-caller-file@^2.0.5:
  version "2.0.5"
  resolved "https://registry.yarnpkg.com/get-caller-file/-/get-caller-file-2.0.5.tgz#4f94412a82db32f36e3b0b9741f8a97feb031f7e"
  integrity sha512-DyFP3BM/3YHTQOCUL/w0OZHR0lpKeGrxotcHWcqNEdnltqFwXVfhEBQ94eIo34AfQpo0rGki4cyIiftY06h2Fg==

glob@^7.1.3:
  version "7.2.3"
  resolved "https://registry.yarnpkg.com/glob/-/glob-7.2.3.tgz#b8df0fb802bbfa8e89bd1d938b4e16578ed44f2b"
  integrity sha512-nFR0zLpU2YCaRxwoCJvL6UvCH2JFyFVIvwTLsIf21AuHlMskA1hhTdk+LlYJtOlYt9v6dvszD2BGRqBL+iQK9Q==
  dependencies:
    fs.realpath "^1.0.0"
    inflight "^1.0.4"
    inherits "2"
    minimatch "^3.1.1"
    once "^1.3.0"
    path-is-absolute "^1.0.0"

http-parser-js@>=0.5.1:
  version "0.5.8"
  resolved "https://registry.yarnpkg.com/http-parser-js/-/http-parser-js-0.5.8.tgz#af23090d9ac4e24573de6f6aecc9d84a48bf20e3"
  integrity sha512-SGeBX54F94Wgu5RH3X5jsDtf4eHyRogWX1XGT3b4HuW3tQPM4AaBzoUji/4AAJNXCEOWZ5O0DgZmJw1947gD5Q==

idb@7.0.1:
  version "7.0.1"
  resolved "https://registry.yarnpkg.com/idb/-/idb-7.0.1.tgz#d2875b3a2f205d854ee307f6d196f246fea590a7"
  integrity sha512-UUxlE7vGWK5RfB/fDwEGgRf84DY/ieqNha6msMV99UsEMQhJ1RwbCd8AYBj3QMgnE3VZnfQvm4oKVCJTYlqIgg==

immediate@~3.0.5:
  version "3.0.6"
  resolved "https://registry.yarnpkg.com/immediate/-/immediate-3.0.6.tgz#9db1dbd0faf8de6fbe0f5dd5e56bb606280de69b"
  integrity sha512-XXOFtyqDjNDAQxVfYxuF7g9Il/IbWmmlQg2MYKOH8ExIT1qg6xc4zyS3HaEEATgs1btfzxq15ciUiY7gjSXRGQ==

inflight@^1.0.4:
  version "1.0.6"
  resolved "https://registry.yarnpkg.com/inflight/-/inflight-1.0.6.tgz#49bd6331d7d02d0c09bc910a1075ba8165b56df9"
  integrity sha512-k92I/b08q4wvFscXCLvqfsHCrjrF7yiXsQuIVvVE7N82W3+aqpzuUdBbfhWcy/FZR3/4IgflMgKLOsvPDrGCJA==
  dependencies:
    once "^1.3.0"
    wrappy "1"

inherits@2, inherits@~2.0.3:
  version "2.0.4"
  resolved "https://registry.yarnpkg.com/inherits/-/inherits-2.0.4.tgz#0fa2c64f932917c3433a0ded55363aae37416b7c"
  integrity sha512-k/vGaX4/Yla3WzyMCvTQOXYeIHvqOKtnqBduzTHpzpQZzAskKMhZ2K+EnBiSM9zGSoIFeMpXKxa4dYeZIQqewQ==

is-fullwidth-code-point@^3.0.0:
  version "3.0.0"
  resolved "https://registry.yarnpkg.com/is-fullwidth-code-point/-/is-fullwidth-code-point-3.0.0.tgz#f116f8064fe90b3f7844a38997c0b75051269f1d"
  integrity sha512-zymm5+u+sCsSWyD9qNaejV3DFvhCKclKdizYaJUuHA83RLjb7nSuGnddCHGv0hk+KY7BMAlsWeK4Ueg6EV6XQg==

isarray@~1.0.0:
  version "1.0.0"
  resolved "https://registry.yarnpkg.com/isarray/-/isarray-1.0.0.tgz#bb935d48582cba168c06834957a54a3e07124f11"
  integrity sha512-VLghIWNM6ELQzo7zwmcg0NmTVyWKYjvIeM83yjp0wRDTmUnrM678fQbcKBo6n2CJEF0szoG//ytg+TKla89ALQ==

jszip@^3.6.0:
  version "3.10.1"
  resolved "https://registry.yarnpkg.com/jszip/-/jszip-3.10.1.tgz#34aee70eb18ea1faec2f589208a157d1feb091c2"
  integrity sha512-xXDvecyTpGLrqFrvkrUSoxxfJI5AH7U8zxxtVclpsUtMCq4JQ290LY8AW5c7Ggnr/Y/oK+bQMbqK2qmtk3pN4g==
  dependencies:
    lie "~3.3.0"
    pako "~1.0.2"
    readable-stream "~2.3.6"
    setimmediate "^1.0.5"

lie@~3.3.0:
  version "3.3.0"
  resolved "https://registry.yarnpkg.com/lie/-/lie-3.3.0.tgz#dcf82dee545f46074daf200c7c1c5a08e0f40f6a"
  integrity sha512-UaiMJzeWRlEujzAuw5LokY1L5ecNQYZKfmyZ9L7wDHb/p5etKaxXhohBcrw0EYby+G/NA52vRSN4N39dxHAIwQ==
  dependencies:
    immediate "~3.0.5"

lodash.camelcase@^4.3.0:
  version "4.3.0"
  resolved "https://registry.yarnpkg.com/lodash.camelcase/-/lodash.camelcase-4.3.0.tgz#b28aa6288a2b9fc651035c7711f65ab6190331a6"
  integrity sha512-TwuEnCnxbc3rAvhf/LbG7tJUDzhqXyFnv3dtzLOPgCG/hODL7WFnsbwktkD7yUV0RrreP/l1PALq/YSg6VvjlA==

long@^4.0.0:
  version "4.0.0"
  resolved "https://registry.yarnpkg.com/long/-/long-4.0.0.tgz#9a7b71cfb7d361a194ea555241c92f7468d5bf28"
  integrity sha512-XsP+KhQif4bjX1kbuSiySJFNAehNxgLb6hPRGJ9QsUr8ajHkuXGdrHmFUTUUXhDwVX2R5bY4JNZEwbUiMhV+MA==

long@^5.0.0:
  version "5.2.0"
  resolved "https://registry.yarnpkg.com/long/-/long-5.2.0.tgz#2696dadf4b4da2ce3f6f6b89186085d94d52fd61"
  integrity sha512-9RTUNjK60eJbx3uz+TEGF7fUr29ZDxR5QzXcyDpeSfeH28S9ycINflOgOlppit5U+4kNTe83KQnMEerw7GmE8w==

minimatch@^3.1.1:
  version "3.1.2"
  resolved "https://registry.yarnpkg.com/minimatch/-/minimatch-3.1.2.tgz#19cd194bfd3e428f049a70817c038d89ab4be35b"
  integrity sha512-J7p63hRiAjw1NDEww1W7i37+ByIrOWO5XQQAzZ3VOcL0PNybwpfmV/N05zFAzwQ9USyEcX6t3UO+K5aqBQOIHw==
  dependencies:
    brace-expansion "^1.1.7"

node-fetch@2.6.7:
  version "2.6.7"
  resolved "https://registry.yarnpkg.com/node-fetch/-/node-fetch-2.6.7.tgz#24de9fba827e3b4ae44dc8b20256a379160052ad"
  integrity sha512-ZjMPFEfVx5j+y2yF35Kzx5sF7kDzxuDj6ziH4FFbOp87zKDZNx8yExJIb05OGF4Nlt9IHFIMBkRl41VdvcNdbQ==
  dependencies:
    whatwg-url "^5.0.0"

once@^1.3.0:
  version "1.4.0"
  resolved "https://registry.yarnpkg.com/once/-/once-1.4.0.tgz#583b1aa775961d4b113ac17d9c50baef9dd76bd1"
  integrity sha512-lNaJgI+2Q5URQBkccEKHTQOPaXdUxnZZElQTZY0MFUAuaEqe1E+Nyvgdz/aIyNi6Z9MzO5dv1H8n58/GELp3+w==
  dependencies:
    wrappy "1"

pako@~1.0.2:
  version "1.0.11"
  resolved "https://registry.yarnpkg.com/pako/-/pako-1.0.11.tgz#6c9599d340d54dfd3946380252a35705a6b992bf"
  integrity sha512-4hLB8Py4zZce5s4yd9XzopqwVv/yGNhV1Bl8NTmCq1763HeK2+EwVTv+leGeL13Dnh2wfbqowVPXCIO0z4taYw==

path-is-absolute@^1.0.0:
  version "1.0.1"
  resolved "https://registry.yarnpkg.com/path-is-absolute/-/path-is-absolute-1.0.1.tgz#174b9268735534ffbc7ace6bf53a5a9e1b5c5f5f"
  integrity sha512-AVbw3UJ2e9bq64vSaS9Am0fje1Pa8pbGqTTsmXfaIiMpnr5DlDhfJOuLj9Sf95ZPVDAUerDfEk88MPmPe7UCQg==

process-nextick-args@~2.0.0:
  version "2.0.1"
  resolved "https://registry.yarnpkg.com/process-nextick-args/-/process-nextick-args-2.0.1.tgz#7820d9b16120cc55ca9ae7792680ae7dba6d7fe2"
  integrity sha512-3ouUOpQhtgrbOa17J7+uxOTpITYWaGP7/AhoR3+A+/1e9skrzelGi/dXzEYyvbxubEF6Wn2ypscTKiKJFFn1ag==

protobufjs@^6.11.3:
  version "6.11.3"
  resolved "https://registry.yarnpkg.com/protobufjs/-/protobufjs-6.11.3.tgz#637a527205a35caa4f3e2a9a4a13ddffe0e7af74"
  integrity sha512-xL96WDdCZYdU7Slin569tFX712BxsxslWwAfAhCYjQKGTq7dAU91Lomy6nLLhh/dyGhk/YH4TwTSRxTzhuHyZg==
  dependencies:
    "@protobufjs/aspromise" "^1.1.2"
    "@protobufjs/base64" "^1.1.2"
    "@protobufjs/codegen" "^2.0.4"
    "@protobufjs/eventemitter" "^1.1.0"
    "@protobufjs/fetch" "^1.1.0"
    "@protobufjs/float" "^1.0.2"
    "@protobufjs/inquire" "^1.1.0"
    "@protobufjs/path" "^1.1.2"
    "@protobufjs/pool" "^1.1.0"
    "@protobufjs/utf8" "^1.1.0"
    "@types/long" "^4.0.1"
    "@types/node" ">=13.7.0"
    long "^4.0.0"

protobufjs@^7.0.0:
  version "7.1.2"
  resolved "https://registry.yarnpkg.com/protobufjs/-/protobufjs-7.1.2.tgz#a0cf6aeaf82f5625bffcf5a38b7cd2a7de05890c"
  integrity sha512-4ZPTPkXCdel3+L81yw3dG6+Kq3umdWKh7Dc7GW/CpNk4SX3hK58iPCWeCyhVTDrbkNeKrYNZ7EojM5WDaEWTLQ==
  dependencies:
    "@protobufjs/aspromise" "^1.1.2"
    "@protobufjs/base64" "^1.1.2"
    "@protobufjs/codegen" "^2.0.4"
    "@protobufjs/eventemitter" "^1.1.0"
    "@protobufjs/fetch" "^1.1.0"
    "@protobufjs/float" "^1.0.2"
    "@protobufjs/inquire" "^1.1.0"
    "@protobufjs/path" "^1.1.2"
    "@protobufjs/pool" "^1.1.0"
    "@protobufjs/utf8" "^1.1.0"
    "@types/node" ">=13.7.0"
    long "^5.0.0"

readable-stream@~2.3.6:
  version "2.3.7"
  resolved "https://registry.yarnpkg.com/readable-stream/-/readable-stream-2.3.7.tgz#1eca1cf711aef814c04f62252a36a62f6cb23b57"
  integrity sha512-Ebho8K4jIbHAxnuxi7o42OrZgF/ZTNcsZj6nRKyUmkhLFq8CHItp/fy6hQZuZmP/n3yZ9VBUbp4zz/mX8hmYPw==
  dependencies:
    core-util-is "~1.0.0"
    inherits "~2.0.3"
    isarray "~1.0.0"
    process-nextick-args "~2.0.0"
    safe-buffer "~5.1.1"
    string_decoder "~1.1.1"
    util-deprecate "~1.0.1"

require-directory@^2.1.1:
  version "2.1.1"
  resolved "https://registry.yarnpkg.com/require-directory/-/require-directory-2.1.1.tgz#8c64ad5fd30dab1c976e2344ffe7f792a6a6df42"
  integrity sha512-fGxEI7+wsG9xrvdjsrlmL22OMTTiHRwAMroiEeMgq8gzoLC/PQr7RsRDSTLUg/bZAZtF+TVIkHc6/4RIKrui+Q==

rimraf@^3.0.0:
  version "3.0.2"
  resolved "https://registry.yarnpkg.com/rimraf/-/rimraf-3.0.2.tgz#f1a5402ba6220ad52cc1282bac1ae3aa49fd061a"
  integrity sha512-JZkJMZkAGFFPP2YqXZXPbMlMBgsxzE8ILs4lMIX/2o0L9UBw9O/Y3o6wFw/i9YLapcUJWwqbi3kdxIPdC62TIA==
  dependencies:
    glob "^7.1.3"

safe-buffer@>=5.1.0:
  version "5.2.1"
  resolved "https://registry.yarnpkg.com/safe-buffer/-/safe-buffer-5.2.1.tgz#1eaf9fa9bdb1fdd4ec75f58f9cdb4e6b7827eec6"
  integrity sha512-rp3So07KcdmmKbGvgaNxQSJr7bGVSVk5S9Eq1F+ppbRo70+YeaDxkw5Dd8NPN+GD6bjnYm2VuPuCXmpuYvmCXQ==

safe-buffer@~5.1.0, safe-buffer@~5.1.1:
  version "5.1.2"
  resolved "https://registry.yarnpkg.com/safe-buffer/-/safe-buffer-5.1.2.tgz#991ec69d296e0313747d59bdfd2b745c35f8828d"
  integrity sha512-Gd2UZBJDkXlY7GbJxfsE8/nvKkUEU1G38c1siN6QP6a9PT9MmHB8GnpscSmMJSoF8LOIrt8ud/wPtojys4G6+g==

selenium-webdriver@4.1.2:
  version "4.1.2"
  resolved "https://registry.yarnpkg.com/selenium-webdriver/-/selenium-webdriver-4.1.2.tgz#d463b4335632d2ea41a9e988e435a55dc41f5314"
  integrity sha512-e4Ap8vQvhipgBB8Ry9zBiKGkU6kHKyNnWiavGGLKkrdW81Zv7NVMtFOL/j3yX0G8QScM7XIXijKssNd4EUxSOw==
  dependencies:
    jszip "^3.6.0"
    tmp "^0.2.1"
    ws ">=7.4.6"

setimmediate@^1.0.5:
  version "1.0.5"
  resolved "https://registry.yarnpkg.com/setimmediate/-/setimmediate-1.0.5.tgz#290cbb232e306942d7d7ea9b83732ab7856f8285"
  integrity sha512-MATJdZp8sLqDl/68LfQmbP8zKPLQNV6BIZoIgrscFDQ+RsvK/BxeDQOgyxKKoh0y/8h3BqVFnCqQ/gd+reiIXA==

string-width@^4.1.0, string-width@^4.2.0:
  version "4.2.3"
  resolved "https://registry.yarnpkg.com/string-width/-/string-width-4.2.3.tgz#269c7117d27b05ad2e536830a8ec895ef9c6d010"
  integrity sha512-wKyQRQpjJ0sIp62ErSZdGsjMJWsap5oRNihHhu6G7JVO/9jIB6UyevL+tXuOqrng8j/cxKTWyWUwvSTriiZz/g==
  dependencies:
    emoji-regex "^8.0.0"
    is-fullwidth-code-point "^3.0.0"
    strip-ansi "^6.0.1"

string_decoder@~1.1.1:
  version "1.1.1"
  resolved "https://registry.yarnpkg.com/string_decoder/-/string_decoder-1.1.1.tgz#9cf1611ba62685d7030ae9e4ba34149c3af03fc8"
  integrity sha512-n/ShnvDi6FHbbVfviro+WojiFzv+s8MPMHBczVePfUpDJLwoLT0ht1l4YwBCbi8pJAveEEdnkHyPyTP/mzRfwg==
  dependencies:
    safe-buffer "~5.1.0"

strip-ansi@^6.0.0, strip-ansi@^6.0.1:
  version "6.0.1"
  resolved "https://registry.yarnpkg.com/strip-ansi/-/strip-ansi-6.0.1.tgz#9e26c63d30f53443e9489495b2105d37b67a85d9"
  integrity sha512-Y38VPSHcqkFrCpFnQ9vuSXmquuv5oXOKpGeT6aGrr3o3Gc9AlVa6JBfUSOCnbxGGZF+/0ooI7KrPuUSztUdU5A==
  dependencies:
    ansi-regex "^5.0.1"

tmp@^0.2.1:
  version "0.2.1"
  resolved "https://registry.yarnpkg.com/tmp/-/tmp-0.2.1.tgz#8457fc3037dcf4719c251367a1af6500ee1ccf14"
  integrity sha512-76SUhtfqR2Ijn+xllcI5P1oyannHNHByD80W1q447gU3mp9G9PSpGdWmjUOHRDPiHYacIk66W7ubDTuPF3BEtQ==
  dependencies:
    rimraf "^3.0.0"

tr46@~0.0.3:
  version "0.0.3"
  resolved "https://registry.yarnpkg.com/tr46/-/tr46-0.0.3.tgz#8184fd347dac9cdc185992f3a6622e14b9d9ab6a"
  integrity sha512-N3WMsuqV66lT30CrXNbEjx4GEwlow3v6rr4mCcv6prnfwhS01rkgyFdjPNBYd9br7LpXV1+Emh01fHnq2Gdgrw==

tslib@^2.1.0:
  version "2.4.0"
  resolved "https://registry.yarnpkg.com/tslib/-/tslib-2.4.0.tgz#7cecaa7f073ce680a05847aa77be941098f36dc3"
  integrity sha512-d6xOpEDfsi2CZVlPQzGeux8XMwLT9hssAsaPYExaQMuYskwb+x1x7J371tWlbBdWHroy99KnVB6qIkUbs5X3UQ==

util-deprecate@~1.0.1:
  version "1.0.2"
  resolved "https://registry.yarnpkg.com/util-deprecate/-/util-deprecate-1.0.2.tgz#450d4dc9fa70de732762fbd2d4a28981419a0ccf"
  integrity sha512-EPD5q1uXyFxJpCrLnCc1nHnq3gOa6DZBocAIiI2TaSCA7VCJ1UJDMagCzIkXNsUYfD1daK//LTEQ8xiIbrHtcw==

webidl-conversions@^3.0.0:
  version "3.0.1"
  resolved "https://registry.yarnpkg.com/webidl-conversions/-/webidl-conversions-3.0.1.tgz#24534275e2a7bc6be7bc86611cc16ae0a5654871"
  integrity sha512-2JAn3z8AR6rjK8Sm8orRC0h/bcl/DqL7tRPdGZ4I1CjdF+EaMLmYxBHyXuKL849eucPFhvBoxMsflfOb8kxaeQ==

websocket-driver@>=0.5.1:
  version "0.7.4"
  resolved "https://registry.yarnpkg.com/websocket-driver/-/websocket-driver-0.7.4.tgz#89ad5295bbf64b480abcba31e4953aca706f5760"
  integrity sha512-b17KeDIQVjvb0ssuSDF2cYXSg2iztliJ4B9WdsuB6J952qCPKmnVq4DyW5motImXHDC1cBT/1UezrJVsKw5zjg==
  dependencies:
    http-parser-js ">=0.5.1"
    safe-buffer ">=5.1.0"
    websocket-extensions ">=0.1.1"

websocket-extensions@>=0.1.1:
  version "0.1.4"
  resolved "https://registry.yarnpkg.com/websocket-extensions/-/websocket-extensions-0.1.4.tgz#7f8473bc839dfd87608adb95d7eb075211578a42"
  integrity sha512-OqedPIGOfsDlo31UNwYbCFMSaO9m9G/0faIHj5/dZFDMFqPTcx6UwqyOy3COEaEOg/9VsGIpdqn62W5KhoKSpg==

whatwg-url@^5.0.0:
  version "5.0.0"
  resolved "https://registry.yarnpkg.com/whatwg-url/-/whatwg-url-5.0.0.tgz#966454e8765462e37644d3626f6742ce8b70965d"
  integrity sha512-saE57nupxk6v3HY35+jzBwYa0rKSy0XR8JSxZPwgLr7ys0IBzhGviA1/TUGJLmSVqs8pb9AnvICXEuOHLprYTw==
  dependencies:
    tr46 "~0.0.3"
    webidl-conversions "^3.0.0"

wrap-ansi@^7.0.0:
  version "7.0.0"
  resolved "https://registry.yarnpkg.com/wrap-ansi/-/wrap-ansi-7.0.0.tgz#67e145cff510a6a6984bdf1152911d69d2eb9e43"
  integrity sha512-YVGIj2kamLSTxw6NsZjoBxfSwsn0ycdesmc4p+Q21c5zPuZ1pl+NfxVdxPtdHvmNVOQ6XSYG4AUtyt/Fi7D16Q==
  dependencies:
    ansi-styles "^4.0.0"
    string-width "^4.1.0"
    strip-ansi "^6.0.0"

wrappy@1:
  version "1.0.2"
  resolved "https://registry.yarnpkg.com/wrappy/-/wrappy-1.0.2.tgz#b5243d8f3ec1aa35f1364605bc0d1036e30ab69f"
  integrity sha512-l4Sp/DRseor9wL6EvV2+TuQn63dMkPjZ/sp9XkghTEbV9KlPS1xUsZ3u7/IQO4wxtcFB4bgpQPRcR3QCvezPcQ==

ws@>=7.4.6:
  version "8.9.0"
  resolved "https://registry.yarnpkg.com/ws/-/ws-8.9.0.tgz#2a994bb67144be1b53fe2d23c53c028adeb7f45e"
  integrity sha512-Ja7nszREasGaYUYCI2k4lCKIRTt+y7XuqVoHR44YpI49TtryyqbqvDMn5eqfW7e6HzTukDRIsXqzVHScqRcafg==

y18n@^5.0.5:
  version "5.0.8"
  resolved "https://registry.yarnpkg.com/y18n/-/y18n-5.0.8.tgz#7f4934d0f7ca8c56f95314939ddcd2dd91ce1d55"
  integrity sha512-0pfFzegeDWJHJIAmTLRP2DwHjdF5s7jo9tuztdQxAhINCdvS+3nGINqPd00AphqJR/0LhANUS6/+7SCb98YOfA==

yargs-parser@^20.2.2:
  version "20.2.9"
  resolved "https://registry.yarnpkg.com/yargs-parser/-/yargs-parser-20.2.9.tgz#2eb7dc3b0289718fc295f362753845c41a0c94ee"
  integrity sha512-y11nGElTIV+CT3Zv9t7VKl+Q3hTQoT9a1Qzezhhl6Rp21gJ/IVTW7Z3y9EWXhuUBC2Shnf+DX0antecpAwSP8w==

yargs@^16.2.0:
  version "16.2.0"
  resolved "https://registry.yarnpkg.com/yargs/-/yargs-16.2.0.tgz#1c82bf0f6b6a66eafce7ef30e376f49a12477f66"
  integrity sha512-D1mvvtDG0L5ft/jGWkLpG1+m0eQxOfaBvTNELraWj22wSVUMWxZUvYgJYcKh6jGGIkJFhH4IZPQhR4TKpc8mBw==
  dependencies:
    cliui "^7.0.2"
    escalade "^3.1.1"
    get-caller-file "^2.0.5"
    require-directory "^2.1.1"
    string-width "^4.2.0"
    y18n "^5.0.5"
    yargs-parser "^20.2.2"
