# THIS IS AN AUTOGENERATED FILE. DO NOT EDIT THIS FILE DIRECTLY.
# yarn lockfile v1


"@esbuild/aix-ppc64@0.25.0":
  version "0.25.0"
  resolved "https://registry.yarnpkg.com/@esbuild/aix-ppc64/-/aix-ppc64-0.25.0.tgz#499600c5e1757a524990d5d92601f0ac3ce87f64"
  integrity sha512-O7vun9Sf8DFjH2UtqK8Ku3LkquL9SZL8OLY1T5NZkA34+wG3OQF7cl4Ql8vdNzM6fzBbYfLaiRLIOZ+2FOCgBQ==

"@esbuild/android-arm64@0.25.0":
  version "0.25.0"
  resolved "https://registry.yarnpkg.com/@esbuild/android-arm64/-/android-arm64-0.25.0.tgz#b9b8231561a1dfb94eb31f4ee056b92a985c324f"
  integrity sha512-grvv8WncGjDSyUBjN9yHXNt+cq0snxXbDxy5pJtzMKGmmpPxeAmAhWxXI+01lU5rwZomDgD3kJwulEnhTRUd6g==

"@esbuild/android-arm@0.25.0":
  version "0.25.0"
  resolved "https://registry.yarnpkg.com/@esbuild/android-arm/-/android-arm-0.25.0.tgz#ca6e7888942505f13e88ac9f5f7d2a72f9facd2b"
  integrity sha512-PTyWCYYiU0+1eJKmw21lWtC+d08JDZPQ5g+kFyxP0V+es6VPPSUhM6zk8iImp2jbV6GwjX4pap0JFbUQN65X1g==

"@esbuild/android-x64@0.25.0":
  version "0.25.0"
  resolved "https://registry.yarnpkg.com/@esbuild/android-x64/-/android-x64-0.25.0.tgz#e765ea753bac442dfc9cb53652ce8bd39d33e163"
  integrity sha512-m/ix7SfKG5buCnxasr52+LI78SQ+wgdENi9CqyCXwjVR2X4Jkz+BpC3le3AoBPYTC9NHklwngVXvbJ9/Akhrfg==

"@esbuild/darwin-arm64@0.25.0":
  version "0.25.0"
  resolved "https://registry.yarnpkg.com/@esbuild/darwin-arm64/-/darwin-arm64-0.25.0.tgz#fa394164b0d89d4fdc3a8a21989af70ef579fa2c"
  integrity sha512-mVwdUb5SRkPayVadIOI78K7aAnPamoeFR2bT5nszFUZ9P8UpK4ratOdYbZZXYSqPKMHfS1wdHCJk1P1EZpRdvw==

"@esbuild/darwin-x64@0.25.0":
  version "0.25.0"
  resolved "https://registry.yarnpkg.com/@esbuild/darwin-x64/-/darwin-x64-0.25.0.tgz#91979d98d30ba6e7d69b22c617cc82bdad60e47a"
  integrity sha512-DgDaYsPWFTS4S3nWpFcMn/33ZZwAAeAFKNHNa1QN0rI4pUjgqf0f7ONmXf6d22tqTY+H9FNdgeaAa+YIFUn2Rg==

"@esbuild/freebsd-arm64@0.25.0":
  version "0.25.0"
  resolved "https://registry.yarnpkg.com/@esbuild/freebsd-arm64/-/freebsd-arm64-0.25.0.tgz#b97e97073310736b430a07b099d837084b85e9ce"
  integrity sha512-VN4ocxy6dxefN1MepBx/iD1dH5K8qNtNe227I0mnTRjry8tj5MRk4zprLEdG8WPyAPb93/e4pSgi1SoHdgOa4w==

"@esbuild/freebsd-x64@0.25.0":
  version "0.25.0"
  resolved "https://registry.yarnpkg.com/@esbuild/freebsd-x64/-/freebsd-x64-0.25.0.tgz#f3b694d0da61d9910ec7deff794d444cfbf3b6e7"
  integrity sha512-mrSgt7lCh07FY+hDD1TxiTyIHyttn6vnjesnPoVDNmDfOmggTLXRv8Id5fNZey1gl/V2dyVK1VXXqVsQIiAk+A==

"@esbuild/linux-arm64@0.25.0":
  version "0.25.0"
  resolved "https://registry.yarnpkg.com/@esbuild/linux-arm64/-/linux-arm64-0.25.0.tgz#f921f699f162f332036d5657cad9036f7a993f73"
  integrity sha512-9QAQjTWNDM/Vk2bgBl17yWuZxZNQIF0OUUuPZRKoDtqF2k4EtYbpyiG5/Dk7nqeK6kIJWPYldkOcBqjXjrUlmg==

"@esbuild/linux-arm@0.25.0":
  version "0.25.0"
  resolved "https://registry.yarnpkg.com/@esbuild/linux-arm/-/linux-arm-0.25.0.tgz#cc49305b3c6da317c900688995a4050e6cc91ca3"
  integrity sha512-vkB3IYj2IDo3g9xX7HqhPYxVkNQe8qTK55fraQyTzTX/fxaDtXiEnavv9geOsonh2Fd2RMB+i5cbhu2zMNWJwg==

"@esbuild/linux-ia32@0.25.0":
  version "0.25.0"
  resolved "https://registry.yarnpkg.com/@esbuild/linux-ia32/-/linux-ia32-0.25.0.tgz#3e0736fcfab16cff042dec806247e2c76e109e19"
  integrity sha512-43ET5bHbphBegyeqLb7I1eYn2P/JYGNmzzdidq/w0T8E2SsYL1U6un2NFROFRg1JZLTzdCoRomg8Rvf9M6W6Gg==

"@esbuild/linux-loong64@0.25.0":
  version "0.25.0"
  resolved "https://registry.yarnpkg.com/@esbuild/linux-loong64/-/linux-loong64-0.25.0.tgz#ea2bf730883cddb9dfb85124232b5a875b8020c7"
  integrity sha512-fC95c/xyNFueMhClxJmeRIj2yrSMdDfmqJnyOY4ZqsALkDrrKJfIg5NTMSzVBr5YW1jf+l7/cndBfP3MSDpoHw==

"@esbuild/linux-mips64el@0.25.0":
  version "0.25.0"
  resolved "https://registry.yarnpkg.com/@esbuild/linux-mips64el/-/linux-mips64el-0.25.0.tgz#4cababb14eede09248980a2d2d8b966464294ff1"
  integrity sha512-nkAMFju7KDW73T1DdH7glcyIptm95a7Le8irTQNO/qtkoyypZAnjchQgooFUDQhNAy4iu08N79W4T4pMBwhPwQ==

"@esbuild/linux-ppc64@0.25.0":
  version "0.25.0"
  resolved "https://registry.yarnpkg.com/@esbuild/linux-ppc64/-/linux-ppc64-0.25.0.tgz#8860a4609914c065373a77242e985179658e1951"
  integrity sha512-NhyOejdhRGS8Iwv+KKR2zTq2PpysF9XqY+Zk77vQHqNbo/PwZCzB5/h7VGuREZm1fixhs4Q/qWRSi5zmAiO4Fw==

"@esbuild/linux-riscv64@0.25.0":
  version "0.25.0"
  resolved "https://registry.yarnpkg.com/@esbuild/linux-riscv64/-/linux-riscv64-0.25.0.tgz#baf26e20bb2d38cfb86ee282dff840c04f4ed987"
  integrity sha512-5S/rbP5OY+GHLC5qXp1y/Mx//e92L1YDqkiBbO9TQOvuFXM+iDqUNG5XopAnXoRH3FjIUDkeGcY1cgNvnXp/kA==

"@esbuild/linux-s390x@0.25.0":
  version "0.25.0"
  resolved "https://registry.yarnpkg.com/@esbuild/linux-s390x/-/linux-s390x-0.25.0.tgz#8323afc0d6cb1b6dc6e9fd21efd9e1542c3640a4"
  integrity sha512-XM2BFsEBz0Fw37V0zU4CXfcfuACMrppsMFKdYY2WuTS3yi8O1nFOhil/xhKTmE1nPmVyvQJjJivgDT+xh8pXJA==

"@esbuild/linux-x64@0.25.0":
  version "0.25.0"
  resolved "https://registry.yarnpkg.com/@esbuild/linux-x64/-/linux-x64-0.25.0.tgz#08fcf60cb400ed2382e9f8e0f5590bac8810469a"
  integrity sha512-9yl91rHw/cpwMCNytUDxwj2XjFpxML0y9HAOH9pNVQDpQrBxHy01Dx+vaMu0N1CKa/RzBD2hB4u//nfc+Sd3Cw==

"@esbuild/netbsd-arm64@0.25.0":
  version "0.25.0"
  resolved "https://registry.yarnpkg.com/@esbuild/netbsd-arm64/-/netbsd-arm64-0.25.0.tgz#935c6c74e20f7224918fbe2e6c6fe865b6c6ea5b"
  integrity sha512-RuG4PSMPFfrkH6UwCAqBzauBWTygTvb1nxWasEJooGSJ/NwRw7b2HOwyRTQIU97Hq37l3npXoZGYMy3b3xYvPw==

"@esbuild/netbsd-x64@0.25.0":
  version "0.25.0"
  resolved "https://registry.yarnpkg.com/@esbuild/netbsd-x64/-/netbsd-x64-0.25.0.tgz#414677cef66d16c5a4d210751eb2881bb9c1b62b"
  integrity sha512-jl+qisSB5jk01N5f7sPCsBENCOlPiS/xptD5yxOx2oqQfyourJwIKLRA2yqWdifj3owQZCL2sn6o08dBzZGQzA==

"@esbuild/openbsd-arm64@0.25.0":
  version "0.25.0"
  resolved "https://registry.yarnpkg.com/@esbuild/openbsd-arm64/-/openbsd-arm64-0.25.0.tgz#8fd55a4d08d25cdc572844f13c88d678c84d13f7"
  integrity sha512-21sUNbq2r84YE+SJDfaQRvdgznTD8Xc0oc3p3iW/a1EVWeNj/SdUCbm5U0itZPQYRuRTW20fPMWMpcrciH2EJw==

"@esbuild/openbsd-x64@0.25.0":
  version "0.25.0"
  resolved "https://registry.yarnpkg.com/@esbuild/openbsd-x64/-/openbsd-x64-0.25.0.tgz#0c48ddb1494bbc2d6bcbaa1429a7f465fa1dedde"
  integrity sha512-2gwwriSMPcCFRlPlKx3zLQhfN/2WjJ2NSlg5TKLQOJdV0mSxIcYNTMhk3H3ulL/cak+Xj0lY1Ym9ysDV1igceg==

"@esbuild/sunos-x64@0.25.0":
  version "0.25.0"
  resolved "https://registry.yarnpkg.com/@esbuild/sunos-x64/-/sunos-x64-0.25.0.tgz#86ff9075d77962b60dd26203d7352f92684c8c92"
  integrity sha512-bxI7ThgLzPrPz484/S9jLlvUAHYMzy6I0XiU1ZMeAEOBcS0VePBFxh1JjTQt3Xiat5b6Oh4x7UC7IwKQKIJRIg==

"@esbuild/win32-arm64@0.25.0":
  version "0.25.0"
  resolved "https://registry.yarnpkg.com/@esbuild/win32-arm64/-/win32-arm64-0.25.0.tgz#849c62327c3229467f5b5cd681bf50588442e96c"
  integrity sha512-ZUAc2YK6JW89xTbXvftxdnYy3m4iHIkDtK3CLce8wg8M2L+YZhIvO1DKpxrd0Yr59AeNNkTiic9YLf6FTtXWMw==

"@esbuild/win32-ia32@0.25.0":
  version "0.25.0"
  resolved "https://registry.yarnpkg.com/@esbuild/win32-ia32/-/win32-ia32-0.25.0.tgz#f62eb480cd7cca088cb65bb46a6db25b725dc079"
  integrity sha512-eSNxISBu8XweVEWG31/JzjkIGbGIJN/TrRoiSVZwZ6pkC6VX4Im/WV2cz559/TXLcYbcrDN8JtKgd9DJVIo8GA==

"@esbuild/win32-x64@0.25.0":
  version "0.25.0"
  resolved "https://registry.yarnpkg.com/@esbuild/win32-x64/-/win32-x64-0.25.0.tgz#c8e119a30a7c8d60b9d2e22d2073722dde3b710b"
  integrity sha512-ZENoHJBxA20C2zFzh6AI4fT6RraMzjYw4xKWemRTRmRVtN9c5DcH9r/f2ihEkMjOW5eGgrwCslG/+Y/3bL+DHQ==

"@firebase/ai@2.9.0":
  version "2.9.0"
  resolved "https://registry.npmjs.org/@firebase/ai/-/ai-2.9.0.tgz#9e6f3546eb688e31488f3e081702773300d609f1"
  integrity sha512-NPvBBuvdGo9x3esnABAucFYmqbBmXvyTMimBq2PCuLZbdANZoHzGlx7vfzbwNDaEtCBq4RGGNMliLIv6bZ+PtA==
  dependencies:
    "@firebase/app-check-interop-types" "0.3.3"
    "@firebase/component" "0.7.1"
    "@firebase/logger" "0.5.0"
    "@firebase/util" "1.14.0"
    tslib "^2.1.0"

"@firebase/analytics-compat@0.2.26":
  version "0.2.26"
  resolved "https://registry.npmjs.org/@firebase/analytics-compat/-/analytics-compat-0.2.26.tgz#2ec74dc4d41d075d38fab7670c33464803214f2f"
  integrity sha512-0j2ruLOoVSwwcXAF53AMoniJKnkwiTjGVfic5LDzqiRkR13vb5j6TXMeix787zbLeQtN/m1883Yv1TxI0gItbA==
  dependencies:
    "@firebase/analytics" "0.10.20"
    "@firebase/analytics-types" "0.8.3"
    "@firebase/component" "0.7.1"
    "@firebase/util" "1.14.0"
    tslib "^2.1.0"

"@firebase/analytics-types@0.8.3":
  version "0.8.3"
  resolved "https://registry.npmjs.org/@firebase/analytics-types/-/analytics-types-0.8.3.tgz#d08cd39a6209693ca2039ba7a81570dfa6c1518f"
  integrity sha512-VrIp/d8iq2g501qO46uGz3hjbDb8xzYMrbu8Tp0ovzIzrvJZ2fvmj649gTjge/b7cCCcjT0H37g1gVtlNhnkbg==

"@firebase/analytics@0.10.20":
  version "0.10.20"
  resolved "https://registry.npmjs.org/@firebase/analytics/-/analytics-0.10.20.tgz#ec3aaacaa157b979b6e2c12ac5a30e6484b19ddf"
  integrity sha512-adGTNVUWH5q66tI/OQuKLSN6mamPpfYhj0radlH2xt+3eL6NFPtXoOs+ulvs+UsmK27vNFx5FjRDfWk+TyduHg==
  dependencies:
    "@firebase/component" "0.7.1"
    "@firebase/installations" "0.6.20"
    "@firebase/logger" "0.5.0"
    "@firebase/util" "1.14.0"
    tslib "^2.1.0"

"@firebase/app-check-compat@0.4.1":
  version "0.4.1"
  resolved "https://registry.npmjs.org/@firebase/app-check-compat/-/app-check-compat-0.4.1.tgz#2ff3f4b28fd4ee136e7ee12b99edac8cdc8cbbb1"
  integrity sha512-yjSvSl5B1u4CirnxhzirN1uiTRCRfx+/qtfbyeyI+8Cx8Cw1RWAIO/OqytPSVwLYbJJ1vEC3EHfxazRaMoWKaA==
  dependencies:
    "@firebase/app-check" "0.11.1"
    "@firebase/app-check-types" "0.5.3"
    "@firebase/component" "0.7.1"
    "@firebase/logger" "0.5.0"
    "@firebase/util" "1.14.0"
    tslib "^2.1.0"

"@firebase/app-check-interop-types@0.3.3":
  version "0.3.3"
  resolved "https://registry.npmjs.org/@firebase/app-check-interop-types/-/app-check-interop-types-0.3.3.tgz#ed9c4a4f48d1395ef378f007476db3940aa5351a"
  integrity sha512-gAlxfPLT2j8bTI/qfe3ahl2I2YcBQ8cFIBdhAQA4I2f3TndcO+22YizyGYuttLHPQEpWkhmpFW60VCFEPg4g5A==

"@firebase/app-check-types@0.5.3":
  version "0.5.3"
  resolved "https://registry.npmjs.org/@firebase/app-check-types/-/app-check-types-0.5.3.tgz#38ba954acf4bffe451581a32fffa20337f11d8e5"
  integrity sha512-hyl5rKSj0QmwPdsAxrI5x1otDlByQ7bvNvVt8G/XPO2CSwE++rmSVf3VEhaeOR4J8ZFaF0Z0NDSmLejPweZ3ng==

"@firebase/app-check@0.11.1":
  version "0.11.1"
  resolved "https://registry.npmjs.org/@firebase/app-check/-/app-check-0.11.1.tgz#f327a2190b405eb566a93cd5c7eb8ebe7556032b"
  integrity sha512-gmKfwQ2k8aUQlOyRshc+fOQLq0OwUmibIZvpuY1RDNu2ho0aTMlwxOuEiJeYOs7AxzhSx7gnXPFNsXCFbnvXUQ==
  dependencies:
    "@firebase/component" "0.7.1"
    "@firebase/logger" "0.5.0"
    "@firebase/util" "1.14.0"
    tslib "^2.1.0"

"@firebase/app-compat@0.5.9":
  version "0.5.9"
  resolved "https://registry.npmjs.org/@firebase/app-compat/-/app-compat-0.5.9.tgz#464efce323951283c6812893d251dddee15d61da"
  integrity sha512-e5LzqjO69/N2z7XcJeuMzIp4wWnW696dQeaHAUpQvGk89gIWHAIvG6W+mA3UotGW6jBoqdppEJ9DnuwbcBByug==
  dependencies:
    "@firebase/app" "0.14.9"
    "@firebase/component" "0.7.1"
    "@firebase/logger" "0.5.0"
    "@firebase/util" "1.14.0"
    tslib "^2.1.0"

"@firebase/app-types@0.9.3":
  version "0.9.3"
  resolved "https://registry.npmjs.org/@firebase/app-types/-/app-types-0.9.3.tgz#8408219eae9b1fb74f86c24e7150a148460414ad"
  integrity sha512-kRVpIl4vVGJ4baogMDINbyrIOtOxqhkZQg4jTq3l8Lw6WSk0xfpEYzezFu+Kl4ve4fbPl79dvwRtaFqAC/ucCw==

"@firebase/app@0.14.9":
  version "0.14.9"
  resolved "https://registry.npmjs.org/@firebase/app/-/app-0.14.9.tgz#b7f740904deee2889a3d6115736b16fdbdc853c7"
  integrity sha512-3gtUX0e584MYkKBQMgSECMvE1Dwzg+eONefDQ0wxVSe5YMBsZwdN5pL7UapwWBlV8+i8QCztF9TP947tEjZAGA==
  dependencies:
    "@firebase/component" "0.7.1"
    "@firebase/logger" "0.5.0"
    "@firebase/util" "1.14.0"
    idb "7.1.1"
    tslib "^2.1.0"

"@firebase/auth-compat@0.6.3":
  version "0.6.3"
  resolved "https://registry.npmjs.org/@firebase/auth-compat/-/auth-compat-0.6.3.tgz#8e085d98bd133081e7e7d37b7fb421b876694847"
  integrity sha512-nHOkupcYuGVxI1AJJ/OBhLPaRokbP14Gq4nkkoVvf1yvuREEWqdnrYB/CdsSnPxHMAnn5wJIKngxBF9jNX7s/Q==
  dependencies:
    "@firebase/auth" "1.12.1"
    "@firebase/auth-types" "0.13.0"
    "@firebase/component" "0.7.1"
    "@firebase/util" "1.14.0"
    tslib "^2.1.0"

"@firebase/auth-interop-types@0.2.4":
  version "0.2.4"
  resolved "https://registry.npmjs.org/@firebase/auth-interop-types/-/auth-interop-types-0.2.4.tgz#176a08686b0685596ff03d7879b7e4115af53de0"
  integrity sha512-JPgcXKCuO+CWqGDnigBtvo09HeBs5u/Ktc2GaFj2m01hLarbxthLNm7Fk8iOP1aqAtXV+fnnGj7U28xmk7IwVA==

"@firebase/auth-types@0.13.0":
  version "0.13.0"
  resolved "https://registry.npmjs.org/@firebase/auth-types/-/auth-types-0.13.0.tgz#ae6e0015e3bd4bfe18edd0942b48a0a118a098d9"
  integrity sha512-S/PuIjni0AQRLF+l9ck0YpsMOdE8GO2KU6ubmBB7P+7TJUCQDa3R1dlgYm9UzGbbePMZsp0xzB93f2b/CgxMOg==

"@firebase/auth@1.12.1":
  version "1.12.1"
  resolved "https://registry.npmjs.org/@firebase/auth/-/auth-1.12.1.tgz#5eb1c3bf99dfbe7025578a5f1439cc073a4183f0"
  integrity sha512-nXKj7d5bMBlnq6XpcQQpmnSVwEeHBkoVbY/+Wk0P1ebLSICoH4XPtvKOFlXKfIHmcS84mLQ99fk3njlDGKSDtw==
  dependencies:
    "@firebase/component" "0.7.1"
    "@firebase/logger" "0.5.0"
    "@firebase/util" "1.14.0"
    tslib "^2.1.0"

"@firebase/component@0.7.1":
  version "0.7.1"
  resolved "https://registry.npmjs.org/@firebase/component/-/component-0.7.1.tgz#f16376146d77034ac5055834de25405e6c011491"
  integrity sha512-mFzsm7CLHR60o08S23iLUY8m/i6kLpOK87wdEFPLhdlCahaxKmWOwSVGiWoENYSmFJJoDhrR3gKSCxz7ENdIww==
  dependencies:
    "@firebase/util" "1.14.0"
    tslib "^2.1.0"

"@firebase/data-connect@0.4.0":
  version "0.4.0"
  resolved "https://registry.npmjs.org/@firebase/data-connect/-/data-connect-0.4.0.tgz#957d2e0ee602d7120b4c5dbcb8494f911b8a2e47"
  integrity sha512-vLXM6WHNIR3VtEeYNUb/5GTsUOyl3Of4iWNZHBe1i9f88sYFnxybJNWVBjvJ7flhCyF8UdxGpzWcUnv6F5vGfg==
  dependencies:
    "@firebase/auth-interop-types" "0.2.4"
    "@firebase/component" "0.7.1"
    "@firebase/logger" "0.5.0"
    "@firebase/util" "1.14.0"
    tslib "^2.1.0"

"@firebase/database-compat@2.1.1":
  version "2.1.1"
  resolved "https://registry.npmjs.org/@firebase/database-compat/-/database-compat-2.1.1.tgz#8ab656d2f6b53d1645b86fa846295db4734b9ac5"
  integrity sha512-heAEVZ9Z8c8PnBUcmGh91JHX0cXcVa1yESW/xkLuwaX7idRFyLiN8sl73KXpR8ZArGoPXVQDanBnk6SQiekRCQ==
  dependencies:
    "@firebase/component" "0.7.1"
    "@firebase/database" "1.1.1"
    "@firebase/database-types" "1.0.17"
    "@firebase/logger" "0.5.0"
    "@firebase/util" "1.14.0"
    tslib "^2.1.0"

"@firebase/database-types@1.0.17":
  version "1.0.17"
  resolved "https://registry.npmjs.org/@firebase/database-types/-/database-types-1.0.17.tgz#6b7a14d81655e9ee5e87c26dc853c24d9737e4fe"
  integrity sha512-4eWaM5fW3qEIHjGzfi3cf0Jpqi1xQsAdT6rSDE1RZPrWu8oGjgrq6ybMjobtyHQFgwGCykBm4YM89qDzc+uG/w==
  dependencies:
    "@firebase/app-types" "0.9.3"
    "@firebase/util" "1.14.0"

"@firebase/database@1.1.1":
  version "1.1.1"
  resolved "https://registry.npmjs.org/@firebase/database/-/database-1.1.1.tgz#591610b5087ffc25cc56486ad03749b09c887759"
  integrity sha512-LwIXe8+mVHY5LBPulWECOOIEXDiatyECp/BOlu0gOhe+WOcKjWHROaCbLlkFTgHMY7RHr5MOxkLP/tltWAH3dA==
  dependencies:
    "@firebase/app-check-interop-types" "0.3.3"
    "@firebase/auth-interop-types" "0.2.4"
    "@firebase/component" "0.7.1"
    "@firebase/logger" "0.5.0"
    "@firebase/util" "1.14.0"
    faye-websocket "0.11.4"
    tslib "^2.1.0"

"@firebase/firestore-compat@0.4.6":
  version "0.4.6"
  resolved "https://registry.npmjs.org/@firebase/firestore-compat/-/firestore-compat-0.4.6.tgz#30a20be30a72e80b0cfa32d5d693564daff6911a"
  integrity sha512-NgVyR4hHHN2FvSNQOtbgBOuVsEdD/in30d9FKbEvvITiAChrBN2nBstmhfjI4EOTnHaP8zigwvkNYFI9yKGAkQ==
  dependencies:
    "@firebase/component" "0.7.1"
    "@firebase/firestore" "4.12.0"
    "@firebase/firestore-types" "3.0.3"
    "@firebase/util" "1.14.0"
    tslib "^2.1.0"

"@firebase/firestore-types@3.0.3":
  version "3.0.3"
  resolved "https://registry.npmjs.org/@firebase/firestore-types/-/firestore-types-3.0.3.tgz#7d0c3dd8850c0193d8f5ee0cc8f11961407742c1"
  integrity sha512-hD2jGdiWRxB/eZWF89xcK9gF8wvENDJkzpVFb4aGkzfEaKxVRD1kjz1t1Wj8VZEp2LCB53Yx1zD8mrhQu87R6Q==

"@firebase/firestore@4.12.0":
  version "4.12.0"
  resolved "https://registry.npmjs.org/@firebase/firestore/-/firestore-4.12.0.tgz#3321155f66d70c749924c635bb1f0deb92254df3"
  integrity sha512-PM47OyiiAAoAMB8kkq4Je14mTciaRoAPDd3ng3Ckqz9i2TX9D9LfxIRcNzP/OxzNV4uBKRq6lXoOggkJBQR3Gw==
  dependencies:
    "@firebase/component" "0.7.1"
    "@firebase/logger" "0.5.0"
    "@firebase/util" "1.14.0"
    "@firebase/webchannel-wrapper" "1.0.5"
    "@grpc/grpc-js" "~1.9.0"
    "@grpc/proto-loader" "^0.7.8"
    tslib "^2.1.0"

"@firebase/functions-compat@0.4.2":
  version "0.4.2"
  resolved "https://registry.npmjs.org/@firebase/functions-compat/-/functions-compat-0.4.2.tgz#5788b9d33a700164eefd0b4e455de87cd62d635c"
  integrity sha512-YNxgnezvZDkqxqXa6cT7/oTeD4WXbxgIP7qZp4LFnathQv5o2omM6EoIhXiT9Ie5AoQDcIhG9Y3/dj+DFJGaGQ==
  dependencies:
    "@firebase/component" "0.7.1"
    "@firebase/functions" "0.13.2"
    "@firebase/functions-types" "0.6.3"
    "@firebase/util" "1.14.0"
    tslib "^2.1.0"

"@firebase/functions-types@0.6.3":
  version "0.6.3"
  resolved "https://registry.npmjs.org/@firebase/functions-types/-/functions-types-0.6.3.tgz#f5faf770248b13f45d256f614230da6a11bfb654"
  integrity sha512-EZoDKQLUHFKNx6VLipQwrSMh01A1SaL3Wg6Hpi//x6/fJ6Ee4hrAeswK99I5Ht8roiniKHw4iO0B1Oxj5I4plg==

"@firebase/functions@0.13.2":
  version "0.13.2"
  resolved "https://registry.npmjs.org/@firebase/functions/-/functions-0.13.2.tgz#2e7936898afcdfa391e564e39049e0e908282420"
  integrity sha512-tHduUD+DeokM3NB1QbHCvEMoL16e8Z8JSkmuVA4ROoJKPxHn8ibnecHPO2e3nVCJR1D9OjuKvxz4gksfq92/ZQ==
  dependencies:
    "@firebase/app-check-interop-types" "0.3.3"
    "@firebase/auth-interop-types" "0.2.4"
    "@firebase/component" "0.7.1"
    "@firebase/messaging-interop-types" "0.2.3"
    "@firebase/util" "1.14.0"
    tslib "^2.1.0"

"@firebase/installations-compat@0.2.20":
  version "0.2.20"
  resolved "https://registry.npmjs.org/@firebase/installations-compat/-/installations-compat-0.2.20.tgz#f17bcd7623f1283937ac3192c3293dd68037fcdc"
  integrity sha512-9C9pL/DIEGucmoPj8PlZTnztbX3nhNj5RTYVpUM7wQq/UlHywaYv99969JU/WHLvi9ptzIogXYS9d1eZ6XFe9g==
  dependencies:
    "@firebase/component" "0.7.1"
    "@firebase/installations" "0.6.20"
    "@firebase/installations-types" "0.5.3"
    "@firebase/util" "1.14.0"
    tslib "^2.1.0"

"@firebase/installations-types@0.5.3":
  version "0.5.3"
  resolved "https://registry.npmjs.org/@firebase/installations-types/-/installations-types-0.5.3.tgz#cac8a14dd49f09174da9df8ae453f9b359c3ef2f"
  integrity sha512-2FJI7gkLqIE0iYsNQ1P751lO3hER+Umykel+TkLwHj6plzWVxqvfclPUZhcKFVQObqloEBTmpi2Ozn7EkCABAA==

"@firebase/installations@0.6.20":
  version "0.6.20"
  resolved "https://registry.npmjs.org/@firebase/installations/-/installations-0.6.20.tgz#a019da0e71d5a0bb59b58e43a8edef0153368b94"
  integrity sha512-LOzvR7XHPbhS0YB5ANXhqXB5qZlntPpwU/4KFwhSNpXNsGk/sBQ9g5hepi0y0/MfenJLe2v7t644iGOOElQaHQ==
  dependencies:
    "@firebase/component" "0.7.1"
    "@firebase/util" "1.14.0"
    idb "7.1.1"
    tslib "^2.1.0"

"@firebase/logger@0.5.0":
  version "0.5.0"
  resolved "https://registry.npmjs.org/@firebase/logger/-/logger-0.5.0.tgz#a9e55b1c669a0983dc67127fa4a5964ce8ed5e1b"
  integrity sha512-cGskaAvkrnh42b3BA3doDWeBmuHFO/Mx5A83rbRDYakPjO9bJtRL3dX7javzc2Rr/JHZf4HlterTW2lUkfeN4g==
  dependencies:
    tslib "^2.1.0"

"@firebase/messaging-compat@0.2.24":
  version "0.2.24"
  resolved "https://registry.npmjs.org/@firebase/messaging-compat/-/messaging-compat-0.2.24.tgz#9ea9bf0d88d605c382dd416e231203310da7b867"
  integrity sha512-wXH8FrKbJvFuFe6v98TBhAtvgknxKIZtGM/wCVsfpOGmaAE80bD8tBxztl+uochjnFb9plihkd6mC4y7sZXSpA==
  dependencies:
    "@firebase/component" "0.7.1"
    "@firebase/messaging" "0.12.24"
    "@firebase/util" "1.14.0"
    tslib "^2.1.0"

"@firebase/messaging-interop-types@0.2.3":
  version "0.2.3"
  resolved "https://registry.npmjs.org/@firebase/messaging-interop-types/-/messaging-interop-types-0.2.3.tgz#e647c9cd1beecfe6a6e82018a6eec37555e4da3e"
  integrity sha512-xfzFaJpzcmtDjycpDeCUj0Ge10ATFi/VHVIvEEjDNc3hodVBQADZ7BWQU7CuFpjSHE+eLuBI13z5F/9xOoGX8Q==

"@firebase/messaging@0.12.24":
  version "0.12.24"
  resolved "https://registry.npmjs.org/@firebase/messaging/-/messaging-0.12.24.tgz#ac586f68a038d8595ee8cbaea2a4b60e1886029a"
  integrity sha512-UtKoubegAhHyehcB7iQjvQ8OVITThPbbWk3g2/2ze42PrQr6oe6OmCElYQkBrE5RDCeMTNucXejbdulrQ2XwVg==
  dependencies:
    "@firebase/component" "0.7.1"
    "@firebase/installations" "0.6.20"
    "@firebase/messaging-interop-types" "0.2.3"
    "@firebase/util" "1.14.0"
    idb "7.1.1"
    tslib "^2.1.0"

"@firebase/performance-compat@0.2.23":
  version "0.2.23"
  resolved "https://registry.npmjs.org/@firebase/performance-compat/-/performance-compat-0.2.23.tgz#e4e440878c5be1e11e01d5fe28e5e1fe73d36857"
  integrity sha512-c7qOAGBUAOpIuUlHu1axWcrCVtIYKPMhH0lMnoCDWnPwn1HcPuPUBVTWETbC7UWw71RMJF8DpirfWXzMWJQfgA==
  dependencies:
    "@firebase/component" "0.7.1"
    "@firebase/logger" "0.5.0"
    "@firebase/performance" "0.7.10"
    "@firebase/performance-types" "0.2.3"
    "@firebase/util" "1.14.0"
    tslib "^2.1.0"

"@firebase/performance-types@0.2.3":
  version "0.2.3"
  resolved "https://registry.npmjs.org/@firebase/performance-types/-/performance-types-0.2.3.tgz#5ce64e90fa20ab5561f8b62a305010cf9fab86fb"
  integrity sha512-IgkyTz6QZVPAq8GSkLYJvwSLr3LS9+V6vNPQr0x4YozZJiLF5jYixj0amDtATf1X0EtYHqoPO48a9ija8GocxQ==

"@firebase/performance@0.7.10":
  version "0.7.10"
  resolved "https://registry.npmjs.org/@firebase/performance/-/performance-0.7.10.tgz#a282de63f064477a62cf0379c3374f3cc693ffa4"
  integrity sha512-8nRFld+Ntzp5cLKzZuG9g+kBaSn8Ks9dmn87UQGNFDygbmR6ebd8WawauEXiJjMj1n70ypkvAOdE+lzeyfXtGA==
  dependencies:
    "@firebase/component" "0.7.1"
    "@firebase/installations" "0.6.20"
    "@firebase/logger" "0.5.0"
    "@firebase/util" "1.14.0"
    tslib "^2.1.0"
    web-vitals "^4.2.4"

"@firebase/remote-config-compat@0.2.22":
  version "0.2.22"
  resolved "https://registry.npmjs.org/@firebase/remote-config-compat/-/remote-config-compat-0.2.22.tgz#5d34d4e856c8a9010e77be5fc2dc183657ade58c"
  integrity sha512-uW/eNKKtRBot2gnCC5mnoy5Voo2wMzZuQ7dwqqGHU176fO9zFgMwKiRzk+aaC99NLrFk1KOmr0ZVheD+zdJmjQ==
  dependencies:
    "@firebase/component" "0.7.1"
    "@firebase/logger" "0.5.0"
    "@firebase/remote-config" "0.8.1"
    "@firebase/remote-config-types" "0.5.0"
    "@firebase/util" "1.14.0"
    tslib "^2.1.0"

"@firebase/remote-config-types@0.5.0":
  version "0.5.0"
  resolved "https://registry.npmjs.org/@firebase/remote-config-types/-/remote-config-types-0.5.0.tgz#f0f503b32edda3384f5252f9900cd9613adbb99c"
  integrity sha512-vI3bqLoF14L/GchtgayMiFpZJF+Ao3uR8WCde0XpYNkSokDpAKca2DxvcfeZv7lZUqkUwQPL2wD83d3vQ4vvrg==

"@firebase/remote-config@0.8.1":
  version "0.8.1"
  resolved "https://registry.npmjs.org/@firebase/remote-config/-/remote-config-0.8.1.tgz#47309f3e623d358652878935ac90c880b97ef118"
  integrity sha512-L86TReBnPiiJOWd7k9iaiE9f7rHtMpjAoYN0fH2ey2ZRzsOChHV0s5sYf1+IIUYzplzsE46pjlmAUNkRRKwHSQ==
  dependencies:
    "@firebase/component" "0.7.1"
    "@firebase/installations" "0.6.20"
    "@firebase/logger" "0.5.0"
    "@firebase/util" "1.14.0"
    tslib "^2.1.0"

"@firebase/storage-compat@0.4.1":
  version "0.4.1"
  resolved "https://registry.npmjs.org/@firebase/storage-compat/-/storage-compat-0.4.1.tgz#94c105a416f949fd1552ced075d2df613e761faa"
  integrity sha512-bgl3FHHfXAmBgzIK/Fps6Xyv2HiAQlSTov07CBL+RGGhrC5YIk4lruS8JVIC+UkujRdYvnf8cpQFGn2RCilJ/A==
  dependencies:
    "@firebase/component" "0.7.1"
    "@firebase/storage" "0.14.1"
    "@firebase/storage-types" "0.8.3"
    "@firebase/util" "1.14.0"
    tslib "^2.1.0"

"@firebase/storage-types@0.8.3":
  version "0.8.3"
  resolved "https://registry.npmjs.org/@firebase/storage-types/-/storage-types-0.8.3.tgz#2531ef593a3452fc12c59117195d6485c6632d3d"
  integrity sha512-+Muk7g9uwngTpd8xn9OdF/D48uiQ7I1Fae7ULsWPuKoCH3HU7bfFPhxtJYzyhjdniowhuDpQcfPmuNRAqZEfvg==

"@firebase/storage@0.14.1":
  version "0.14.1"
  resolved "https://registry.npmjs.org/@firebase/storage/-/storage-0.14.1.tgz#2cdc6523bac9fd85bdd369c77e02a785866d4c02"
  integrity sha512-uIpYgBBsv1vIET+5xV20XT7wwqV+H4GFp6PBzfmLUcEgguS4SWNFof56Z3uOC2lNDh0KDda1UflYq2VwD9Nefw==
  dependencies:
    "@firebase/component" "0.7.1"
    "@firebase/util" "1.14.0"
    tslib "^2.1.0"

"@firebase/util@1.14.0":
  version "1.14.0"
  resolved "https://registry.npmjs.org/@firebase/util/-/util-1.14.0.tgz#e0a5998fc30a065fe5cba8bd7546ae8f095f3d3e"
  integrity sha512-/gnejm7MKkVIXnSJGpc9L2CvvvzJvtDPeAEq5jAwgVlf/PeNxot+THx/bpD20wQ8uL5sz0xqgXy1nisOYMU+mw==
  dependencies:
    tslib "^2.1.0"

"@firebase/webchannel-wrapper@1.0.5":
  version "1.0.5"
  resolved "https://registry.npmjs.org/@firebase/webchannel-wrapper/-/webchannel-wrapper-1.0.5.tgz#39cf5a600450cb42f1f0b507cc385459bf103b27"
  integrity sha512-+uGNN7rkfn41HLO0vekTFhTxk61eKa8mTpRGLO0QSqlQdKvIoGAvLp3ppdVIWbTGYJWM6Kp0iN+PjMIOcnVqTw==

"@grpc/grpc-js@~1.9.0":
  version "1.9.15"
  resolved "https://registry.yarnpkg.com/@grpc/grpc-js/-/grpc-js-1.9.15.tgz#433d7ac19b1754af690ea650ab72190bd700739b"
  integrity sha512-nqE7Hc0AzI+euzUwDAy0aY5hCp10r734gMGRdU+qOPX0XSceI2ULrcXB5U2xSc5VkWwalCj4M7GzCAygZl2KoQ==
  dependencies:
    "@grpc/proto-loader" "^0.7.8"
    "@types/node" ">=12.12.47"

"@grpc/proto-loader@^0.7.8":
  version "0.7.13"
  resolved "https://registry.yarnpkg.com/@grpc/proto-loader/-/proto-loader-0.7.13.tgz#f6a44b2b7c9f7b609f5748c6eac2d420e37670cf"
  integrity sha512-AiXO/bfe9bmxBjxxtYxFAXGZvMaN5s8kO+jBHAJCON8rJoB5YS/D6X7ZNc6XQkuHNmyl4CYaMI1fJ/Gn27RGGw==
  dependencies:
    lodash.camelcase "^4.3.0"
    long "^5.0.0"
    protobufjs "^7.2.5"
    yargs "^17.7.2"

"@protobufjs/aspromise@^1.1.1", "@protobufjs/aspromise@^1.1.2":
  version "1.1.2"
  resolved "https://registry.yarnpkg.com/@protobufjs/aspromise/-/aspromise-1.1.2.tgz#9b8b0cc663d669a7d8f6f5d0893a14d348f30fbf"
  integrity sha512-j+gKExEuLmKwvz3OgROXtrJ2UG2x8Ch2YZUxahh+s1F2HZ+wAceUNLkvy6zKCPVRkU++ZWQrdxsUeQXmcg4uoQ==

"@protobufjs/base64@^1.1.2":
  version "1.1.2"
  resolved "https://registry.yarnpkg.com/@protobufjs/base64/-/base64-1.1.2.tgz#4c85730e59b9a1f1f349047dbf24296034bb2735"
  integrity sha512-AZkcAA5vnN/v4PDqKyMR5lx7hZttPDgClv83E//FMNhR2TMcLUhfRUBHCmSl0oi9zMgDDqRUJkSxO3wm85+XLg==

"@protobufjs/codegen@^2.0.4":
  version "2.0.4"
  resolved "https://registry.yarnpkg.com/@protobufjs/codegen/-/codegen-2.0.4.tgz#7ef37f0d010fb028ad1ad59722e506d9262815cb"
  integrity sha512-YyFaikqM5sH0ziFZCN3xDC7zeGaB/d0IUb9CATugHWbd1FRFwWwt4ld4OYMPWu5a3Xe01mGAULCdqhMlPl29Jg==

"@protobufjs/eventemitter@^1.1.0":
  version "1.1.0"
  resolved "https://registry.yarnpkg.com/@protobufjs/eventemitter/-/eventemitter-1.1.0.tgz#355cbc98bafad5978f9ed095f397621f1d066b70"
  integrity sha512-j9ednRT81vYJ9OfVuXG6ERSTdEL1xVsNgqpkxMsbIabzSo3goCjDIveeGv5d03om39ML71RdmrGNjG5SReBP/Q==

"@protobufjs/fetch@^1.1.0":
  version "1.1.0"
  resolved "https://registry.yarnpkg.com/@protobufjs/fetch/-/fetch-1.1.0.tgz#ba99fb598614af65700c1619ff06d454b0d84c45"
  integrity sha512-lljVXpqXebpsijW71PZaCYeIcE5on1w5DlQy5WH6GLbFryLUrBD4932W/E2BSpfRJWseIL4v/KPgBFxDOIdKpQ==
  dependencies:
    "@protobufjs/aspromise" "^1.1.1"
    "@protobufjs/inquire" "^1.1.0"

"@protobufjs/float@^1.0.2":
  version "1.0.2"
  resolved "https://registry.yarnpkg.com/@protobufjs/float/-/float-1.0.2.tgz#5e9e1abdcb73fc0a7cb8b291df78c8cbd97b87d1"
  integrity sha512-Ddb+kVXlXst9d+R9PfTIxh1EdNkgoRe5tOX6t01f1lYWOvJnSPDBlG241QLzcyPdoNTsblLUdujGSE4RzrTZGQ==

"@protobufjs/inquire@^1.1.0":
  version "1.1.0"
  resolved "https://registry.yarnpkg.com/@protobufjs/inquire/-/inquire-1.1.0.tgz#ff200e3e7cf2429e2dcafc1140828e8cc638f089"
  integrity sha512-kdSefcPdruJiFMVSbn801t4vFK7KB/5gd2fYvrxhuJYg8ILrmn9SKSX2tZdV6V+ksulWqS7aXjBcRXl3wHoD9Q==

"@protobufjs/path@^1.1.2":
  version "1.1.2"
  resolved "https://registry.yarnpkg.com/@protobufjs/path/-/path-1.1.2.tgz#6cc2b20c5c9ad6ad0dccfd21ca7673d8d7fbf68d"
  integrity sha512-6JOcJ5Tm08dOHAbdR3GrvP+yUUfkjG5ePsHYczMFLq3ZmMkAD98cDgcT2iA1lJ9NVwFd4tH/iSSoe44YWkltEA==

"@protobufjs/pool@^1.1.0":
  version "1.1.0"
  resolved "https://registry.yarnpkg.com/@protobufjs/pool/-/pool-1.1.0.tgz#09fd15f2d6d3abfa9b65bc366506d6ad7846ff54"
  integrity sha512-0kELaGSIDBKvcgS4zkjz1PeddatrjYcmMWOlAuAPwAeccUrPHdUqo/J6LiymHHEiJT5NrF1UVwxY14f+fy4WQw==

"@protobufjs/utf8@^1.1.0":
  version "1.1.0"
  resolved "https://registry.yarnpkg.com/@protobufjs/utf8/-/utf8-1.1.0.tgz#a777360b5b39a1a2e5106f8e858f2fd2d060c570"
  integrity sha512-Vvn3zZrhQZkkBE8LSuW3em98c0FwgO4nxzv6OdSxPKJIEKY2bGbHn+mhGIPerzI4twdxaP8/0+06HBpwf345Lw==

"@types/node@>=12.12.47", "@types/node@>=13.7.0":
  version "18.8.2"
  resolved "https://registry.yarnpkg.com/@types/node/-/node-18.8.2.tgz#17d42c6322d917764dd3d2d3a10d7884925de067"
  integrity sha512-cRMwIgdDN43GO4xMWAfJAecYn8wV4JbsOGHNfNUIDiuYkUYAR5ec4Rj7IO2SAhFPEfpPtLtUTbbny/TCT7aDwA==

ansi-regex@^5.0.1:
  version "5.0.1"
  resolved "https://registry.yarnpkg.com/ansi-regex/-/ansi-regex-5.0.1.tgz#082cb2c89c9fe8659a311a53bd6a4dc5301db304"
  integrity sha512-quJQXlTSUGL2LH9SUXo8VwsY4soanhgo6LNSm84E1LBcE8s3O0wpdiRzyR9z/ZZJMlMWv37qOOb9pdJlMUEKFQ==

ansi-styles@^4.0.0:
  version "4.3.0"
  resolved "https://registry.yarnpkg.com/ansi-styles/-/ansi-styles-4.3.0.tgz#edd803628ae71c04c85ae7a0906edad34b648937"
  integrity sha512-zbB9rCJAT1rbjiVDb2hqKFHNYLxgtk8NURxZ3IZwD3F6NtxbXZQCnnSi1Lkx+IDohdPlFp222wVALIheZJQSEg==
  dependencies:
    color-convert "^2.0.1"

cliui@^8.0.1:
  version "8.0.1"
  resolved "https://registry.yarnpkg.com/cliui/-/cliui-8.0.1.tgz#0c04b075db02cbfe60dc8e6cf2f5486b1a3608aa"
  integrity sha512-BSeNnyus75C4//NQ9gQt1/csTXyo/8Sb+afLAkzAptFuMsod9HFokGNudZpi/oQV73hnVK+sR+5PVRMd+Dr7YQ==
  dependencies:
    string-width "^4.2.0"
    strip-ansi "^6.0.1"
    wrap-ansi "^7.0.0"

color-convert@^2.0.1:
  version "2.0.1"
  resolved "https://registry.yarnpkg.com/color-convert/-/color-convert-2.0.1.tgz#72d3a68d598c9bdb3af2ad1e84f21d896abd4de3"
  integrity sha512-RRECPsj7iu/xb5oKYcsFHSppFNnsj/52OVTRKb4zP5onXwVF3zVmmToNcOfGC+CRDpfK/U584fMg38ZHCaElKQ==
  dependencies:
    color-name "~1.1.4"

color-name@~1.1.4:
  version "1.1.4"
  resolved "https://registry.yarnpkg.com/color-name/-/color-name-1.1.4.tgz#c2a09a87acbde69543de6f63fa3995c826c536a2"
  integrity sha512-dOy+3AuW3a2wNbZHIuMZpTcgjGuLU/uBL/ubcZF9OXbDo8ff4O8yVp5Bf0efS8uEoYo5q4Fx7dY9OgQGXgAsQA==

emoji-regex@^8.0.0:
  version "8.0.0"
  resolved "https://registry.yarnpkg.com/emoji-regex/-/emoji-regex-8.0.0.tgz#e818fd69ce5ccfcb404594f842963bf53164cc37"
  integrity sha512-MSjYzcWNOA0ewAHpz0MxpYFvwg6yjy1NG3xteoqz644VCo/RPgnr1/GGt+ic3iJTzQ8Eu3TdM14SawnVUmGE6A==

esbuild@^0.25.0:
  version "0.25.0"
  resolved "https://registry.yarnpkg.com/esbuild/-/esbuild-0.25.0.tgz#0de1787a77206c5a79eeb634a623d39b5006ce92"
  integrity sha512-BXq5mqc8ltbaN34cDqWuYKyNhX8D/Z0J1xdtdQ8UcIIIyJyz+ZMKUt58tF3SrZ85jcfN/PZYhjR5uDQAYNVbuw==
  optionalDependencies:
    "@esbuild/aix-ppc64" "0.25.0"
    "@esbuild/android-arm" "0.25.0"
    "@esbuild/android-arm64" "0.25.0"
    "@esbuild/android-x64" "0.25.0"
    "@esbuild/darwin-arm64" "0.25.0"
    "@esbuild/darwin-x64" "0.25.0"
    "@esbuild/freebsd-arm64" "0.25.0"
    "@esbuild/freebsd-x64" "0.25.0"
    "@esbuild/linux-arm" "0.25.0"
    "@esbuild/linux-arm64" "0.25.0"
    "@esbuild/linux-ia32" "0.25.0"
    "@esbuild/linux-loong64" "0.25.0"
    "@esbuild/linux-mips64el" "0.25.0"
    "@esbuild/linux-ppc64" "0.25.0"
    "@esbuild/linux-riscv64" "0.25.0"
    "@esbuild/linux-s390x" "0.25.0"
    "@esbuild/linux-x64" "0.25.0"
    "@esbuild/netbsd-arm64" "0.25.0"
    "@esbuild/netbsd-x64" "0.25.0"
    "@esbuild/openbsd-arm64" "0.25.0"
    "@esbuild/openbsd-x64" "0.25.0"
    "@esbuild/sunos-x64" "0.25.0"
    "@esbuild/win32-arm64" "0.25.0"
    "@esbuild/win32-ia32" "0.25.0"
    "@esbuild/win32-x64" "0.25.0"

escalade@^3.1.1:
  version "3.1.1"
  resolved "https://registry.yarnpkg.com/escalade/-/escalade-3.1.1.tgz#d8cfdc7000965c5a0174b4a82eaa5c0552742e40"
  integrity sha512-k0er2gUkLf8O0zKJiAhmkTnJlTvINGv7ygDNPbeIsX/TJjGJZHuh9B2UxbsaEkmlEo9MfhrSzmhIlhRlI2GXnw==

faye-websocket@0.11.4:
  version "0.11.4"
  resolved "https://registry.yarnpkg.com/faye-websocket/-/faye-websocket-0.11.4.tgz#7f0d9275cfdd86a1c963dc8b65fcc451edcbb1da"
  integrity sha512-CzbClwlXAuiRQAlUyfqPgvPoNKTckTPGfwZV4ZdAhVcP2lh9KUxJg2b5GkE7XbjKQ3YJnQ9z6D9ntLAlB+tP8g==
  dependencies:
    websocket-driver ">=0.5.1"

firebase@12:
  version "12.10.0"
  resolved "https://registry.npmjs.org/firebase/-/firebase-12.10.0.tgz#2c000e889e8b423ce37399b6a0497cadfba890fe"
  integrity sha512-tAjHnEirksqWpa+NKDUSUMjulOnsTcsPC1X1rQ+gwPtjlhJS572na91CwaBXQJHXharIrfj7sw/okDkXOsphjA==
  dependencies:
    "@firebase/ai" "2.9.0"
    "@firebase/analytics" "0.10.20"
    "@firebase/analytics-compat" "0.2.26"
    "@firebase/app" "0.14.9"
    "@firebase/app-check" "0.11.1"
    "@firebase/app-check-compat" "0.4.1"
    "@firebase/app-compat" "0.5.9"
    "@firebase/app-types" "0.9.3"
    "@firebase/auth" "1.12.1"
    "@firebase/auth-compat" "0.6.3"
    "@firebase/data-connect" "0.4.0"
    "@firebase/database" "1.1.1"
    "@firebase/database-compat" "2.1.1"
    "@firebase/firestore" "4.12.0"
    "@firebase/firestore-compat" "0.4.6"
    "@firebase/functions" "0.13.2"
    "@firebase/functions-compat" "0.4.2"
    "@firebase/installations" "0.6.20"
    "@firebase/installations-compat" "0.2.20"
    "@firebase/messaging" "0.12.24"
    "@firebase/messaging-compat" "0.2.24"
    "@firebase/performance" "0.7.10"
    "@firebase/performance-compat" "0.2.23"
    "@firebase/remote-config" "0.8.1"
    "@firebase/remote-config-compat" "0.2.22"
    "@firebase/storage" "0.14.1"
    "@firebase/storage-compat" "0.4.1"
    "@firebase/util" "1.14.0"

get-caller-file@^2.0.5:
  version "2.0.5"
  resolved "https://registry.yarnpkg.com/get-caller-file/-/get-caller-file-2.0.5.tgz#4f94412a82db32f36e3b0b9741f8a97feb031f7e"
  integrity sha512-DyFP3BM/3YHTQOCUL/w0OZHR0lpKeGrxotcHWcqNEdnltqFwXVfhEBQ94eIo34AfQpo0rGki4cyIiftY06h2Fg==

http-parser-js@>=0.5.1:
  version "0.5.8"
  resolved "https://registry.yarnpkg.com/http-parser-js/-/http-parser-js-0.5.8.tgz#af23090d9ac4e24573de6f6aecc9d84a48bf20e3"
  integrity sha512-SGeBX54F94Wgu5RH3X5jsDtf4eHyRogWX1XGT3b4HuW3tQPM4AaBzoUji/4AAJNXCEOWZ5O0DgZmJw1947gD5Q==

idb@7.1.1:
  version "7.1.1"
  resolved "https://registry.yarnpkg.com/idb/-/idb-7.1.1.tgz#d910ded866d32c7ced9befc5bfdf36f572ced72b"
  integrity sha512-gchesWBzyvGHRO9W8tzUWFDycow5gwjvFKfyV9FF32Y7F50yZMp7mP+T2mJIWFx49zicqyC4uefHM17o6xKIVQ==

is-fullwidth-code-point@^3.0.0:
  version "3.0.0"
  resolved "https://registry.yarnpkg.com/is-fullwidth-code-point/-/is-fullwidth-code-point-3.0.0.tgz#f116f8064fe90b3f7844a38997c0b75051269f1d"
  integrity sha512-zymm5+u+sCsSWyD9qNaejV3DFvhCKclKdizYaJUuHA83RLjb7nSuGnddCHGv0hk+KY7BMAlsWeK4Ueg6EV6XQg==

lodash.camelcase@^4.3.0:
  version "4.3.0"
  resolved "https://registry.yarnpkg.com/lodash.camelcase/-/lodash.camelcase-4.3.0.tgz#b28aa6288a2b9fc651035c7711f65ab6190331a6"
  integrity sha512-TwuEnCnxbc3rAvhf/LbG7tJUDzhqXyFnv3dtzLOPgCG/hODL7WFnsbwktkD7yUV0RrreP/l1PALq/YSg6VvjlA==

long@^5.0.0:
  version "5.2.0"
  resolved "https://registry.yarnpkg.com/long/-/long-5.2.0.tgz#2696dadf4b4da2ce3f6f6b89186085d94d52fd61"
  integrity sha512-9RTUNjK60eJbx3uz+TEGF7fUr29ZDxR5QzXcyDpeSfeH28S9ycINflOgOlppit5U+4kNTe83KQnMEerw7GmE8w==

protobufjs@^7.2.5:
  version "7.4.0"
  resolved "https://registry.yarnpkg.com/protobufjs/-/protobufjs-7.4.0.tgz#7efe324ce9b3b61c82aae5de810d287bc08a248a"
  integrity sha512-mRUWCc3KUU4w1jU8sGxICXH/gNS94DvI1gxqDvBzhj1JpcsimQkYiOJfwsPUykUI5ZaspFbSgmBLER8IrQ3tqw==
  dependencies:
    "@protobufjs/aspromise" "^1.1.2"
    "@protobufjs/base64" "^1.1.2"
    "@protobufjs/codegen" "^2.0.4"
    "@protobufjs/eventemitter" "^1.1.0"
    "@protobufjs/fetch" "^1.1.0"
    "@protobufjs/float" "^1.0.2"
    "@protobufjs/inquire" "^1.1.0"
    "@protobufjs/path" "^1.1.2"
    "@protobufjs/pool" "^1.1.0"
    "@protobufjs/utf8" "^1.1.0"
    "@types/node" ">=13.7.0"
    long "^5.0.0"

require-directory@^2.1.1:
  version "2.1.1"
  resolved "https://registry.yarnpkg.com/require-directory/-/require-directory-2.1.1.tgz#8c64ad5fd30dab1c976e2344ffe7f792a6a6df42"
  integrity sha512-fGxEI7+wsG9xrvdjsrlmL22OMTTiHRwAMroiEeMgq8gzoLC/PQr7RsRDSTLUg/bZAZtF+TVIkHc6/4RIKrui+Q==

safe-buffer@>=5.1.0:
  version "5.2.1"
  resolved "https://registry.yarnpkg.com/safe-buffer/-/safe-buffer-5.2.1.tgz#1eaf9fa9bdb1fdd4ec75f58f9cdb4e6b7827eec6"
  integrity sha512-rp3So07KcdmmKbGvgaNxQSJr7bGVSVk5S9Eq1F+ppbRo70+YeaDxkw5Dd8NPN+GD6bjnYm2VuPuCXmpuYvmCXQ==

string-width@^4.1.0, string-width@^4.2.0, string-width@^4.2.3:
  version "4.2.3"
  resolved "https://registry.yarnpkg.com/string-width/-/string-width-4.2.3.tgz#269c7117d27b05ad2e536830a8ec895ef9c6d010"
  integrity sha512-wKyQRQpjJ0sIp62ErSZdGsjMJWsap5oRNihHhu6G7JVO/9jIB6UyevL+tXuOqrng8j/cxKTWyWUwvSTriiZz/g==
  dependencies:
    emoji-regex "^8.0.0"
    is-fullwidth-code-point "^3.0.0"
    strip-ansi "^6.0.1"

strip-ansi@^6.0.0, strip-ansi@^6.0.1:
  version "6.0.1"
  resolved "https://registry.yarnpkg.com/strip-ansi/-/strip-ansi-6.0.1.tgz#9e26c63d30f53443e9489495b2105d37b67a85d9"
  integrity sha512-Y38VPSHcqkFrCpFnQ9vuSXmquuv5oXOKpGeT6aGrr3o3Gc9AlVa6JBfUSOCnbxGGZF+/0ooI7KrPuUSztUdU5A==
  dependencies:
    ansi-regex "^5.0.1"

tslib@^2.1.0:
  version "2.4.0"
  resolved "https://registry.yarnpkg.com/tslib/-/tslib-2.4.0.tgz#7cecaa7f073ce680a05847aa77be941098f36dc3"
  integrity sha512-d6xOpEDfsi2CZVlPQzGeux8XMwLT9hssAsaPYExaQMuYskwb+x1x7J371tWlbBdWHroy99KnVB6qIkUbs5X3UQ==

web-vitals@^4.2.4:
  version "4.2.4"
  resolved "https://registry.npmjs.org/web-vitals/-/web-vitals-4.2.4.tgz#1d20bc8590a37769bd0902b289550936069184b7"
  integrity sha512-r4DIlprAGwJ7YM11VZp4R884m0Vmgr6EAKe3P+kO0PPj3Unqyvv59rczf6UiGcb9Z8QxZVcqKNwv/g0WNdWwsw==

websocket-driver@>=0.5.1:
  version "0.7.4"
  resolved "https://registry.yarnpkg.com/websocket-driver/-/websocket-driver-0.7.4.tgz#89ad5295bbf64b480abcba31e4953aca706f5760"
  integrity sha512-b17KeDIQVjvb0ssuSDF2cYXSg2iztliJ4B9WdsuB6J952qCPKmnVq4DyW5motImXHDC1cBT/1UezrJVsKw5zjg==
  dependencies:
    http-parser-js ">=0.5.1"
    safe-buffer ">=5.1.0"
    websocket-extensions ">=0.1.1"

websocket-extensions@>=0.1.1:
  version "0.1.4"
  resolved "https://registry.yarnpkg.com/websocket-extensions/-/websocket-extensions-0.1.4.tgz#7f8473bc839dfd87608adb95d7eb075211578a42"
  integrity sha512-OqedPIGOfsDlo31UNwYbCFMSaO9m9G/0faIHj5/dZFDMFqPTcx6UwqyOy3COEaEOg/9VsGIpdqn62W5KhoKSpg==

wrap-ansi@^7.0.0:
  version "7.0.0"
  resolved "https://registry.yarnpkg.com/wrap-ansi/-/wrap-ansi-7.0.0.tgz#67e145cff510a6a6984bdf1152911d69d2eb9e43"
  integrity sha512-YVGIj2kamLSTxw6NsZjoBxfSwsn0ycdesmc4p+Q21c5zPuZ1pl+NfxVdxPtdHvmNVOQ6XSYG4AUtyt/Fi7D16Q==
  dependencies:
    ansi-styles "^4.0.0"
    string-width "^4.1.0"
    strip-ansi "^6.0.0"

y18n@^5.0.5:
  version "5.0.8"
  resolved "https://registry.yarnpkg.com/y18n/-/y18n-5.0.8.tgz#7f4934d0f7ca8c56f95314939ddcd2dd91ce1d55"
  integrity sha512-0pfFzegeDWJHJIAmTLRP2DwHjdF5s7jo9tuztdQxAhINCdvS+3nGINqPd00AphqJR/0LhANUS6/+7SCb98YOfA==

yargs-parser@^21.1.1:
  version "21.1.1"
  resolved "https://registry.yarnpkg.com/yargs-parser/-/yargs-parser-21.1.1.tgz#9096bceebf990d21bb31fa9516e0ede294a77d35"
  integrity sha512-tVpsJW7DdjecAiFpbIB1e3qxIQsE6NoPc5/eTdrbbIC4h0LVsWhnoa3g+m2HclBIujHzsxZ4VJVA+GUuc2/LBw==

yargs@^17.7.2:
  version "17.7.2"
  resolved "https://registry.yarnpkg.com/yargs/-/yargs-17.7.2.tgz#991df39aca675a192b816e1e0363f9d75d2aa269"
  integrity sha512-7dSzzRQ++CKnNI/krKnYRV7JKKPUXMEh61soaHKg9mrWEhzFWhFnxPxGl+69cD1Ou63C13NUPCnmIcrvqCuM6w==
  dependencies:
    cliui "^8.0.1"
    escalade "^3.1.1"
    get-caller-file "^2.0.5"
    require-directory "^2.1.1"
    string-width "^4.2.3"
    y18n "^5.0.5"
    yargs-parser "^21.1.1"
